
Microsoft Visual Studio Solution File, Format Version 12.00
# Visual Studio Version 16
VisualStudioVersion = 16.0.29009.5
MinimumVisualStudioVersion = 10.0.40219.1
Project("{6EC3EE1D-3C4E-46DD-8F32-0CC8E7565705}") = "exporter", "exporter.fsproj", "{F030EA8C-51EC-40D9-9C89-1D4017441C32}"
EndProject
Project("{FAE04EC0-301F-11D3-BF4B-00C04F79EFBC}") = "ImageReverser", "..\ImageReverser\ImageReverser.csproj", "{93BF6B5D-3B47-4611-8B83-ADD1B0132089}"
EndProject
Project("{6EC3EE1D-3C4E-46DD-8F32-0CC8E7565705}") = "Formats", "..\Formats\Formats.fsproj", "{E89F600A-6A95-48C0-A6C4-AFD1F23D865E}"
EndProject
Project("{8BC9CEB8-8B4A-11D0-8D11-00A0C91BC942}") = "XmiToMidi", "..\XmiToMidi\XmiToMidi.vcxproj", "{805EFBD8-AB8F-4B2D-8EED-33951B1FC021}"
EndProject
Global
	GlobalSection(SolutionConfigurationPlatforms) = preSolution
		Debug|Any CPU = Debug|Any CPU
		Debug|x64 = Debug|x64
		Debug|x86 = Debug|x86
		Release|Any CPU = Release|Any CPU
		Release|x64 = Release|x64
		Release|x86 = Release|x86
	EndGlobalSection
	GlobalSection(ProjectConfigurationPlatforms) = postSolution
		{F030EA8C-51EC-40D9-9C89-1D4017441C32}.Debug|Any CPU.ActiveCfg = Debug|Any CPU
		{F030EA8C-51EC-40D9-9C89-1D4017441C32}.Debug|Any CPU.Build.0 = Debug|Any CPU
		{F030EA8C-51EC-40D9-9C89-1D4017441C32}.Debug|x64.ActiveCfg = Debug|Any CPU
		{F030EA8C-51EC-40D9-9C89-1D4017441C32}.Debug|x64.Build.0 = Debug|Any CPU
		{F030EA8C-51EC-40D9-9C89-1D4017441C32}.Debug|x86.ActiveCfg = Debug|Any CPU
		{F030EA8C-51EC-40D9-9C89-1D4017441C32}.Debug|x86.Build.0 = Debug|Any CPU
		{F030EA8C-51EC-40D9-9C89-1D4017441C32}.Release|Any CPU.ActiveCfg = Release|Any CPU
		{F030EA8C-51EC-40D9-9C89-1D4017441C32}.Release|Any CPU.Build.0 = Release|Any CPU
		{F030EA8C-51EC-40D9-9C89-1D4017441C32}.Release|x64.ActiveCfg = Release|Any CPU
		{F030EA8C-51EC-40D9-9C89-1D4017441C32}.Release|x64.Build.0 = Release|Any CPU
		{F030EA8C-51EC-40D9-9C89-1D4017441C32}.Release|x86.ActiveCfg = Release|Any CPU
		{F030EA8C-51EC-40D9-9C89-1D4017441C32}.Release|x86.Build.0 = Release|Any CPU
		{93BF6B5D-3B47-4611-8B83-ADD1B0132089}.Debug|Any CPU.ActiveCfg = Debug|Any CPU
		{93BF6B5D-3B47-4611-8B83-ADD1B0132089}.Debug|Any CPU.Build.0 = Debug|Any CPU
		{93BF6B5D-3B47-4611-8B83-ADD1B0132089}.Debug|x64.ActiveCfg = Debug|Any CPU
		{93BF6B5D-3B47-4611-8B83-ADD1B0132089}.Debug|x64.Build.0 = Debug|Any CPU
		{93BF6B5D-3B47-4611-8B83-ADD1B0132089}.Debug|x86.ActiveCfg = Debug|Any CPU
		{93BF6B5D-3B47-4611-8B83-ADD1B0132089}.Debug|x86.Build.0 = Debug|Any CPU
		{93BF6B5D-3B47-4611-8B83-ADD1B0132089}.Release|Any CPU.ActiveCfg = Release|Any CPU
		{93BF6B5D-3B47-4611-8B83-ADD1B0132089}.Release|Any CPU.Build.0 = Release|Any CPU
		{93BF6B5D-3B47-4611-8B83-ADD1B0132089}.Release|x64.ActiveCfg = Release|Any CPU
		{93BF6B5D-3B47-4611-8B83-ADD1B0132089}.Release|x64.Build.0 = Release|Any CPU
		{93BF6B5D-3B47-4611-8B83-ADD1B0132089}.Release|x86.ActiveCfg = Release|Any CPU
		{93BF6B5D-3B47-4611-8B83-ADD1B0132089}.Release|x86.Build.0 = Release|Any CPU
		{E89F600A-6A95-48C0-A6C4-AFD1F23D865E}.Debug|Any CPU.ActiveCfg = Debug|Any CPU
		{E89F600A-6A95-48C0-A6C4-AFD1F23D865E}.Debug|Any CPU.Build.0 = Debug|Any CPU
		{E89F600A-6A95-48C0-A6C4-AFD1F23D865E}.Debug|x64.ActiveCfg = Debug|Any CPU
		{E89F600A-6A95-48C0-A6C4-AFD1F23D865E}.Debug|x64.Build.0 = Debug|Any CPU
		{E89F600A-6A95-48C0-A6C4-AFD1F23D865E}.Debug|x86.ActiveCfg = Debug|Any CPU
		{E89F600A-6A95-48C0-A6C4-AFD1F23D865E}.Debug|x86.Build.0 = Debug|Any CPU
		{E89F600A-6A95-48C0-A6C4-AFD1F23D865E}.Release|Any CPU.ActiveCfg = Release|Any CPU
		{E89F600A-6A95-48C0-A6C4-AFD1F23D865E}.Release|Any CPU.Build.0 = Release|Any CPU
		{E89F600A-6A95-48C0-A6C4-AFD1F23D865E}.Release|x64.ActiveCfg = Release|Any CPU
		{E89F600A-6A95-48C0-A6C4-AFD1F23D865E}.Release|x64.Build.0 = Release|Any CPU
		{E89F600A-6A95-48C0-A6C4-AFD1F23D865E}.Release|x86.ActiveCfg = Release|Any CPU
		{E89F600A-6A95-48C0-A6C4-AFD1F23D865E}.Release|x86.Build.0 = Release|Any CPU
		{805EFBD8-AB8F-4B2D-8EED-33951B1FC021}.Debug|Any CPU.ActiveCfg = Debug|Win32
		{805EFBD8-AB8F-4B2D-8EED-33951B1FC021}.Debug|Any CPU.Build.0 = Debug|Win32
		{805EFBD8-AB8F-4B2D-8EED-33951B1FC021}.Debug|x64.ActiveCfg = Debug|x64
		{805EFBD8-AB8F-4B2D-8EED-33951B1FC021}.Debug|x64.Build.0 = Debug|x64
		{805EFBD8-AB8F-4B2D-8EED-33951B1FC021}.Debug|x86.ActiveCfg = Debug|Win32
		{805EFBD8-AB8F-4B2D-8EED-33951B1FC021}.Debug|x86.Build.0 = Debug|Win32
		{805EFBD8-AB8F-4B2D-8EED-33951B1FC021}.Release|Any CPU.ActiveCfg = Release|Win32
		{805EFBD8-AB8F-4B2D-8EED-33951B1FC021}.Release|x64.ActiveCfg = Release|x64
		{805EFBD8-AB8F-4B2D-8EED-33951B1FC021}.Release|x64.Build.0 = Release|x64
		{805EFBD8-AB8F-4B2D-8EED-33951B1FC021}.Release|x86.ActiveCfg = Release|Win32
		{805EFBD8-AB8F-4B2D-8EED-33951B1FC021}.Release|x86.Build.0 = Release|Win32
	EndGlobalSection
	GlobalSection(SolutionProperties) = preSolution
		HideSolutionNode = FALSE
	EndGlobalSection
	GlobalSection(ExtensibilityGlobals) = postSolution
		SolutionGuid = {2759A62D-227A-4D68-B6B5-966B9141AA74}
	EndGlobalSection
EndGlobal
