
Microsoft Visual Studio Solution File, Format Version 12.00
# Visual Studio Version 16
VisualStudioVersion = 16.0.29009.5
MinimumVisualStudioVersion = 10.0.40219.1
Project("{2150E333-8FDC-42A3-9474-1A3956D46DE8}") = "Dependencies", "Dependencies", "{B2D034E4-684C-48C8-85C4-A74AFEDF9BEA}"
EndProject
Project("{9A19103F-16F7-4668-BE54-9A1E7A4F7556}") = "ADLMidi.NET", "deps\AdlMidi.NET\src\ADLMidi.NET.csproj", "{097660C0-D1D2-4AA3-801C-C7D0458FC44A}"
EndProject
Project("{9A19103F-16F7-4668-BE54-9A1E7A4F7556}") = "SerdesNet", "deps\SerdesNet\src\SerdesNet.csproj", "{88B45D1E-E323-4B3C-B6AF-7EFFB7AEA496}"
EndProject
Project("{9A19103F-16F7-4668-BE54-9A1E7A4F7556}") = "SerdesNet.Tests", "deps\SerdesNet\test\SerdesNet.Tests\SerdesNet.Tests.csproj", "{3C02E45C-ABD8-4B3A-B49E-70E3C3D70936}"
EndProject
Project("{2150E333-8FDC-42A3-9474-1A3956D46DE8}") = "Tests", "Tests", "{EC61DB68-353D-4825-B221-FADABA7ADFF3}"
EndProject
Project("{9A19103F-16F7-4668-BE54-9A1E7A4F7556}") = "UAlbion.Api.Tests", "src\Tests\UAlbion.Api.Tests\UAlbion.Api.Tests.csproj", "{480BEB1D-4045-411D-9AA1-3C20D29C5347}"
EndProject
Project("{9A19103F-16F7-4668-BE54-9A1E7A4F7556}") = "UAlbion.Benchmarks", "src\Tests\UAlbion.Benchmarks\UAlbion.Benchmarks.csproj", "{04CF6C1C-F6CD-441E-B70E-DACA79D95AC6}"
EndProject
Project("{9A19103F-16F7-4668-BE54-9A1E7A4F7556}") = "UAlbion.Core.Tests", "src\Tests\UAlbion.Core.Tests\UAlbion.Core.Tests.csproj", "{2C41FA26-ABB3-41CA-B4E9-4BF41D0742BC}"
EndProject
Project("{9A19103F-16F7-4668-BE54-9A1E7A4F7556}") = "UAlbion.Formats.Tests", "src\Tests\UAlbion.Formats.Tests\UAlbion.Formats.Tests.csproj", "{74E34718-8403-4DD1-A77B-7E95DE0EFCE2}"
EndProject
Project("{9A19103F-16F7-4668-BE54-9A1E7A4F7556}") = "UAlbion.Game.Tests", "src\Tests\UAlbion.Game.Tests\UAlbion.Game.Tests.csproj", "{DCC26137-4310-4346-BE93-67FCE778C210}"
EndProject
Project("{9A19103F-16F7-4668-BE54-9A1E7A4F7556}") = "UAlbion.TestCommon", "src\Tests\UAlbion.TestCommon\UAlbion.TestCommon.csproj", "{73195431-48D0-4951-96F9-46BD22A84AD0}"
EndProject
Project("{2150E333-8FDC-42A3-9474-1A3956D46DE8}") = "Tools", "Tools", "{149A8BC2-91D1-4249-9E1D-7B0054347832}"
EndProject
Project("{9A19103F-16F7-4668-BE54-9A1E7A4F7556}") = "DumpSave", "src\Tools\DumpSave\DumpSave.csproj", "{EE1EC7F8-2D85-49A4-9477-EED30D2B4FB8}"
EndProject
Project("{9A19103F-16F7-4668-BE54-9A1E7A4F7556}") = "ExportFlic", "src\Tools\ExportFlic\ExportFlic.csproj", "{BDB4E7D8-54E9-48B0-9980-574F96B49B51}"
EndProject
Project("{9A19103F-16F7-4668-BE54-9A1E7A4F7556}") = "UAlbion.CodeGenerator", "src\Tools\GenerateEnums\UAlbion.CodeGenerator.csproj", "{F1CAE7BE-2B7F-461B-94DC-2D216345EBB9}"
EndProject
Project("{FAE04EC0-301F-11D3-BF4B-00C04F79EFBC}") = "ImageReverser.Framework", "src\Tools\ImageReverser\ImageReverser.Framework.csproj", "{776382CD-4E23-4EF0-89D7-963E63507B5F}"
EndProject
Project("{6EC3EE1D-3C4E-46DD-8F32-0CC8E7565705}") = "UAlbion.Tools.Exporter", "src\Tools\Exporter\UAlbion.Tools.Exporter.fsproj", "{8611136B-B88E-498C-9F5B-5CF22EE48D32}"
EndProject
Project("{2150E333-8FDC-42A3-9474-1A3956D46DE8}") = "Veldrid", "Veldrid", "{DB6A1F1D-5617-4750-A609-506067B01336}"
EndProject
Project("{9A19103F-16F7-4668-BE54-9A1E7A4F7556}") = "Veldrid", "deps\veldrid\src\Veldrid\Veldrid.csproj", "{229A9BFA-B737-40B3-87FA-BACE20587C46}"
EndProject
Project("{9A19103F-16F7-4668-BE54-9A1E7A4F7556}") = "Veldrid.ImGui", "deps\veldrid\src\Veldrid.ImGui\Veldrid.ImGui.csproj", "{433026E0-3C04-490D-85C6-BCBFF4ABA75A}"
EndProject
Project("{9A19103F-16F7-4668-BE54-9A1E7A4F7556}") = "Veldrid.ImageSharp", "deps\veldrid\src\Veldrid.ImageSharp\Veldrid.ImageSharp.csproj", "{0E8DF225-AFF9-41E1-BE3F-CDDDCF0CE32E}"
EndProject
Project("{9A19103F-16F7-4668-BE54-9A1E7A4F7556}") = "Veldrid.MetalBindings", "deps\veldrid\src\Veldrid.MetalBindings\Veldrid.MetalBindings.csproj", "{ECE8BD8B-8CAC-4E94-9D8C-1A004AB659F4}"
EndProject
Project("{9A19103F-16F7-4668-BE54-9A1E7A4F7556}") = "Veldrid.OpenGLBindings", "deps\veldrid\src\Veldrid.OpenGLBindings\Veldrid.OpenGLBindings.csproj", "{E3615811-FD58-43C0-98F6-925C19595880}"
EndProject
Project("{9A19103F-16F7-4668-BE54-9A1E7A4F7556}") = "Veldrid.RenderDoc", "deps\veldrid\src\Veldrid.RenderDoc\Veldrid.RenderDoc.csproj", "{C1AA221E-83B2-42DB-9BD3-D221DF7D85DB}"
EndProject
Project("{9A19103F-16F7-4668-BE54-9A1E7A4F7556}") = "Veldrid.SDL2", "deps\veldrid\src\Veldrid.SDL2\Veldrid.SDL2.csproj", "{CBDF8BE3-7BBE-4931-96D7-74F192FA8B43}"
EndProject
Project("{9A19103F-16F7-4668-BE54-9A1E7A4F7556}") = "Veldrid.SPIRV", "deps\veldrid-spirv\src\Veldrid.SPIRV\Veldrid.SPIRV.csproj", "{8E4A3651-9264-4FD6-AA1C-E48AEF26EFCA}"
EndProject
Project("{9A19103F-16F7-4668-BE54-9A1E7A4F7556}") = "Veldrid.StartupUtilities", "deps\veldrid\src\Veldrid.StartupUtilities\Veldrid.StartupUtilities.csproj", "{FDCD4C59-2D82-43EF-B148-064AAEBA02D9}"
EndProject
Project("{9A19103F-16F7-4668-BE54-9A1E7A4F7556}") = "Veldrid.Utilities", "deps\veldrid\src\Veldrid.Utilities\Veldrid.Utilities.csproj", "{8F54D7C3-67CF-4058-BFB5-8FBCF327B355}"
EndProject
Project("{9A19103F-16F7-4668-BE54-9A1E7A4F7556}") = "UAlbion", "src\UAlbion\UAlbion.csproj", "{215725EE-7C55-49B6-97C1-88CDC163A8B0}"
EndProject
Project("{9A19103F-16F7-4668-BE54-9A1E7A4F7556}") = "UAlbion.Api", "src\Api\UAlbion.Api.csproj", "{20D41E69-C260-461F-A0B9-89920F133F60}"
EndProject
Project("{9A19103F-16F7-4668-BE54-9A1E7A4F7556}") = "UAlbion.Core", "src\Core\UAlbion.Core.csproj", "{4B3B467B-2E99-4836-B589-A69D272417F0}"
EndProject
Project("{9A19103F-16F7-4668-BE54-9A1E7A4F7556}") = "UAlbion.Core.Veldrid", "src\Core.Veldrid\UAlbion.Core.Veldrid.csproj", "{EF1027DF-951A-4544-8780-5D190EE3725E}"
EndProject
Project("{9A19103F-16F7-4668-BE54-9A1E7A4F7556}") = "UAlbion.Editor", "src\Editor\UAlbion.Editor.csproj", "{5EAFB2A6-635A-42BF-A0CE-794A430B20E3}"
EndProject
Project("{9A19103F-16F7-4668-BE54-9A1E7A4F7556}") = "UAlbion.Formats", "src\Formats\UAlbion.Formats.csproj", "{78B55A1C-1200-4C6E-A9D3-9C04D65F0AF9}"
EndProject
Project("{9A19103F-16F7-4668-BE54-9A1E7A4F7556}") = "UAlbion.Game", "src\Game\UAlbion.Game.csproj", "{CE0E2DB4-828A-45F4-9C41-20A7C5522DA0}"
EndProject
Project("{9A19103F-16F7-4668-BE54-9A1E7A4F7556}") = "UAlbion.Game.Veldrid", "src\Game.Veldrid\UAlbion.Game.Veldrid.csproj", "{8CAAAFFC-3BE8-468B-830D-24610F4F75A2}"
EndProject
Project("{2150E333-8FDC-42A3-9474-1A3956D46DE8}") = "Data", "Data", "{E4F7A1D2-3BB2-46C4-B8E5-4FD4CADB94CA}"
	ProjectSection(SolutionItems) = preProject
		data\config.json = data\config.json
		data\core.json = data\core.json
		data\game.json = data\game.json
		data\input.json = data\input.json
		data\settings.defaults.json = data\settings.defaults.json
	EndProjectSection
EndProject
Project("{2150E333-8FDC-42A3-9474-1A3956D46DE8}") = "Solution Items", "Solution Items", "{5B011D11-67A4-4DAC-BA1C-CD95C699A6B9}"
	ProjectSection(SolutionItems) = preProject
		.editorconfig = .editorconfig
		.gitignore = .gitignore
		build.bat = build.bat
		build.sh = build.sh
		get_dependencies.bat = get_dependencies.bat
		get_dependencies.sh = get_dependencies.sh
		LICENSE = LICENSE
		publish.bat = publish.bat
		README.md = README.md
		run.bat = run.bat
		run.sh = run.sh
	EndProjectSection
EndProject
Project("{9A19103F-16F7-4668-BE54-9A1E7A4F7556}") = "UAlbion.Base", "src\Base\UAlbion.Base.csproj", "{86A29314-DA10-4D0D-B727-D715CD205862}"
EndProject
Project("{9A19103F-16F7-4668-BE54-9A1E7A4F7556}") = "UAlbion.Config", "src\Config\UAlbion.Config.csproj", "{9AD96F20-81BA-465F-925A-89544C64ADF8}"
EndProject
Project("{2150E333-8FDC-42A3-9474-1A3956D46DE8}") = "Base", "Base", "{DAC01E7B-9B98-4DB3-AC5B-9D093785B17E}"
	ProjectSection(SolutionItems) = preProject
		mods\Base\assets.json = mods\Base\assets.json
		mods\Base\modinfo.json = mods\Base\modinfo.json
	EndProjectSection
EndProject
Project("{2150E333-8FDC-42A3-9474-1A3956D46DE8}") = "English", "English", "{913D6C98-B30D-4DBA-B5FB-F35A52725C43}"
	ProjectSection(SolutionItems) = preProject
		mods\Base\English\strings.json = mods\Base\English\strings.json
	EndProjectSection
EndProject
Project("{2150E333-8FDC-42A3-9474-1A3956D46DE8}") = "French", "French", "{14B52D81-C751-45B6-AD71-873FB26C80F7}"
	ProjectSection(SolutionItems) = preProject
		mods\Base\French\strings.json = mods\Base\French\strings.json
	EndProjectSection
EndProject
Project("{2150E333-8FDC-42A3-9474-1A3956D46DE8}") = "German", "German", "{2735FEDB-7AFC-442A-ADDE-2B88B0A6E078}"
	ProjectSection(SolutionItems) = preProject
		mods\Base\German\strings.json = mods\Base\German\strings.json
	EndProjectSection
EndProject
Project("{9A19103F-16F7-4668-BE54-9A1E7A4F7556}") = "PaletteBuilder", "src\Tools\PaletteBuilder\PaletteBuilder.csproj", "{E770E959-7E1E-4395-B6E9-CFC03EFBC7E8}"
EndProject
Project("{9A19103F-16F7-4668-BE54-9A1E7A4F7556}") = "UAlbion.Config.Tests", "src\Tests\UAlbion.Config.Tests\UAlbion.Config.Tests.csproj", "{BDDB3782-96AE-4D83-8F67-680DD55BC2E4}"
EndProject
Project("{9A19103F-16F7-4668-BE54-9A1E7A4F7556}") = "UAlbion.Base.Tests", "src\Tests\UAlbion.Base.Tests\UAlbion.Base.Tests.csproj", "{8F548F05-E3CF-4929-B341-C2AC179612F7}"
EndProject
Project("{2150E333-8FDC-42A3-9474-1A3956D46DE8}") = "Unpacked", "Unpacked", "{DC1CBF5C-D2A8-4617-B6B0-F91A91216B7C}"
	ProjectSection(SolutionItems) = preProject
		mods\Unpacked\assets.json = mods\Unpacked\assets.json
		mods\Unpacked\modinfo.json = mods\Unpacked\modinfo.json
	EndProjectSection
EndProject
Project("{2150E333-8FDC-42A3-9474-1A3956D46DE8}") = "Repacked", "Repacked", "{8BC04F87-80BC-42D4-8BA3-25913BA6C13A}"
	ProjectSection(SolutionItems) = preProject
		mods\Repacked\assets.json = mods\Repacked\assets.json
		mods\Repacked\modinfo.json = mods\Repacked\modinfo.json
	EndProjectSection
EndProject
Project("{2150E333-8FDC-42A3-9474-1A3956D46DE8}") = "Meta", "Meta", "{A4FBE98A-3624-44A9-8DAB-1B3D58B10F70}"
	ProjectSection(SolutionItems) = preProject
		mods\Base\Meta\3DFLOOR0.json = mods\Base\Meta\3DFLOOR0.json
		mods\Base\Meta\3DFLOOR1.json = mods\Base\Meta\3DFLOOR1.json
		mods\Base\Meta\3DFLOOR2.json = mods\Base\Meta\3DFLOOR2.json
		mods\Base\Meta\3DOBJEC0.json = mods\Base\Meta\3DOBJEC0.json
		mods\Base\Meta\3DOBJEC1.json = mods\Base\Meta\3DOBJEC1.json
		mods\Base\Meta\3DOBJEC2.json = mods\Base\Meta\3DOBJEC2.json
		mods\Base\Meta\3DOBJEC3.json = mods\Base\Meta\3DOBJEC3.json
		mods\Base\Meta\3DOVERL0.json = mods\Base\Meta\3DOVERL0.json
		mods\Base\Meta\3DOVERL1.json = mods\Base\Meta\3DOVERL1.json
		mods\Base\Meta\3DOVERL2.json = mods\Base\Meta\3DOVERL2.json
		mods\Base\Meta\3DWALLS0.json = mods\Base\Meta\3DWALLS0.json
		mods\Base\Meta\3DWALLS1.json = mods\Base\Meta\3DWALLS1.json
		mods\Base\Meta\COMBACK0.json = mods\Base\Meta\COMBACK0.json
		mods\Base\Meta\LABDATA0.json = mods\Base\Meta\LABDATA0.json
		mods\Base\Meta\LABDATA1.json = mods\Base\Meta\LABDATA1.json
		mods\Base\Meta\LABDATA2.json = mods\Base\Meta\LABDATA2.json
		mods\Base\Meta\MainExeEN_DE.json = mods\Base\Meta\MainExeEN_DE.json
		mods\Base\Meta\MainExeFR.json = mods\Base\Meta\MainExeFR.json
		mods\Base\Meta\MONGFX0.json = mods\Base\Meta\MONGFX0.json
		mods\Base\Meta\NPCGR0.json = mods\Base\Meta\NPCGR0.json
		mods\Base\Meta\NPCGR1.json = mods\Base\Meta\NPCGR1.json
	EndProjectSection
EndProject
Project("{2150E333-8FDC-42A3-9474-1A3956D46DE8}") = "Shaders", "Shaders", "{45789AD1-F501-469F-B410-D71AE73EE3EC}"
	ProjectSection(SolutionItems) = preProject
		mods\Shaders\Shaders\CommonResources.glsl = mods\Shaders\Shaders\CommonResources.glsl
		mods\Shaders\Shaders\CylindricalSpriteSF.frag = mods\Shaders\Shaders\CylindricalSpriteSF.frag
		mods\Shaders\Shaders\CylindricalSpriteSV.vert = mods\Shaders\Shaders\CylindricalSpriteSV.vert
		mods\Shaders\Shaders\ExtrudedTileMapSF.frag = mods\Shaders\Shaders\ExtrudedTileMapSF.frag
		mods\Shaders\Shaders\ExtrudedTileMapSF.h.frag = mods\Shaders\Shaders\ExtrudedTileMapSF.h.frag
		mods\Shaders\Shaders\ExtrudedTileMapSV.h.vert = mods\Shaders\Shaders\ExtrudedTileMapSV.h.vert
		mods\Shaders\Shaders\ExtrudedTileMapSV.vert = mods\Shaders\Shaders\ExtrudedTileMapSV.vert
		mods\Shaders\Shaders\FullscreenQuadSF.frag = mods\Shaders\Shaders\FullscreenQuadSF.frag
		mods\Shaders\Shaders\FullscreenQuadSF.h.frag = mods\Shaders\Shaders\FullscreenQuadSF.h.frag
		mods\Shaders\Shaders\FullscreenQuadSV.h.vert = mods\Shaders\Shaders\FullscreenQuadSV.h.vert
		mods\Shaders\Shaders\FullscreenQuadSV.vert = mods\Shaders\Shaders\FullscreenQuadSV.vert
		mods\Shaders\Shaders\InfoOverlaySF.frag = mods\Shaders\Shaders\InfoOverlaySF.frag
		mods\Shaders\Shaders\InfoOverlaySV.vert = mods\Shaders\Shaders\InfoOverlaySV.vert
		mods\Shaders\modinfo.json = mods\Shaders\modinfo.json
		mods\Shaders\Shaders\SkyBoxSF.frag = mods\Shaders\Shaders\SkyBoxSF.frag
		mods\Shaders\Shaders\SkyBoxSF.h.frag = mods\Shaders\Shaders\SkyBoxSF.h.frag
		mods\Shaders\Shaders\SkyBoxSV.h.vert = mods\Shaders\Shaders\SkyBoxSV.h.vert
		mods\Shaders\Shaders\SkyBoxSV.vert = mods\Shaders\Shaders\SkyBoxSV.vert
		mods\Shaders\Shaders\SpriteSF.frag = mods\Shaders\Shaders\SpriteSF.frag
		mods\Shaders\Shaders\SpriteSF.h.frag = mods\Shaders\Shaders\SpriteSF.h.frag
		mods\Shaders\Shaders\SpriteSV.h.vert = mods\Shaders\Shaders\SpriteSV.h.vert
		mods\Shaders\Shaders\SpriteSV.vert = mods\Shaders\Shaders\SpriteSV.vert
	EndProjectSection
EndProject
Project("{2150E333-8FDC-42A3-9474-1A3956D46DE8}") = "VeldridGen", "VeldridGen", "{FF5E7ED0-5D21-4C77-884B-5CCBC063D2F7}"
EndProject
Project("{9A19103F-16F7-4668-BE54-9A1E7A4F7556}") = "VeldridGen", "deps\VeldridGen\VeldridGen\VeldridGen.csproj", "{840FFBFA-A9A9-4EC9-9FDE-4506888C24CA}"
EndProject
Project("{9A19103F-16F7-4668-BE54-9A1E7A4F7556}") = "VeldridGen.Interfaces", "deps\VeldridGen\VeldridGen.Interfaces\VeldridGen.Interfaces.csproj", "{D5585B99-526A-4348-B58B-B5FD38F0A141}"
EndProject
Project("{9A19103F-16F7-4668-BE54-9A1E7A4F7556}") = "VeldridGen.Tests", "deps\VeldridGen\VeldridGen.Tests\VeldridGen.Tests.csproj", "{13BB3E3F-C4B2-4F76-ACE8-0D910A6CCA69}"
EndProject
Project("{9A19103F-16F7-4668-BE54-9A1E7A4F7556}") = "UAlbion.ShaderWriter", "src\Tools\ShaderWriter\UAlbion.ShaderWriter.csproj", "{844F634D-F7ED-44AA-A1F8-021144F429D1}"
EndProject
Project("{9A19103F-16F7-4668-BE54-9A1E7A4F7556}") = "UAlbion.CodeGen.Veldrid", "src\CodeGen.Veldrid\UAlbion.CodeGen.Veldrid.csproj", "{C9418659-7F4B-40DF-BA8C-48E61E823A76}"
EndProject
Project("{9A19103F-16F7-4668-BE54-9A1E7A4F7556}") = "ReinerRainer", "mods\ReinerRainer\src\ReinerRainer.csproj", "{84A23175-3D90-4C39-B325-9E679F463605}"
EndProject
Global
	GlobalSection(SolutionConfigurationPlatforms) = preSolution
		Debug|Any CPU = Debug|Any CPU
		Debug|x64 = Debug|x64
		Debug|x86 = Debug|x86
		Release|Any CPU = Release|Any CPU
		Release|x64 = Release|x64
		Release|x86 = Release|x86
	EndGlobalSection
	GlobalSection(ProjectConfigurationPlatforms) = postSolution
		{097660C0-D1D2-4AA3-801C-C7D0458FC44A}.Debug|Any CPU.ActiveCfg = Debug|Any CPU
		{097660C0-D1D2-4AA3-801C-C7D0458FC44A}.Debug|Any CPU.Build.0 = Debug|Any CPU
		{097660C0-D1D2-4AA3-801C-C7D0458FC44A}.Debug|x64.ActiveCfg = Debug|Any CPU
		{097660C0-D1D2-4AA3-801C-C7D0458FC44A}.Debug|x64.Build.0 = Debug|Any CPU
		{097660C0-D1D2-4AA3-801C-C7D0458FC44A}.Debug|x86.ActiveCfg = Debug|Any CPU
		{097660C0-D1D2-4AA3-801C-C7D0458FC44A}.Debug|x86.Build.0 = Debug|Any CPU
		{097660C0-D1D2-4AA3-801C-C7D0458FC44A}.Release|Any CPU.ActiveCfg = Release|Any CPU
		{097660C0-D1D2-4AA3-801C-C7D0458FC44A}.Release|Any CPU.Build.0 = Release|Any CPU
		{097660C0-D1D2-4AA3-801C-C7D0458FC44A}.Release|x64.ActiveCfg = Release|Any CPU
		{097660C0-D1D2-4AA3-801C-C7D0458FC44A}.Release|x64.Build.0 = Release|Any CPU
		{097660C0-D1D2-4AA3-801C-C7D0458FC44A}.Release|x86.ActiveCfg = Release|Any CPU
		{097660C0-D1D2-4AA3-801C-C7D0458FC44A}.Release|x86.Build.0 = Release|Any CPU
		{88B45D1E-E323-4B3C-B6AF-7EFFB7AEA496}.Debug|Any CPU.ActiveCfg = Debug|Any CPU
		{88B45D1E-E323-4B3C-B6AF-7EFFB7AEA496}.Debug|Any CPU.Build.0 = Debug|Any CPU
		{88B45D1E-E323-4B3C-B6AF-7EFFB7AEA496}.Debug|x64.ActiveCfg = Debug|Any CPU
		{88B45D1E-E323-4B3C-B6AF-7EFFB7AEA496}.Debug|x64.Build.0 = Debug|Any CPU
		{88B45D1E-E323-4B3C-B6AF-7EFFB7AEA496}.Debug|x86.ActiveCfg = Debug|Any CPU
		{88B45D1E-E323-4B3C-B6AF-7EFFB7AEA496}.Debug|x86.Build.0 = Debug|Any CPU
		{88B45D1E-E323-4B3C-B6AF-7EFFB7AEA496}.Release|Any CPU.ActiveCfg = Release|Any CPU
		{88B45D1E-E323-4B3C-B6AF-7EFFB7AEA496}.Release|Any CPU.Build.0 = Release|Any CPU
		{88B45D1E-E323-4B3C-B6AF-7EFFB7AEA496}.Release|x64.ActiveCfg = Release|Any CPU
		{88B45D1E-E323-4B3C-B6AF-7EFFB7AEA496}.Release|x64.Build.0 = Release|Any CPU
		{88B45D1E-E323-4B3C-B6AF-7EFFB7AEA496}.Release|x86.ActiveCfg = Release|Any CPU
		{88B45D1E-E323-4B3C-B6AF-7EFFB7AEA496}.Release|x86.Build.0 = Release|Any CPU
		{3C02E45C-ABD8-4B3A-B49E-70E3C3D70936}.Debug|Any CPU.ActiveCfg = Debug|Any CPU
		{3C02E45C-ABD8-4B3A-B49E-70E3C3D70936}.Debug|Any CPU.Build.0 = Debug|Any CPU
		{3C02E45C-ABD8-4B3A-B49E-70E3C3D70936}.Debug|x64.ActiveCfg = Debug|Any CPU
		{3C02E45C-ABD8-4B3A-B49E-70E3C3D70936}.Debug|x64.Build.0 = Debug|Any CPU
		{3C02E45C-ABD8-4B3A-B49E-70E3C3D70936}.Debug|x86.ActiveCfg = Debug|Any CPU
		{3C02E45C-ABD8-4B3A-B49E-70E3C3D70936}.Debug|x86.Build.0 = Debug|Any CPU
		{3C02E45C-ABD8-4B3A-B49E-70E3C3D70936}.Release|Any CPU.ActiveCfg = Release|Any CPU
		{3C02E45C-ABD8-4B3A-B49E-70E3C3D70936}.Release|Any CPU.Build.0 = Release|Any CPU
		{3C02E45C-ABD8-4B3A-B49E-70E3C3D70936}.Release|x64.ActiveCfg = Release|Any CPU
		{3C02E45C-ABD8-4B3A-B49E-70E3C3D70936}.Release|x64.Build.0 = Release|Any CPU
		{3C02E45C-ABD8-4B3A-B49E-70E3C3D70936}.Release|x86.ActiveCfg = Release|Any CPU
		{3C02E45C-ABD8-4B3A-B49E-70E3C3D70936}.Release|x86.Build.0 = Release|Any CPU
		{480BEB1D-4045-411D-9AA1-3C20D29C5347}.Debug|Any CPU.ActiveCfg = Debug|Any CPU
		{480BEB1D-4045-411D-9AA1-3C20D29C5347}.Debug|Any CPU.Build.0 = Debug|Any CPU
		{480BEB1D-4045-411D-9AA1-3C20D29C5347}.Debug|x64.ActiveCfg = Debug|Any CPU
		{480BEB1D-4045-411D-9AA1-3C20D29C5347}.Debug|x64.Build.0 = Debug|Any CPU
		{480BEB1D-4045-411D-9AA1-3C20D29C5347}.Debug|x86.ActiveCfg = Debug|Any CPU
		{480BEB1D-4045-411D-9AA1-3C20D29C5347}.Debug|x86.Build.0 = Debug|Any CPU
		{480BEB1D-4045-411D-9AA1-3C20D29C5347}.Release|Any CPU.ActiveCfg = Release|Any CPU
		{480BEB1D-4045-411D-9AA1-3C20D29C5347}.Release|Any CPU.Build.0 = Release|Any CPU
		{480BEB1D-4045-411D-9AA1-3C20D29C5347}.Release|x64.ActiveCfg = Release|Any CPU
		{480BEB1D-4045-411D-9AA1-3C20D29C5347}.Release|x64.Build.0 = Release|Any CPU
		{480BEB1D-4045-411D-9AA1-3C20D29C5347}.Release|x86.ActiveCfg = Release|Any CPU
		{480BEB1D-4045-411D-9AA1-3C20D29C5347}.Release|x86.Build.0 = Release|Any CPU
		{04CF6C1C-F6CD-441E-B70E-DACA79D95AC6}.Debug|Any CPU.ActiveCfg = Debug|Any CPU
		{04CF6C1C-F6CD-441E-B70E-DACA79D95AC6}.Debug|Any CPU.Build.0 = Debug|Any CPU
		{04CF6C1C-F6CD-441E-B70E-DACA79D95AC6}.Debug|x64.ActiveCfg = Debug|Any CPU
		{04CF6C1C-F6CD-441E-B70E-DACA79D95AC6}.Debug|x64.Build.0 = Debug|Any CPU
		{04CF6C1C-F6CD-441E-B70E-DACA79D95AC6}.Debug|x86.ActiveCfg = Debug|Any CPU
		{04CF6C1C-F6CD-441E-B70E-DACA79D95AC6}.Debug|x86.Build.0 = Debug|Any CPU
		{04CF6C1C-F6CD-441E-B70E-DACA79D95AC6}.Release|Any CPU.ActiveCfg = Release|Any CPU
		{04CF6C1C-F6CD-441E-B70E-DACA79D95AC6}.Release|Any CPU.Build.0 = Release|Any CPU
		{04CF6C1C-F6CD-441E-B70E-DACA79D95AC6}.Release|x64.ActiveCfg = Release|Any CPU
		{04CF6C1C-F6CD-441E-B70E-DACA79D95AC6}.Release|x64.Build.0 = Release|Any CPU
		{04CF6C1C-F6CD-441E-B70E-DACA79D95AC6}.Release|x86.ActiveCfg = Release|Any CPU
		{04CF6C1C-F6CD-441E-B70E-DACA79D95AC6}.Release|x86.Build.0 = Release|Any CPU
		{2C41FA26-ABB3-41CA-B4E9-4BF41D0742BC}.Debug|Any CPU.ActiveCfg = Debug|Any CPU
		{2C41FA26-ABB3-41CA-B4E9-4BF41D0742BC}.Debug|Any CPU.Build.0 = Debug|Any CPU
		{2C41FA26-ABB3-41CA-B4E9-4BF41D0742BC}.Debug|x64.ActiveCfg = Debug|Any CPU
		{2C41FA26-ABB3-41CA-B4E9-4BF41D0742BC}.Debug|x64.Build.0 = Debug|Any CPU
		{2C41FA26-ABB3-41CA-B4E9-4BF41D0742BC}.Debug|x86.ActiveCfg = Debug|Any CPU
		{2C41FA26-ABB3-41CA-B4E9-4BF41D0742BC}.Debug|x86.Build.0 = Debug|Any CPU
		{2C41FA26-ABB3-41CA-B4E9-4BF41D0742BC}.Release|Any CPU.ActiveCfg = Release|Any CPU
		{2C41FA26-ABB3-41CA-B4E9-4BF41D0742BC}.Release|Any CPU.Build.0 = Release|Any CPU
		{2C41FA26-ABB3-41CA-B4E9-4BF41D0742BC}.Release|x64.ActiveCfg = Release|Any CPU
		{2C41FA26-ABB3-41CA-B4E9-4BF41D0742BC}.Release|x64.Build.0 = Release|Any CPU
		{2C41FA26-ABB3-41CA-B4E9-4BF41D0742BC}.Release|x86.ActiveCfg = Release|Any CPU
		{2C41FA26-ABB3-41CA-B4E9-4BF41D0742BC}.Release|x86.Build.0 = Release|Any CPU
		{74E34718-8403-4DD1-A77B-7E95DE0EFCE2}.Debug|Any CPU.ActiveCfg = Debug|Any CPU
		{74E34718-8403-4DD1-A77B-7E95DE0EFCE2}.Debug|Any CPU.Build.0 = Debug|Any CPU
		{74E34718-8403-4DD1-A77B-7E95DE0EFCE2}.Debug|x64.ActiveCfg = Debug|Any CPU
		{74E34718-8403-4DD1-A77B-7E95DE0EFCE2}.Debug|x64.Build.0 = Debug|Any CPU
		{74E34718-8403-4DD1-A77B-7E95DE0EFCE2}.Debug|x86.ActiveCfg = Debug|Any CPU
		{74E34718-8403-4DD1-A77B-7E95DE0EFCE2}.Debug|x86.Build.0 = Debug|Any CPU
		{74E34718-8403-4DD1-A77B-7E95DE0EFCE2}.Release|Any CPU.ActiveCfg = Release|Any CPU
		{74E34718-8403-4DD1-A77B-7E95DE0EFCE2}.Release|Any CPU.Build.0 = Release|Any CPU
		{74E34718-8403-4DD1-A77B-7E95DE0EFCE2}.Release|x64.ActiveCfg = Release|Any CPU
		{74E34718-8403-4DD1-A77B-7E95DE0EFCE2}.Release|x64.Build.0 = Release|Any CPU
		{74E34718-8403-4DD1-A77B-7E95DE0EFCE2}.Release|x86.ActiveCfg = Release|Any CPU
		{74E34718-8403-4DD1-A77B-7E95DE0EFCE2}.Release|x86.Build.0 = Release|Any CPU
		{DCC26137-4310-4346-BE93-67FCE778C210}.Debug|Any CPU.ActiveCfg = Debug|Any CPU
		{DCC26137-4310-4346-BE93-67FCE778C210}.Debug|Any CPU.Build.0 = Debug|Any CPU
		{DCC26137-4310-4346-BE93-67FCE778C210}.Debug|x64.ActiveCfg = Debug|Any CPU
		{DCC26137-4310-4346-BE93-67FCE778C210}.Debug|x64.Build.0 = Debug|Any CPU
		{DCC26137-4310-4346-BE93-67FCE778C210}.Debug|x86.ActiveCfg = Debug|Any CPU
		{DCC26137-4310-4346-BE93-67FCE778C210}.Debug|x86.Build.0 = Debug|Any CPU
		{DCC26137-4310-4346-BE93-67FCE778C210}.Release|Any CPU.ActiveCfg = Release|Any CPU
		{DCC26137-4310-4346-BE93-67FCE778C210}.Release|Any CPU.Build.0 = Release|Any CPU
		{DCC26137-4310-4346-BE93-67FCE778C210}.Release|x64.ActiveCfg = Release|Any CPU
		{DCC26137-4310-4346-BE93-67FCE778C210}.Release|x64.Build.0 = Release|Any CPU
		{DCC26137-4310-4346-BE93-67FCE778C210}.Release|x86.ActiveCfg = Release|Any CPU
		{DCC26137-4310-4346-BE93-67FCE778C210}.Release|x86.Build.0 = Release|Any CPU
		{73195431-48D0-4951-96F9-46BD22A84AD0}.Debug|Any CPU.ActiveCfg = Debug|Any CPU
		{73195431-48D0-4951-96F9-46BD22A84AD0}.Debug|Any CPU.Build.0 = Debug|Any CPU
		{73195431-48D0-4951-96F9-46BD22A84AD0}.Debug|x64.ActiveCfg = Debug|Any CPU
		{73195431-48D0-4951-96F9-46BD22A84AD0}.Debug|x64.Build.0 = Debug|Any CPU
		{73195431-48D0-4951-96F9-46BD22A84AD0}.Debug|x86.ActiveCfg = Debug|Any CPU
		{73195431-48D0-4951-96F9-46BD22A84AD0}.Debug|x86.Build.0 = Debug|Any CPU
		{73195431-48D0-4951-96F9-46BD22A84AD0}.Release|Any CPU.ActiveCfg = Release|Any CPU
		{73195431-48D0-4951-96F9-46BD22A84AD0}.Release|Any CPU.Build.0 = Release|Any CPU
		{73195431-48D0-4951-96F9-46BD22A84AD0}.Release|x64.ActiveCfg = Release|Any CPU
		{73195431-48D0-4951-96F9-46BD22A84AD0}.Release|x64.Build.0 = Release|Any CPU
		{73195431-48D0-4951-96F9-46BD22A84AD0}.Release|x86.ActiveCfg = Release|Any CPU
		{73195431-48D0-4951-96F9-46BD22A84AD0}.Release|x86.Build.0 = Release|Any CPU
		{EE1EC7F8-2D85-49A4-9477-EED30D2B4FB8}.Debug|Any CPU.ActiveCfg = Debug|Any CPU
		{EE1EC7F8-2D85-49A4-9477-EED30D2B4FB8}.Debug|Any CPU.Build.0 = Debug|Any CPU
		{EE1EC7F8-2D85-49A4-9477-EED30D2B4FB8}.Debug|x64.ActiveCfg = Debug|Any CPU
		{EE1EC7F8-2D85-49A4-9477-EED30D2B4FB8}.Debug|x64.Build.0 = Debug|Any CPU
		{EE1EC7F8-2D85-49A4-9477-EED30D2B4FB8}.Debug|x86.ActiveCfg = Debug|Any CPU
		{EE1EC7F8-2D85-49A4-9477-EED30D2B4FB8}.Debug|x86.Build.0 = Debug|Any CPU
		{EE1EC7F8-2D85-49A4-9477-EED30D2B4FB8}.Release|Any CPU.ActiveCfg = Release|Any CPU
		{EE1EC7F8-2D85-49A4-9477-EED30D2B4FB8}.Release|Any CPU.Build.0 = Release|Any CPU
		{EE1EC7F8-2D85-49A4-9477-EED30D2B4FB8}.Release|x64.ActiveCfg = Release|Any CPU
		{EE1EC7F8-2D85-49A4-9477-EED30D2B4FB8}.Release|x64.Build.0 = Release|Any CPU
		{EE1EC7F8-2D85-49A4-9477-EED30D2B4FB8}.Release|x86.ActiveCfg = Release|Any CPU
		{EE1EC7F8-2D85-49A4-9477-EED30D2B4FB8}.Release|x86.Build.0 = Release|Any CPU
		{BDB4E7D8-54E9-48B0-9980-574F96B49B51}.Debug|Any CPU.ActiveCfg = Debug|Any CPU
		{BDB4E7D8-54E9-48B0-9980-574F96B49B51}.Debug|Any CPU.Build.0 = Debug|Any CPU
		{BDB4E7D8-54E9-48B0-9980-574F96B49B51}.Debug|x64.ActiveCfg = Debug|Any CPU
		{BDB4E7D8-54E9-48B0-9980-574F96B49B51}.Debug|x64.Build.0 = Debug|Any CPU
		{BDB4E7D8-54E9-48B0-9980-574F96B49B51}.Debug|x86.ActiveCfg = Debug|Any CPU
		{BDB4E7D8-54E9-48B0-9980-574F96B49B51}.Debug|x86.Build.0 = Debug|Any CPU
		{BDB4E7D8-54E9-48B0-9980-574F96B49B51}.Release|Any CPU.ActiveCfg = Release|Any CPU
		{BDB4E7D8-54E9-48B0-9980-574F96B49B51}.Release|Any CPU.Build.0 = Release|Any CPU
		{BDB4E7D8-54E9-48B0-9980-574F96B49B51}.Release|x64.ActiveCfg = Release|Any CPU
		{BDB4E7D8-54E9-48B0-9980-574F96B49B51}.Release|x64.Build.0 = Release|Any CPU
		{BDB4E7D8-54E9-48B0-9980-574F96B49B51}.Release|x86.ActiveCfg = Release|Any CPU
		{BDB4E7D8-54E9-48B0-9980-574F96B49B51}.Release|x86.Build.0 = Release|Any CPU
		{F1CAE7BE-2B7F-461B-94DC-2D216345EBB9}.Debug|Any CPU.ActiveCfg = Debug|Any CPU
		{F1CAE7BE-2B7F-461B-94DC-2D216345EBB9}.Debug|Any CPU.Build.0 = Debug|Any CPU
		{F1CAE7BE-2B7F-461B-94DC-2D216345EBB9}.Debug|x64.ActiveCfg = Debug|Any CPU
		{F1CAE7BE-2B7F-461B-94DC-2D216345EBB9}.Debug|x64.Build.0 = Debug|Any CPU
		{F1CAE7BE-2B7F-461B-94DC-2D216345EBB9}.Debug|x86.ActiveCfg = Debug|Any CPU
		{F1CAE7BE-2B7F-461B-94DC-2D216345EBB9}.Debug|x86.Build.0 = Debug|Any CPU
		{F1CAE7BE-2B7F-461B-94DC-2D216345EBB9}.Release|Any CPU.ActiveCfg = Release|Any CPU
		{F1CAE7BE-2B7F-461B-94DC-2D216345EBB9}.Release|Any CPU.Build.0 = Release|Any CPU
		{F1CAE7BE-2B7F-461B-94DC-2D216345EBB9}.Release|x64.ActiveCfg = Release|Any CPU
		{F1CAE7BE-2B7F-461B-94DC-2D216345EBB9}.Release|x64.Build.0 = Release|Any CPU
		{F1CAE7BE-2B7F-461B-94DC-2D216345EBB9}.Release|x86.ActiveCfg = Release|Any CPU
		{F1CAE7BE-2B7F-461B-94DC-2D216345EBB9}.Release|x86.Build.0 = Release|Any CPU
		{776382CD-4E23-4EF0-89D7-963E63507B5F}.Debug|Any CPU.ActiveCfg = Debug|Any CPU
		{776382CD-4E23-4EF0-89D7-963E63507B5F}.Debug|Any CPU.Build.0 = Debug|Any CPU
		{776382CD-4E23-4EF0-89D7-963E63507B5F}.Debug|x64.ActiveCfg = Debug|Any CPU
		{776382CD-4E23-4EF0-89D7-963E63507B5F}.Debug|x64.Build.0 = Debug|Any CPU
		{776382CD-4E23-4EF0-89D7-963E63507B5F}.Debug|x86.ActiveCfg = Debug|Any CPU
		{776382CD-4E23-4EF0-89D7-963E63507B5F}.Debug|x86.Build.0 = Debug|Any CPU
		{776382CD-4E23-4EF0-89D7-963E63507B5F}.Release|Any CPU.ActiveCfg = Release|Any CPU
		{776382CD-4E23-4EF0-89D7-963E63507B5F}.Release|Any CPU.Build.0 = Release|Any CPU
		{776382CD-4E23-4EF0-89D7-963E63507B5F}.Release|x64.ActiveCfg = Release|Any CPU
		{776382CD-4E23-4EF0-89D7-963E63507B5F}.Release|x64.Build.0 = Release|Any CPU
		{776382CD-4E23-4EF0-89D7-963E63507B5F}.Release|x86.ActiveCfg = Release|Any CPU
		{776382CD-4E23-4EF0-89D7-963E63507B5F}.Release|x86.Build.0 = Release|Any CPU
		{8611136B-B88E-498C-9F5B-5CF22EE48D32}.Debug|Any CPU.ActiveCfg = Debug|Any CPU
		{8611136B-B88E-498C-9F5B-5CF22EE48D32}.Debug|Any CPU.Build.0 = Debug|Any CPU
		{8611136B-B88E-498C-9F5B-5CF22EE48D32}.Debug|x64.ActiveCfg = Debug|Any CPU
		{8611136B-B88E-498C-9F5B-5CF22EE48D32}.Debug|x64.Build.0 = Debug|Any CPU
		{8611136B-B88E-498C-9F5B-5CF22EE48D32}.Debug|x86.ActiveCfg = Debug|Any CPU
		{8611136B-B88E-498C-9F5B-5CF22EE48D32}.Debug|x86.Build.0 = Debug|Any CPU
		{8611136B-B88E-498C-9F5B-5CF22EE48D32}.Release|Any CPU.ActiveCfg = Release|Any CPU
		{8611136B-B88E-498C-9F5B-5CF22EE48D32}.Release|Any CPU.Build.0 = Release|Any CPU
		{8611136B-B88E-498C-9F5B-5CF22EE48D32}.Release|x64.ActiveCfg = Release|Any CPU
		{8611136B-B88E-498C-9F5B-5CF22EE48D32}.Release|x64.Build.0 = Release|Any CPU
		{8611136B-B88E-498C-9F5B-5CF22EE48D32}.Release|x86.ActiveCfg = Release|Any CPU
		{8611136B-B88E-498C-9F5B-5CF22EE48D32}.Release|x86.Build.0 = Release|Any CPU
		{229A9BFA-B737-40B3-87FA-BACE20587C46}.Debug|Any CPU.ActiveCfg = Debug|Any CPU
		{229A9BFA-B737-40B3-87FA-BACE20587C46}.Debug|Any CPU.Build.0 = Debug|Any CPU
		{229A9BFA-B737-40B3-87FA-BACE20587C46}.Debug|x64.ActiveCfg = Debug|Any CPU
		{229A9BFA-B737-40B3-87FA-BACE20587C46}.Debug|x64.Build.0 = Debug|Any CPU
		{229A9BFA-B737-40B3-87FA-BACE20587C46}.Debug|x86.ActiveCfg = Debug|Any CPU
		{229A9BFA-B737-40B3-87FA-BACE20587C46}.Debug|x86.Build.0 = Debug|Any CPU
		{229A9BFA-B737-40B3-87FA-BACE20587C46}.Release|Any CPU.ActiveCfg = Release|Any CPU
		{229A9BFA-B737-40B3-87FA-BACE20587C46}.Release|Any CPU.Build.0 = Release|Any CPU
		{229A9BFA-B737-40B3-87FA-BACE20587C46}.Release|x64.ActiveCfg = Release|Any CPU
		{229A9BFA-B737-40B3-87FA-BACE20587C46}.Release|x64.Build.0 = Release|Any CPU
		{229A9BFA-B737-40B3-87FA-BACE20587C46}.Release|x86.ActiveCfg = Release|Any CPU
		{229A9BFA-B737-40B3-87FA-BACE20587C46}.Release|x86.Build.0 = Release|Any CPU
		{433026E0-3C04-490D-85C6-BCBFF4ABA75A}.Debug|Any CPU.ActiveCfg = Debug|Any CPU
		{433026E0-3C04-490D-85C6-BCBFF4ABA75A}.Debug|Any CPU.Build.0 = Debug|Any CPU
		{433026E0-3C04-490D-85C6-BCBFF4ABA75A}.Debug|x64.ActiveCfg = Debug|Any CPU
		{433026E0-3C04-490D-85C6-BCBFF4ABA75A}.Debug|x64.Build.0 = Debug|Any CPU
		{433026E0-3C04-490D-85C6-BCBFF4ABA75A}.Debug|x86.ActiveCfg = Debug|Any CPU
		{433026E0-3C04-490D-85C6-BCBFF4ABA75A}.Debug|x86.Build.0 = Debug|Any CPU
		{433026E0-3C04-490D-85C6-BCBFF4ABA75A}.Release|Any CPU.ActiveCfg = Release|Any CPU
		{433026E0-3C04-490D-85C6-BCBFF4ABA75A}.Release|Any CPU.Build.0 = Release|Any CPU
		{433026E0-3C04-490D-85C6-BCBFF4ABA75A}.Release|x64.ActiveCfg = Release|Any CPU
		{433026E0-3C04-490D-85C6-BCBFF4ABA75A}.Release|x64.Build.0 = Release|Any CPU
		{433026E0-3C04-490D-85C6-BCBFF4ABA75A}.Release|x86.ActiveCfg = Release|Any CPU
		{433026E0-3C04-490D-85C6-BCBFF4ABA75A}.Release|x86.Build.0 = Release|Any CPU
		{0E8DF225-AFF9-41E1-BE3F-CDDDCF0CE32E}.Debug|Any CPU.ActiveCfg = Debug|Any CPU
		{0E8DF225-AFF9-41E1-BE3F-CDDDCF0CE32E}.Debug|Any CPU.Build.0 = Debug|Any CPU
		{0E8DF225-AFF9-41E1-BE3F-CDDDCF0CE32E}.Debug|x64.ActiveCfg = Debug|Any CPU
		{0E8DF225-AFF9-41E1-BE3F-CDDDCF0CE32E}.Debug|x64.Build.0 = Debug|Any CPU
		{0E8DF225-AFF9-41E1-BE3F-CDDDCF0CE32E}.Debug|x86.ActiveCfg = Debug|Any CPU
		{0E8DF225-AFF9-41E1-BE3F-CDDDCF0CE32E}.Debug|x86.Build.0 = Debug|Any CPU
		{0E8DF225-AFF9-41E1-BE3F-CDDDCF0CE32E}.Release|Any CPU.ActiveCfg = Release|Any CPU
		{0E8DF225-AFF9-41E1-BE3F-CDDDCF0CE32E}.Release|Any CPU.Build.0 = Release|Any CPU
		{0E8DF225-AFF9-41E1-BE3F-CDDDCF0CE32E}.Release|x64.ActiveCfg = Release|Any CPU
		{0E8DF225-AFF9-41E1-BE3F-CDDDCF0CE32E}.Release|x64.Build.0 = Release|Any CPU
		{0E8DF225-AFF9-41E1-BE3F-CDDDCF0CE32E}.Release|x86.ActiveCfg = Release|Any CPU
		{0E8DF225-AFF9-41E1-BE3F-CDDDCF0CE32E}.Release|x86.Build.0 = Release|Any CPU
		{ECE8BD8B-8CAC-4E94-9D8C-1A004AB659F4}.Debug|Any CPU.ActiveCfg = Debug|Any CPU
		{ECE8BD8B-8CAC-4E94-9D8C-1A004AB659F4}.Debug|Any CPU.Build.0 = Debug|Any CPU
		{ECE8BD8B-8CAC-4E94-9D8C-1A004AB659F4}.Debug|x64.ActiveCfg = Debug|Any CPU
		{ECE8BD8B-8CAC-4E94-9D8C-1A004AB659F4}.Debug|x64.Build.0 = Debug|Any CPU
		{ECE8BD8B-8CAC-4E94-9D8C-1A004AB659F4}.Debug|x86.ActiveCfg = Debug|Any CPU
		{ECE8BD8B-8CAC-4E94-9D8C-1A004AB659F4}.Debug|x86.Build.0 = Debug|Any CPU
		{ECE8BD8B-8CAC-4E94-9D8C-1A004AB659F4}.Release|Any CPU.ActiveCfg = Release|Any CPU
		{ECE8BD8B-8CAC-4E94-9D8C-1A004AB659F4}.Release|Any CPU.Build.0 = Release|Any CPU
		{ECE8BD8B-8CAC-4E94-9D8C-1A004AB659F4}.Release|x64.ActiveCfg = Release|Any CPU
		{ECE8BD8B-8CAC-4E94-9D8C-1A004AB659F4}.Release|x64.Build.0 = Release|Any CPU
		{ECE8BD8B-8CAC-4E94-9D8C-1A004AB659F4}.Release|x86.ActiveCfg = Release|Any CPU
		{ECE8BD8B-8CAC-4E94-9D8C-1A004AB659F4}.Release|x86.Build.0 = Release|Any CPU
		{E3615811-FD58-43C0-98F6-925C19595880}.Debug|Any CPU.ActiveCfg = Debug|Any CPU
		{E3615811-FD58-43C0-98F6-925C19595880}.Debug|Any CPU.Build.0 = Debug|Any CPU
		{E3615811-FD58-43C0-98F6-925C19595880}.Debug|x64.ActiveCfg = Debug|Any CPU
		{E3615811-FD58-43C0-98F6-925C19595880}.Debug|x64.Build.0 = Debug|Any CPU
		{E3615811-FD58-43C0-98F6-925C19595880}.Debug|x86.ActiveCfg = Debug|Any CPU
		{E3615811-FD58-43C0-98F6-925C19595880}.Debug|x86.Build.0 = Debug|Any CPU
		{E3615811-FD58-43C0-98F6-925C19595880}.Release|Any CPU.ActiveCfg = Release|Any CPU
		{E3615811-FD58-43C0-98F6-925C19595880}.Release|Any CPU.Build.0 = Release|Any CPU
		{E3615811-FD58-43C0-98F6-925C19595880}.Release|x64.ActiveCfg = Release|Any CPU
		{E3615811-FD58-43C0-98F6-925C19595880}.Release|x64.Build.0 = Release|Any CPU
		{E3615811-FD58-43C0-98F6-925C19595880}.Release|x86.ActiveCfg = Release|Any CPU
		{E3615811-FD58-43C0-98F6-925C19595880}.Release|x86.Build.0 = Release|Any CPU
		{C1AA221E-83B2-42DB-9BD3-D221DF7D85DB}.Debug|Any CPU.ActiveCfg = Debug|Any CPU
		{C1AA221E-83B2-42DB-9BD3-D221DF7D85DB}.Debug|Any CPU.Build.0 = Debug|Any CPU
		{C1AA221E-83B2-42DB-9BD3-D221DF7D85DB}.Debug|x64.ActiveCfg = Debug|Any CPU
		{C1AA221E-83B2-42DB-9BD3-D221DF7D85DB}.Debug|x64.Build.0 = Debug|Any CPU
		{C1AA221E-83B2-42DB-9BD3-D221DF7D85DB}.Debug|x86.ActiveCfg = Debug|Any CPU
		{C1AA221E-83B2-42DB-9BD3-D221DF7D85DB}.Debug|x86.Build.0 = Debug|Any CPU
		{C1AA221E-83B2-42DB-9BD3-D221DF7D85DB}.Release|Any CPU.ActiveCfg = Release|Any CPU
		{C1AA221E-83B2-42DB-9BD3-D221DF7D85DB}.Release|Any CPU.Build.0 = Release|Any CPU
		{C1AA221E-83B2-42DB-9BD3-D221DF7D85DB}.Release|x64.ActiveCfg = Release|Any CPU
		{C1AA221E-83B2-42DB-9BD3-D221DF7D85DB}.Release|x64.Build.0 = Release|Any CPU
		{C1AA221E-83B2-42DB-9BD3-D221DF7D85DB}.Release|x86.ActiveCfg = Release|Any CPU
		{C1AA221E-83B2-42DB-9BD3-D221DF7D85DB}.Release|x86.Build.0 = Release|Any CPU
		{CBDF8BE3-7BBE-4931-96D7-74F192FA8B43}.Debug|Any CPU.ActiveCfg = Debug|Any CPU
		{CBDF8BE3-7BBE-4931-96D7-74F192FA8B43}.Debug|Any CPU.Build.0 = Debug|Any CPU
		{CBDF8BE3-7BBE-4931-96D7-74F192FA8B43}.Debug|x64.ActiveCfg = Debug|Any CPU
		{CBDF8BE3-7BBE-4931-96D7-74F192FA8B43}.Debug|x64.Build.0 = Debug|Any CPU
		{CBDF8BE3-7BBE-4931-96D7-74F192FA8B43}.Debug|x86.ActiveCfg = Debug|Any CPU
		{CBDF8BE3-7BBE-4931-96D7-74F192FA8B43}.Debug|x86.Build.0 = Debug|Any CPU
		{CBDF8BE3-7BBE-4931-96D7-74F192FA8B43}.Release|Any CPU.ActiveCfg = Release|Any CPU
		{CBDF8BE3-7BBE-4931-96D7-74F192FA8B43}.Release|Any CPU.Build.0 = Release|Any CPU
		{CBDF8BE3-7BBE-4931-96D7-74F192FA8B43}.Release|x64.ActiveCfg = Release|Any CPU
		{CBDF8BE3-7BBE-4931-96D7-74F192FA8B43}.Release|x64.Build.0 = Release|Any CPU
		{CBDF8BE3-7BBE-4931-96D7-74F192FA8B43}.Release|x86.ActiveCfg = Release|Any CPU
		{CBDF8BE3-7BBE-4931-96D7-74F192FA8B43}.Release|x86.Build.0 = Release|Any CPU
		{8E4A3651-9264-4FD6-AA1C-E48AEF26EFCA}.Debug|Any CPU.ActiveCfg = Debug|Any CPU
		{8E4A3651-9264-4FD6-AA1C-E48AEF26EFCA}.Debug|Any CPU.Build.0 = Debug|Any CPU
		{8E4A3651-9264-4FD6-AA1C-E48AEF26EFCA}.Debug|x64.ActiveCfg = Debug|Any CPU
		{8E4A3651-9264-4FD6-AA1C-E48AEF26EFCA}.Debug|x64.Build.0 = Debug|Any CPU
		{8E4A3651-9264-4FD6-AA1C-E48AEF26EFCA}.Debug|x86.ActiveCfg = Debug|Any CPU
		{8E4A3651-9264-4FD6-AA1C-E48AEF26EFCA}.Debug|x86.Build.0 = Debug|Any CPU
		{8E4A3651-9264-4FD6-AA1C-E48AEF26EFCA}.Release|Any CPU.ActiveCfg = Release|Any CPU
		{8E4A3651-9264-4FD6-AA1C-E48AEF26EFCA}.Release|Any CPU.Build.0 = Release|Any CPU
		{8E4A3651-9264-4FD6-AA1C-E48AEF26EFCA}.Release|x64.ActiveCfg = Release|Any CPU
		{8E4A3651-9264-4FD6-AA1C-E48AEF26EFCA}.Release|x64.Build.0 = Release|Any CPU
		{8E4A3651-9264-4FD6-AA1C-E48AEF26EFCA}.Release|x86.ActiveCfg = Release|Any CPU
		{8E4A3651-9264-4FD6-AA1C-E48AEF26EFCA}.Release|x86.Build.0 = Release|Any CPU
		{FDCD4C59-2D82-43EF-B148-064AAEBA02D9}.Debug|Any CPU.ActiveCfg = Debug|Any CPU
		{FDCD4C59-2D82-43EF-B148-064AAEBA02D9}.Debug|Any CPU.Build.0 = Debug|Any CPU
		{FDCD4C59-2D82-43EF-B148-064AAEBA02D9}.Debug|x64.ActiveCfg = Debug|Any CPU
		{FDCD4C59-2D82-43EF-B148-064AAEBA02D9}.Debug|x64.Build.0 = Debug|Any CPU
		{FDCD4C59-2D82-43EF-B148-064AAEBA02D9}.Debug|x86.ActiveCfg = Debug|Any CPU
		{FDCD4C59-2D82-43EF-B148-064AAEBA02D9}.Debug|x86.Build.0 = Debug|Any CPU
		{FDCD4C59-2D82-43EF-B148-064AAEBA02D9}.Release|Any CPU.ActiveCfg = Release|Any CPU
		{FDCD4C59-2D82-43EF-B148-064AAEBA02D9}.Release|Any CPU.Build.0 = Release|Any CPU
		{FDCD4C59-2D82-43EF-B148-064AAEBA02D9}.Release|x64.ActiveCfg = Release|Any CPU
		{FDCD4C59-2D82-43EF-B148-064AAEBA02D9}.Release|x64.Build.0 = Release|Any CPU
		{FDCD4C59-2D82-43EF-B148-064AAEBA02D9}.Release|x86.ActiveCfg = Release|Any CPU
		{FDCD4C59-2D82-43EF-B148-064AAEBA02D9}.Release|x86.Build.0 = Release|Any CPU
		{8F54D7C3-67CF-4058-BFB5-8FBCF327B355}.Debug|Any CPU.ActiveCfg = Debug|Any CPU
		{8F54D7C3-67CF-4058-BFB5-8FBCF327B355}.Debug|Any CPU.Build.0 = Debug|Any CPU
		{8F54D7C3-67CF-4058-BFB5-8FBCF327B355}.Debug|x64.ActiveCfg = Debug|Any CPU
		{8F54D7C3-67CF-4058-BFB5-8FBCF327B355}.Debug|x64.Build.0 = Debug|Any CPU
		{8F54D7C3-67CF-4058-BFB5-8FBCF327B355}.Debug|x86.ActiveCfg = Debug|Any CPU
		{8F54D7C3-67CF-4058-BFB5-8FBCF327B355}.Debug|x86.Build.0 = Debug|Any CPU
		{8F54D7C3-67CF-4058-BFB5-8FBCF327B355}.Release|Any CPU.ActiveCfg = Release|Any CPU
		{8F54D7C3-67CF-4058-BFB5-8FBCF327B355}.Release|Any CPU.Build.0 = Release|Any CPU
		{8F54D7C3-67CF-4058-BFB5-8FBCF327B355}.Release|x64.ActiveCfg = Release|Any CPU
		{8F54D7C3-67CF-4058-BFB5-8FBCF327B355}.Release|x64.Build.0 = Release|Any CPU
		{8F54D7C3-67CF-4058-BFB5-8FBCF327B355}.Release|x86.ActiveCfg = Release|Any CPU
		{8F54D7C3-67CF-4058-BFB5-8FBCF327B355}.Release|x86.Build.0 = Release|Any CPU
		{215725EE-7C55-49B6-97C1-88CDC163A8B0}.Debug|Any CPU.ActiveCfg = Debug|Any CPU
		{215725EE-7C55-49B6-97C1-88CDC163A8B0}.Debug|Any CPU.Build.0 = Debug|Any CPU
		{215725EE-7C55-49B6-97C1-88CDC163A8B0}.Debug|x64.ActiveCfg = Debug|Any CPU
		{215725EE-7C55-49B6-97C1-88CDC163A8B0}.Debug|x64.Build.0 = Debug|Any CPU
		{215725EE-7C55-49B6-97C1-88CDC163A8B0}.Debug|x86.ActiveCfg = Debug|x86
		{215725EE-7C55-49B6-97C1-88CDC163A8B0}.Debug|x86.Build.0 = Debug|x86
		{215725EE-7C55-49B6-97C1-88CDC163A8B0}.Release|Any CPU.ActiveCfg = Release|Any CPU
		{215725EE-7C55-49B6-97C1-88CDC163A8B0}.Release|Any CPU.Build.0 = Release|Any CPU
		{215725EE-7C55-49B6-97C1-88CDC163A8B0}.Release|x64.ActiveCfg = Release|Any CPU
		{215725EE-7C55-49B6-97C1-88CDC163A8B0}.Release|x64.Build.0 = Release|Any CPU
		{215725EE-7C55-49B6-97C1-88CDC163A8B0}.Release|x86.ActiveCfg = Release|x86
		{215725EE-7C55-49B6-97C1-88CDC163A8B0}.Release|x86.Build.0 = Release|x86
		{20D41E69-C260-461F-A0B9-89920F133F60}.Debug|Any CPU.ActiveCfg = Debug|Any CPU
		{20D41E69-C260-461F-A0B9-89920F133F60}.Debug|Any CPU.Build.0 = Debug|Any CPU
		{20D41E69-C260-461F-A0B9-89920F133F60}.Debug|x64.ActiveCfg = Debug|Any CPU
		{20D41E69-C260-461F-A0B9-89920F133F60}.Debug|x64.Build.0 = Debug|Any CPU
		{20D41E69-C260-461F-A0B9-89920F133F60}.Debug|x86.ActiveCfg = Debug|Any CPU
		{20D41E69-C260-461F-A0B9-89920F133F60}.Debug|x86.Build.0 = Debug|Any CPU
		{20D41E69-C260-461F-A0B9-89920F133F60}.Release|Any CPU.ActiveCfg = Release|Any CPU
		{20D41E69-C260-461F-A0B9-89920F133F60}.Release|Any CPU.Build.0 = Release|Any CPU
		{20D41E69-C260-461F-A0B9-89920F133F60}.Release|x64.ActiveCfg = Release|Any CPU
		{20D41E69-C260-461F-A0B9-89920F133F60}.Release|x64.Build.0 = Release|Any CPU
		{20D41E69-C260-461F-A0B9-89920F133F60}.Release|x86.ActiveCfg = Release|Any CPU
		{20D41E69-C260-461F-A0B9-89920F133F60}.Release|x86.Build.0 = Release|Any CPU
		{4B3B467B-2E99-4836-B589-A69D272417F0}.Debug|Any CPU.ActiveCfg = Debug|Any CPU
		{4B3B467B-2E99-4836-B589-A69D272417F0}.Debug|Any CPU.Build.0 = Debug|Any CPU
		{4B3B467B-2E99-4836-B589-A69D272417F0}.Debug|x64.ActiveCfg = Debug|Any CPU
		{4B3B467B-2E99-4836-B589-A69D272417F0}.Debug|x64.Build.0 = Debug|Any CPU
		{4B3B467B-2E99-4836-B589-A69D272417F0}.Debug|x86.ActiveCfg = Debug|Any CPU
		{4B3B467B-2E99-4836-B589-A69D272417F0}.Debug|x86.Build.0 = Debug|Any CPU
		{4B3B467B-2E99-4836-B589-A69D272417F0}.Release|Any CPU.ActiveCfg = Release|Any CPU
		{4B3B467B-2E99-4836-B589-A69D272417F0}.Release|Any CPU.Build.0 = Release|Any CPU
		{4B3B467B-2E99-4836-B589-A69D272417F0}.Release|x64.ActiveCfg = Release|Any CPU
		{4B3B467B-2E99-4836-B589-A69D272417F0}.Release|x64.Build.0 = Release|Any CPU
		{4B3B467B-2E99-4836-B589-A69D272417F0}.Release|x86.ActiveCfg = Release|Any CPU
		{4B3B467B-2E99-4836-B589-A69D272417F0}.Release|x86.Build.0 = Release|Any CPU
		{EF1027DF-951A-4544-8780-5D190EE3725E}.Debug|Any CPU.ActiveCfg = Debug|Any CPU
		{EF1027DF-951A-4544-8780-5D190EE3725E}.Debug|Any CPU.Build.0 = Debug|Any CPU
		{EF1027DF-951A-4544-8780-5D190EE3725E}.Debug|x64.ActiveCfg = Debug|Any CPU
		{EF1027DF-951A-4544-8780-5D190EE3725E}.Debug|x64.Build.0 = Debug|Any CPU
		{EF1027DF-951A-4544-8780-5D190EE3725E}.Debug|x86.ActiveCfg = Debug|Any CPU
		{EF1027DF-951A-4544-8780-5D190EE3725E}.Debug|x86.Build.0 = Debug|Any CPU
		{EF1027DF-951A-4544-8780-5D190EE3725E}.Release|Any CPU.ActiveCfg = Release|Any CPU
		{EF1027DF-951A-4544-8780-5D190EE3725E}.Release|Any CPU.Build.0 = Release|Any CPU
		{EF1027DF-951A-4544-8780-5D190EE3725E}.Release|x64.ActiveCfg = Release|Any CPU
		{EF1027DF-951A-4544-8780-5D190EE3725E}.Release|x64.Build.0 = Release|Any CPU
		{EF1027DF-951A-4544-8780-5D190EE3725E}.Release|x86.ActiveCfg = Release|Any CPU
		{EF1027DF-951A-4544-8780-5D190EE3725E}.Release|x86.Build.0 = Release|Any CPU
		{5EAFB2A6-635A-42BF-A0CE-794A430B20E3}.Debug|Any CPU.ActiveCfg = Debug|Any CPU
		{5EAFB2A6-635A-42BF-A0CE-794A430B20E3}.Debug|Any CPU.Build.0 = Debug|Any CPU
		{5EAFB2A6-635A-42BF-A0CE-794A430B20E3}.Debug|x64.ActiveCfg = Debug|Any CPU
		{5EAFB2A6-635A-42BF-A0CE-794A430B20E3}.Debug|x64.Build.0 = Debug|Any CPU
		{5EAFB2A6-635A-42BF-A0CE-794A430B20E3}.Debug|x86.ActiveCfg = Debug|Any CPU
		{5EAFB2A6-635A-42BF-A0CE-794A430B20E3}.Debug|x86.Build.0 = Debug|Any CPU
		{5EAFB2A6-635A-42BF-A0CE-794A430B20E3}.Release|Any CPU.ActiveCfg = Release|Any CPU
		{5EAFB2A6-635A-42BF-A0CE-794A430B20E3}.Release|Any CPU.Build.0 = Release|Any CPU
		{5EAFB2A6-635A-42BF-A0CE-794A430B20E3}.Release|x64.ActiveCfg = Release|Any CPU
		{5EAFB2A6-635A-42BF-A0CE-794A430B20E3}.Release|x64.Build.0 = Release|Any CPU
		{5EAFB2A6-635A-42BF-A0CE-794A430B20E3}.Release|x86.ActiveCfg = Release|Any CPU
		{5EAFB2A6-635A-42BF-A0CE-794A430B20E3}.Release|x86.Build.0 = Release|Any CPU
		{78B55A1C-1200-4C6E-A9D3-9C04D65F0AF9}.Debug|Any CPU.ActiveCfg = Debug|Any CPU
		{78B55A1C-1200-4C6E-A9D3-9C04D65F0AF9}.Debug|Any CPU.Build.0 = Debug|Any CPU
		{78B55A1C-1200-4C6E-A9D3-9C04D65F0AF9}.Debug|x64.ActiveCfg = Debug|Any CPU
		{78B55A1C-1200-4C6E-A9D3-9C04D65F0AF9}.Debug|x64.Build.0 = Debug|Any CPU
		{78B55A1C-1200-4C6E-A9D3-9C04D65F0AF9}.Debug|x86.ActiveCfg = Debug|Any CPU
		{78B55A1C-1200-4C6E-A9D3-9C04D65F0AF9}.Debug|x86.Build.0 = Debug|Any CPU
		{78B55A1C-1200-4C6E-A9D3-9C04D65F0AF9}.Release|Any CPU.ActiveCfg = Release|Any CPU
		{78B55A1C-1200-4C6E-A9D3-9C04D65F0AF9}.Release|Any CPU.Build.0 = Release|Any CPU
		{78B55A1C-1200-4C6E-A9D3-9C04D65F0AF9}.Release|x64.ActiveCfg = Release|Any CPU
		{78B55A1C-1200-4C6E-A9D3-9C04D65F0AF9}.Release|x64.Build.0 = Release|Any CPU
		{78B55A1C-1200-4C6E-A9D3-9C04D65F0AF9}.Release|x86.ActiveCfg = Release|Any CPU
		{78B55A1C-1200-4C6E-A9D3-9C04D65F0AF9}.Release|x86.Build.0 = Release|Any CPU
		{CE0E2DB4-828A-45F4-9C41-20A7C5522DA0}.Debug|Any CPU.ActiveCfg = Debug|Any CPU
		{CE0E2DB4-828A-45F4-9C41-20A7C5522DA0}.Debug|Any CPU.Build.0 = Debug|Any CPU
		{CE0E2DB4-828A-45F4-9C41-20A7C5522DA0}.Debug|x64.ActiveCfg = Debug|Any CPU
		{CE0E2DB4-828A-45F4-9C41-20A7C5522DA0}.Debug|x64.Build.0 = Debug|Any CPU
		{CE0E2DB4-828A-45F4-9C41-20A7C5522DA0}.Debug|x86.ActiveCfg = Debug|Any CPU
		{CE0E2DB4-828A-45F4-9C41-20A7C5522DA0}.Debug|x86.Build.0 = Debug|Any CPU
		{CE0E2DB4-828A-45F4-9C41-20A7C5522DA0}.Release|Any CPU.ActiveCfg = Release|Any CPU
		{CE0E2DB4-828A-45F4-9C41-20A7C5522DA0}.Release|Any CPU.Build.0 = Release|Any CPU
		{CE0E2DB4-828A-45F4-9C41-20A7C5522DA0}.Release|x64.ActiveCfg = Release|Any CPU
		{CE0E2DB4-828A-45F4-9C41-20A7C5522DA0}.Release|x64.Build.0 = Release|Any CPU
		{CE0E2DB4-828A-45F4-9C41-20A7C5522DA0}.Release|x86.ActiveCfg = Release|Any CPU
		{CE0E2DB4-828A-45F4-9C41-20A7C5522DA0}.Release|x86.Build.0 = Release|Any CPU
		{8CAAAFFC-3BE8-468B-830D-24610F4F75A2}.Debug|Any CPU.ActiveCfg = Debug|Any CPU
		{8CAAAFFC-3BE8-468B-830D-24610F4F75A2}.Debug|Any CPU.Build.0 = Debug|Any CPU
		{8CAAAFFC-3BE8-468B-830D-24610F4F75A2}.Debug|x64.ActiveCfg = Debug|Any CPU
		{8CAAAFFC-3BE8-468B-830D-24610F4F75A2}.Debug|x64.Build.0 = Debug|Any CPU
		{8CAAAFFC-3BE8-468B-830D-24610F4F75A2}.Debug|x86.ActiveCfg = Debug|Any CPU
		{8CAAAFFC-3BE8-468B-830D-24610F4F75A2}.Debug|x86.Build.0 = Debug|Any CPU
		{8CAAAFFC-3BE8-468B-830D-24610F4F75A2}.Release|Any CPU.ActiveCfg = Release|Any CPU
		{8CAAAFFC-3BE8-468B-830D-24610F4F75A2}.Release|Any CPU.Build.0 = Release|Any CPU
		{8CAAAFFC-3BE8-468B-830D-24610F4F75A2}.Release|x64.ActiveCfg = Release|Any CPU
		{8CAAAFFC-3BE8-468B-830D-24610F4F75A2}.Release|x64.Build.0 = Release|Any CPU
		{8CAAAFFC-3BE8-468B-830D-24610F4F75A2}.Release|x86.ActiveCfg = Release|Any CPU
		{8CAAAFFC-3BE8-468B-830D-24610F4F75A2}.Release|x86.Build.0 = Release|Any CPU
		{86A29314-DA10-4D0D-B727-D715CD205862}.Debug|Any CPU.ActiveCfg = Debug|Any CPU
		{86A29314-DA10-4D0D-B727-D715CD205862}.Debug|Any CPU.Build.0 = Debug|Any CPU
		{86A29314-DA10-4D0D-B727-D715CD205862}.Debug|x64.ActiveCfg = Debug|Any CPU
		{86A29314-DA10-4D0D-B727-D715CD205862}.Debug|x64.Build.0 = Debug|Any CPU
		{86A29314-DA10-4D0D-B727-D715CD205862}.Debug|x86.ActiveCfg = Debug|Any CPU
		{86A29314-DA10-4D0D-B727-D715CD205862}.Debug|x86.Build.0 = Debug|Any CPU
		{86A29314-DA10-4D0D-B727-D715CD205862}.Release|Any CPU.ActiveCfg = Release|Any CPU
		{86A29314-DA10-4D0D-B727-D715CD205862}.Release|Any CPU.Build.0 = Release|Any CPU
		{86A29314-DA10-4D0D-B727-D715CD205862}.Release|x64.ActiveCfg = Release|Any CPU
		{86A29314-DA10-4D0D-B727-D715CD205862}.Release|x64.Build.0 = Release|Any CPU
		{86A29314-DA10-4D0D-B727-D715CD205862}.Release|x86.ActiveCfg = Release|Any CPU
		{86A29314-DA10-4D0D-B727-D715CD205862}.Release|x86.Build.0 = Release|Any CPU
		{9AD96F20-81BA-465F-925A-89544C64ADF8}.Debug|Any CPU.ActiveCfg = Debug|Any CPU
		{9AD96F20-81BA-465F-925A-89544C64ADF8}.Debug|Any CPU.Build.0 = Debug|Any CPU
		{9AD96F20-81BA-465F-925A-89544C64ADF8}.Debug|x64.ActiveCfg = Debug|Any CPU
		{9AD96F20-81BA-465F-925A-89544C64ADF8}.Debug|x64.Build.0 = Debug|Any CPU
		{9AD96F20-81BA-465F-925A-89544C64ADF8}.Debug|x86.ActiveCfg = Debug|Any CPU
		{9AD96F20-81BA-465F-925A-89544C64ADF8}.Debug|x86.Build.0 = Debug|Any CPU
		{9AD96F20-81BA-465F-925A-89544C64ADF8}.Release|Any CPU.ActiveCfg = Release|Any CPU
		{9AD96F20-81BA-465F-925A-89544C64ADF8}.Release|Any CPU.Build.0 = Release|Any CPU
		{9AD96F20-81BA-465F-925A-89544C64ADF8}.Release|x64.ActiveCfg = Release|Any CPU
		{9AD96F20-81BA-465F-925A-89544C64ADF8}.Release|x64.Build.0 = Release|Any CPU
		{9AD96F20-81BA-465F-925A-89544C64ADF8}.Release|x86.ActiveCfg = Release|Any CPU
		{9AD96F20-81BA-465F-925A-89544C64ADF8}.Release|x86.Build.0 = Release|Any CPU
		{E770E959-7E1E-4395-B6E9-CFC03EFBC7E8}.Debug|Any CPU.ActiveCfg = Debug|Any CPU
		{E770E959-7E1E-4395-B6E9-CFC03EFBC7E8}.Debug|Any CPU.Build.0 = Debug|Any CPU
		{E770E959-7E1E-4395-B6E9-CFC03EFBC7E8}.Debug|x64.ActiveCfg = Debug|Any CPU
		{E770E959-7E1E-4395-B6E9-CFC03EFBC7E8}.Debug|x64.Build.0 = Debug|Any CPU
		{E770E959-7E1E-4395-B6E9-CFC03EFBC7E8}.Debug|x86.ActiveCfg = Debug|Any CPU
		{E770E959-7E1E-4395-B6E9-CFC03EFBC7E8}.Debug|x86.Build.0 = Debug|Any CPU
		{E770E959-7E1E-4395-B6E9-CFC03EFBC7E8}.Release|Any CPU.ActiveCfg = Release|Any CPU
		{E770E959-7E1E-4395-B6E9-CFC03EFBC7E8}.Release|Any CPU.Build.0 = Release|Any CPU
		{E770E959-7E1E-4395-B6E9-CFC03EFBC7E8}.Release|x64.ActiveCfg = Release|Any CPU
		{E770E959-7E1E-4395-B6E9-CFC03EFBC7E8}.Release|x64.Build.0 = Release|Any CPU
		{E770E959-7E1E-4395-B6E9-CFC03EFBC7E8}.Release|x86.ActiveCfg = Release|Any CPU
		{E770E959-7E1E-4395-B6E9-CFC03EFBC7E8}.Release|x86.Build.0 = Release|Any CPU
		{BDDB3782-96AE-4D83-8F67-680DD55BC2E4}.Debug|Any CPU.ActiveCfg = Debug|Any CPU
		{BDDB3782-96AE-4D83-8F67-680DD55BC2E4}.Debug|Any CPU.Build.0 = Debug|Any CPU
		{BDDB3782-96AE-4D83-8F67-680DD55BC2E4}.Debug|x64.ActiveCfg = Debug|Any CPU
		{BDDB3782-96AE-4D83-8F67-680DD55BC2E4}.Debug|x64.Build.0 = Debug|Any CPU
		{BDDB3782-96AE-4D83-8F67-680DD55BC2E4}.Debug|x86.ActiveCfg = Debug|Any CPU
		{BDDB3782-96AE-4D83-8F67-680DD55BC2E4}.Debug|x86.Build.0 = Debug|Any CPU
		{BDDB3782-96AE-4D83-8F67-680DD55BC2E4}.Release|Any CPU.ActiveCfg = Release|Any CPU
		{BDDB3782-96AE-4D83-8F67-680DD55BC2E4}.Release|Any CPU.Build.0 = Release|Any CPU
		{BDDB3782-96AE-4D83-8F67-680DD55BC2E4}.Release|x64.ActiveCfg = Release|Any CPU
		{BDDB3782-96AE-4D83-8F67-680DD55BC2E4}.Release|x64.Build.0 = Release|Any CPU
		{BDDB3782-96AE-4D83-8F67-680DD55BC2E4}.Release|x86.ActiveCfg = Release|Any CPU
		{BDDB3782-96AE-4D83-8F67-680DD55BC2E4}.Release|x86.Build.0 = Release|Any CPU
		{8F548F05-E3CF-4929-B341-C2AC179612F7}.Debug|Any CPU.ActiveCfg = Debug|Any CPU
		{8F548F05-E3CF-4929-B341-C2AC179612F7}.Debug|Any CPU.Build.0 = Debug|Any CPU
		{8F548F05-E3CF-4929-B341-C2AC179612F7}.Debug|x64.ActiveCfg = Debug|Any CPU
		{8F548F05-E3CF-4929-B341-C2AC179612F7}.Debug|x64.Build.0 = Debug|Any CPU
		{8F548F05-E3CF-4929-B341-C2AC179612F7}.Debug|x86.ActiveCfg = Debug|Any CPU
		{8F548F05-E3CF-4929-B341-C2AC179612F7}.Debug|x86.Build.0 = Debug|Any CPU
		{8F548F05-E3CF-4929-B341-C2AC179612F7}.Release|Any CPU.ActiveCfg = Release|Any CPU
		{8F548F05-E3CF-4929-B341-C2AC179612F7}.Release|Any CPU.Build.0 = Release|Any CPU
		{8F548F05-E3CF-4929-B341-C2AC179612F7}.Release|x64.ActiveCfg = Release|Any CPU
		{8F548F05-E3CF-4929-B341-C2AC179612F7}.Release|x64.Build.0 = Release|Any CPU
		{8F548F05-E3CF-4929-B341-C2AC179612F7}.Release|x86.ActiveCfg = Release|Any CPU
		{8F548F05-E3CF-4929-B341-C2AC179612F7}.Release|x86.Build.0 = Release|Any CPU
		{840FFBFA-A9A9-4EC9-9FDE-4506888C24CA}.Debug|Any CPU.ActiveCfg = Debug|Any CPU
		{840FFBFA-A9A9-4EC9-9FDE-4506888C24CA}.Debug|Any CPU.Build.0 = Debug|Any CPU
		{840FFBFA-A9A9-4EC9-9FDE-4506888C24CA}.Debug|x64.ActiveCfg = Debug|Any CPU
		{840FFBFA-A9A9-4EC9-9FDE-4506888C24CA}.Debug|x64.Build.0 = Debug|Any CPU
		{840FFBFA-A9A9-4EC9-9FDE-4506888C24CA}.Debug|x86.ActiveCfg = Debug|Any CPU
		{840FFBFA-A9A9-4EC9-9FDE-4506888C24CA}.Debug|x86.Build.0 = Debug|Any CPU
		{840FFBFA-A9A9-4EC9-9FDE-4506888C24CA}.Release|Any CPU.ActiveCfg = Release|Any CPU
		{840FFBFA-A9A9-4EC9-9FDE-4506888C24CA}.Release|Any CPU.Build.0 = Release|Any CPU
		{840FFBFA-A9A9-4EC9-9FDE-4506888C24CA}.Release|x64.ActiveCfg = Release|Any CPU
		{840FFBFA-A9A9-4EC9-9FDE-4506888C24CA}.Release|x64.Build.0 = Release|Any CPU
		{840FFBFA-A9A9-4EC9-9FDE-4506888C24CA}.Release|x86.ActiveCfg = Release|Any CPU
		{840FFBFA-A9A9-4EC9-9FDE-4506888C24CA}.Release|x86.Build.0 = Release|Any CPU
		{D5585B99-526A-4348-B58B-B5FD38F0A141}.Debug|Any CPU.ActiveCfg = Debug|Any CPU
		{D5585B99-526A-4348-B58B-B5FD38F0A141}.Debug|Any CPU.Build.0 = Debug|Any CPU
		{D5585B99-526A-4348-B58B-B5FD38F0A141}.Debug|x64.ActiveCfg = Debug|Any CPU
		{D5585B99-526A-4348-B58B-B5FD38F0A141}.Debug|x64.Build.0 = Debug|Any CPU
		{D5585B99-526A-4348-B58B-B5FD38F0A141}.Debug|x86.ActiveCfg = Debug|Any CPU
		{D5585B99-526A-4348-B58B-B5FD38F0A141}.Debug|x86.Build.0 = Debug|Any CPU
		{D5585B99-526A-4348-B58B-B5FD38F0A141}.Release|Any CPU.ActiveCfg = Release|Any CPU
		{D5585B99-526A-4348-B58B-B5FD38F0A141}.Release|Any CPU.Build.0 = Release|Any CPU
		{D5585B99-526A-4348-B58B-B5FD38F0A141}.Release|x64.ActiveCfg = Release|Any CPU
		{D5585B99-526A-4348-B58B-B5FD38F0A141}.Release|x64.Build.0 = Release|Any CPU
		{D5585B99-526A-4348-B58B-B5FD38F0A141}.Release|x86.ActiveCfg = Release|Any CPU
		{D5585B99-526A-4348-B58B-B5FD38F0A141}.Release|x86.Build.0 = Release|Any CPU
		{13BB3E3F-C4B2-4F76-ACE8-0D910A6CCA69}.Debug|Any CPU.ActiveCfg = Debug|Any CPU
		{13BB3E3F-C4B2-4F76-ACE8-0D910A6CCA69}.Debug|Any CPU.Build.0 = Debug|Any CPU
		{13BB3E3F-C4B2-4F76-ACE8-0D910A6CCA69}.Debug|x64.ActiveCfg = Debug|Any CPU
		{13BB3E3F-C4B2-4F76-ACE8-0D910A6CCA69}.Debug|x64.Build.0 = Debug|Any CPU
		{13BB3E3F-C4B2-4F76-ACE8-0D910A6CCA69}.Debug|x86.ActiveCfg = Debug|Any CPU
		{13BB3E3F-C4B2-4F76-ACE8-0D910A6CCA69}.Debug|x86.Build.0 = Debug|Any CPU
		{13BB3E3F-C4B2-4F76-ACE8-0D910A6CCA69}.Release|Any CPU.ActiveCfg = Release|Any CPU
		{13BB3E3F-C4B2-4F76-ACE8-0D910A6CCA69}.Release|Any CPU.Build.0 = Release|Any CPU
		{13BB3E3F-C4B2-4F76-ACE8-0D910A6CCA69}.Release|x64.ActiveCfg = Release|Any CPU
		{13BB3E3F-C4B2-4F76-ACE8-0D910A6CCA69}.Release|x64.Build.0 = Release|Any CPU
		{13BB3E3F-C4B2-4F76-ACE8-0D910A6CCA69}.Release|x86.ActiveCfg = Release|Any CPU
		{13BB3E3F-C4B2-4F76-ACE8-0D910A6CCA69}.Release|x86.Build.0 = Release|Any CPU
		{844F634D-F7ED-44AA-A1F8-021144F429D1}.Debug|Any CPU.ActiveCfg = Debug|Any CPU
		{844F634D-F7ED-44AA-A1F8-021144F429D1}.Debug|Any CPU.Build.0 = Debug|Any CPU
		{844F634D-F7ED-44AA-A1F8-021144F429D1}.Debug|x64.ActiveCfg = Debug|Any CPU
		{844F634D-F7ED-44AA-A1F8-021144F429D1}.Debug|x64.Build.0 = Debug|Any CPU
		{844F634D-F7ED-44AA-A1F8-021144F429D1}.Debug|x86.ActiveCfg = Debug|Any CPU
		{844F634D-F7ED-44AA-A1F8-021144F429D1}.Debug|x86.Build.0 = Debug|Any CPU
		{844F634D-F7ED-44AA-A1F8-021144F429D1}.Release|Any CPU.ActiveCfg = Release|Any CPU
		{844F634D-F7ED-44AA-A1F8-021144F429D1}.Release|Any CPU.Build.0 = Release|Any CPU
		{844F634D-F7ED-44AA-A1F8-021144F429D1}.Release|x64.ActiveCfg = Release|Any CPU
		{844F634D-F7ED-44AA-A1F8-021144F429D1}.Release|x64.Build.0 = Release|Any CPU
		{844F634D-F7ED-44AA-A1F8-021144F429D1}.Release|x86.ActiveCfg = Release|Any CPU
		{844F634D-F7ED-44AA-A1F8-021144F429D1}.Release|x86.Build.0 = Release|Any CPU
		{C9418659-7F4B-40DF-BA8C-48E61E823A76}.Debug|Any CPU.ActiveCfg = Debug|Any CPU
		{C9418659-7F4B-40DF-BA8C-48E61E823A76}.Debug|Any CPU.Build.0 = Debug|Any CPU
		{C9418659-7F4B-40DF-BA8C-48E61E823A76}.Debug|x64.ActiveCfg = Debug|Any CPU
		{C9418659-7F4B-40DF-BA8C-48E61E823A76}.Debug|x64.Build.0 = Debug|Any CPU
		{C9418659-7F4B-40DF-BA8C-48E61E823A76}.Debug|x86.ActiveCfg = Debug|Any CPU
		{C9418659-7F4B-40DF-BA8C-48E61E823A76}.Debug|x86.Build.0 = Debug|Any CPU
		{C9418659-7F4B-40DF-BA8C-48E61E823A76}.Release|Any CPU.ActiveCfg = Release|Any CPU
		{C9418659-7F4B-40DF-BA8C-48E61E823A76}.Release|Any CPU.Build.0 = Release|Any CPU
		{C9418659-7F4B-40DF-BA8C-48E61E823A76}.Release|x64.ActiveCfg = Release|Any CPU
		{C9418659-7F4B-40DF-BA8C-48E61E823A76}.Release|x64.Build.0 = Release|Any CPU
		{C9418659-7F4B-40DF-BA8C-48E61E823A76}.Release|x86.ActiveCfg = Release|Any CPU
		{C9418659-7F4B-40DF-BA8C-48E61E823A76}.Release|x86.Build.0 = Release|Any CPU
		{84A23175-3D90-4C39-B325-9E679F463605}.Debug|Any CPU.ActiveCfg = Debug|Any CPU
		{84A23175-3D90-4C39-B325-9E679F463605}.Debug|Any CPU.Build.0 = Debug|Any CPU
		{84A23175-3D90-4C39-B325-9E679F463605}.Debug|x64.ActiveCfg = Debug|Any CPU
		{84A23175-3D90-4C39-B325-9E679F463605}.Debug|x64.Build.0 = Debug|Any CPU
		{84A23175-3D90-4C39-B325-9E679F463605}.Debug|x86.ActiveCfg = Debug|Any CPU
		{84A23175-3D90-4C39-B325-9E679F463605}.Debug|x86.Build.0 = Debug|Any CPU
		{84A23175-3D90-4C39-B325-9E679F463605}.Release|Any CPU.ActiveCfg = Release|Any CPU
		{84A23175-3D90-4C39-B325-9E679F463605}.Release|Any CPU.Build.0 = Release|Any CPU
		{84A23175-3D90-4C39-B325-9E679F463605}.Release|x64.ActiveCfg = Release|Any CPU
		{84A23175-3D90-4C39-B325-9E679F463605}.Release|x64.Build.0 = Release|Any CPU
		{84A23175-3D90-4C39-B325-9E679F463605}.Release|x86.ActiveCfg = Release|Any CPU
		{84A23175-3D90-4C39-B325-9E679F463605}.Release|x86.Build.0 = Release|Any CPU
	EndGlobalSection
	GlobalSection(SolutionProperties) = preSolution
		HideSolutionNode = FALSE
	EndGlobalSection
	GlobalSection(NestedProjects) = preSolution
		{097660C0-D1D2-4AA3-801C-C7D0458FC44A} = {B2D034E4-684C-48C8-85C4-A74AFEDF9BEA}
		{88B45D1E-E323-4B3C-B6AF-7EFFB7AEA496} = {B2D034E4-684C-48C8-85C4-A74AFEDF9BEA}
		{3C02E45C-ABD8-4B3A-B49E-70E3C3D70936} = {EC61DB68-353D-4825-B221-FADABA7ADFF3}
		{480BEB1D-4045-411D-9AA1-3C20D29C5347} = {EC61DB68-353D-4825-B221-FADABA7ADFF3}
		{04CF6C1C-F6CD-441E-B70E-DACA79D95AC6} = {EC61DB68-353D-4825-B221-FADABA7ADFF3}
		{2C41FA26-ABB3-41CA-B4E9-4BF41D0742BC} = {EC61DB68-353D-4825-B221-FADABA7ADFF3}
		{74E34718-8403-4DD1-A77B-7E95DE0EFCE2} = {EC61DB68-353D-4825-B221-FADABA7ADFF3}
		{DCC26137-4310-4346-BE93-67FCE778C210} = {EC61DB68-353D-4825-B221-FADABA7ADFF3}
		{73195431-48D0-4951-96F9-46BD22A84AD0} = {EC61DB68-353D-4825-B221-FADABA7ADFF3}
		{EE1EC7F8-2D85-49A4-9477-EED30D2B4FB8} = {149A8BC2-91D1-4249-9E1D-7B0054347832}
		{BDB4E7D8-54E9-48B0-9980-574F96B49B51} = {149A8BC2-91D1-4249-9E1D-7B0054347832}
		{F1CAE7BE-2B7F-461B-94DC-2D216345EBB9} = {149A8BC2-91D1-4249-9E1D-7B0054347832}
		{776382CD-4E23-4EF0-89D7-963E63507B5F} = {149A8BC2-91D1-4249-9E1D-7B0054347832}
		{8611136B-B88E-498C-9F5B-5CF22EE48D32} = {149A8BC2-91D1-4249-9E1D-7B0054347832}
		{DB6A1F1D-5617-4750-A609-506067B01336} = {B2D034E4-684C-48C8-85C4-A74AFEDF9BEA}
		{229A9BFA-B737-40B3-87FA-BACE20587C46} = {DB6A1F1D-5617-4750-A609-506067B01336}
		{433026E0-3C04-490D-85C6-BCBFF4ABA75A} = {DB6A1F1D-5617-4750-A609-506067B01336}
		{0E8DF225-AFF9-41E1-BE3F-CDDDCF0CE32E} = {DB6A1F1D-5617-4750-A609-506067B01336}
		{ECE8BD8B-8CAC-4E94-9D8C-1A004AB659F4} = {DB6A1F1D-5617-4750-A609-506067B01336}
		{E3615811-FD58-43C0-98F6-925C19595880} = {DB6A1F1D-5617-4750-A609-506067B01336}
		{C1AA221E-83B2-42DB-9BD3-D221DF7D85DB} = {DB6A1F1D-5617-4750-A609-506067B01336}
		{CBDF8BE3-7BBE-4931-96D7-74F192FA8B43} = {DB6A1F1D-5617-4750-A609-506067B01336}
		{8E4A3651-9264-4FD6-AA1C-E48AEF26EFCA} = {DB6A1F1D-5617-4750-A609-506067B01336}
		{FDCD4C59-2D82-43EF-B148-064AAEBA02D9} = {DB6A1F1D-5617-4750-A609-506067B01336}
		{8F54D7C3-67CF-4058-BFB5-8FBCF327B355} = {DB6A1F1D-5617-4750-A609-506067B01336}
		{DAC01E7B-9B98-4DB3-AC5B-9D093785B17E} = {E4F7A1D2-3BB2-46C4-B8E5-4FD4CADB94CA}
		{913D6C98-B30D-4DBA-B5FB-F35A52725C43} = {DAC01E7B-9B98-4DB3-AC5B-9D093785B17E}
		{14B52D81-C751-45B6-AD71-873FB26C80F7} = {DAC01E7B-9B98-4DB3-AC5B-9D093785B17E}
		{2735FEDB-7AFC-442A-ADDE-2B88B0A6E078} = {DAC01E7B-9B98-4DB3-AC5B-9D093785B17E}
		{E770E959-7E1E-4395-B6E9-CFC03EFBC7E8} = {149A8BC2-91D1-4249-9E1D-7B0054347832}
		{BDDB3782-96AE-4D83-8F67-680DD55BC2E4} = {EC61DB68-353D-4825-B221-FADABA7ADFF3}
		{8F548F05-E3CF-4929-B341-C2AC179612F7} = {EC61DB68-353D-4825-B221-FADABA7ADFF3}
		{DC1CBF5C-D2A8-4617-B6B0-F91A91216B7C} = {E4F7A1D2-3BB2-46C4-B8E5-4FD4CADB94CA}
		{8BC04F87-80BC-42D4-8BA3-25913BA6C13A} = {E4F7A1D2-3BB2-46C4-B8E5-4FD4CADB94CA}
		{A4FBE98A-3624-44A9-8DAB-1B3D58B10F70} = {DAC01E7B-9B98-4DB3-AC5B-9D093785B17E}
		{45789AD1-F501-469F-B410-D71AE73EE3EC} = {E4F7A1D2-3BB2-46C4-B8E5-4FD4CADB94CA}
		{FF5E7ED0-5D21-4C77-884B-5CCBC063D2F7} = {B2D034E4-684C-48C8-85C4-A74AFEDF9BEA}
		{840FFBFA-A9A9-4EC9-9FDE-4506888C24CA} = {FF5E7ED0-5D21-4C77-884B-5CCBC063D2F7}
		{D5585B99-526A-4348-B58B-B5FD38F0A141} = {FF5E7ED0-5D21-4C77-884B-5CCBC063D2F7}
		{13BB3E3F-C4B2-4F76-ACE8-0D910A6CCA69} = {EC61DB68-353D-4825-B221-FADABA7ADFF3}
		{844F634D-F7ED-44AA-A1F8-021144F429D1} = {149A8BC2-91D1-4249-9E1D-7B0054347832}
	EndGlobalSection
	GlobalSection(ExtensibilityGlobals) = postSolution
		SolutionGuid = {2759A62D-227A-4D68-B6B5-966B9141AA74}
	EndGlobalSection
EndGlobal
