
Microsoft Visual Studio Solution File, Format Version 12.00
# Visual Studio Version 16
VisualStudioVersion = 16.0.29009.5
MinimumVisualStudioVersion = 10.0.40219.1
Project("{2150E333-8FDC-42A3-9474-1A3956D46DE8}") = "Tools", "Tools", "{149A8BC2-91D1-4249-9E1D-7B0054347832}"
EndProject
Project("{9A19103F-16F7-4668-BE54-9A1E7A4F7556}") = "UAlbion.Game", "Game\UAlbion.Game.csproj", "{CE0E2DB4-828A-45F4-9C41-20A7C5522DA0}"
EndProject
Project("{9A19103F-16F7-4668-BE54-9A1E7A4F7556}") = "UAlbion.Formats", "Formats\UAlbion.Formats.csproj", "{78B55A1C-1200-4C6E-A9D3-9C04D65F0AF9}"
EndProject
Project("{9A19103F-16F7-4668-BE54-9A1E7A4F7556}") = "UAlbion", "UAlbion\UAlbion.csproj", "{215725EE-7C55-49B6-97C1-88CDC163A8B0}"
EndProject
Project("{6EC3EE1D-3C4E-46DD-8F32-0CC8E7565705}") = "UAlbion.Tools.Exporter", "Tools\Exporter\UAlbion.Tools.Exporter.fsproj", "{8611136B-B88E-498C-9F5B-5CF22EE48D32}"
EndProject
Project("{9A19103F-16F7-4668-BE54-9A1E7A4F7556}") = "UAlbion.Core", "Core\UAlbion.Core.csproj", "{4B3B467B-2E99-4836-B589-A69D272417F0}"
EndProject
Project("{2150E333-8FDC-42A3-9474-1A3956D46DE8}") = "Data", "Data", "{E4F7A1D2-3BB2-46C4-B8E5-4FD4CADB94CA}"
	ProjectSection(SolutionItems) = preProject
		data\assets.json = data\assets.json
		data\assets_min.json = data\assets_min.json
		data\config.json = data\config.json
		data\core_sprites.json = data\core_sprites.json
		data\input.json = data\input.json
		data\inventory.json = data\inventory.json
		data\items.json = data\items.json
		data\savefile.txt = data\savefile.txt
	EndProjectSection
EndProject
Project("{9A19103F-16F7-4668-BE54-9A1E7A4F7556}") = "GenerateEnums", "Tools\GenerateEnums\GenerateEnums.csproj", "{F1CAE7BE-2B7F-461B-94DC-2D216345EBB9}"
EndProject
Project("{9A19103F-16F7-4668-BE54-9A1E7A4F7556}") = "UAlbion.Api", "Api\UAlbion.Api.csproj", "{20D41E69-C260-461F-A0B9-89920F133F60}"
EndProject
Project("{9A19103F-16F7-4668-BE54-9A1E7A4F7556}") = "UAlbion.Core.Veldrid", "Core.Veldrid\UAlbion.Core.Veldrid.csproj", "{EF1027DF-951A-4544-8780-5D190EE3725E}"
EndProject
Project("{FAE04EC0-301F-11D3-BF4B-00C04F79EFBC}") = "UAlbion.Game.Veldrid", "Game.Veldrid\UAlbion.Game.Veldrid.csproj", "{8CAAAFFC-3BE8-468B-830D-24610F4F75A2}"
EndProject
Project("{2150E333-8FDC-42A3-9474-1A3956D46DE8}") = "Tests", "Tests", "{EC61DB68-353D-4825-B221-FADABA7ADFF3}"
	ProjectSection(SolutionItems) = preProject
		Tests\Api\UAlbion.Api.Tests.csproj = Tests\Api\UAlbion.Api.Tests.csproj
		Tests\Core\UAlbion.Core.Tests.csproj = Tests\Core\UAlbion.Core.Tests.csproj
		Tests\Game\UAlbion.Game.Tests.csproj = Tests\Game\UAlbion.Game.Tests.csproj
	EndProjectSection
EndProject
Global
	GlobalSection(SolutionConfigurationPlatforms) = preSolution
		Debug|Any CPU = Debug|Any CPU
		Debug|x64 = Debug|x64
		Debug|x86 = Debug|x86
		Release|Any CPU = Release|Any CPU
		Release|x64 = Release|x64
		Release|x86 = Release|x86
	EndGlobalSection
	GlobalSection(ProjectConfigurationPlatforms) = postSolution
		{CE0E2DB4-828A-45F4-9C41-20A7C5522DA0}.Debug|Any CPU.ActiveCfg = Debug|Any CPU
		{CE0E2DB4-828A-45F4-9C41-20A7C5522DA0}.Debug|Any CPU.Build.0 = Debug|Any CPU
		{CE0E2DB4-828A-45F4-9C41-20A7C5522DA0}.Debug|x64.ActiveCfg = Debug|Any CPU
		{CE0E2DB4-828A-45F4-9C41-20A7C5522DA0}.Debug|x64.Build.0 = Debug|Any CPU
		{CE0E2DB4-828A-45F4-9C41-20A7C5522DA0}.Debug|x86.ActiveCfg = Debug|Any CPU
		{CE0E2DB4-828A-45F4-9C41-20A7C5522DA0}.Debug|x86.Build.0 = Debug|Any CPU
		{CE0E2DB4-828A-45F4-9C41-20A7C5522DA0}.Release|Any CPU.ActiveCfg = Release|Any CPU
		{CE0E2DB4-828A-45F4-9C41-20A7C5522DA0}.Release|Any CPU.Build.0 = Release|Any CPU
		{CE0E2DB4-828A-45F4-9C41-20A7C5522DA0}.Release|x64.ActiveCfg = Release|Any CPU
		{CE0E2DB4-828A-45F4-9C41-20A7C5522DA0}.Release|x64.Build.0 = Release|Any CPU
		{CE0E2DB4-828A-45F4-9C41-20A7C5522DA0}.Release|x86.ActiveCfg = Release|Any CPU
		{CE0E2DB4-828A-45F4-9C41-20A7C5522DA0}.Release|x86.Build.0 = Release|Any CPU
		{78B55A1C-1200-4C6E-A9D3-9C04D65F0AF9}.Debug|Any CPU.ActiveCfg = Debug|Any CPU
		{78B55A1C-1200-4C6E-A9D3-9C04D65F0AF9}.Debug|Any CPU.Build.0 = Debug|Any CPU
		{78B55A1C-1200-4C6E-A9D3-9C04D65F0AF9}.Debug|x64.ActiveCfg = Debug|Any CPU
		{78B55A1C-1200-4C6E-A9D3-9C04D65F0AF9}.Debug|x64.Build.0 = Debug|Any CPU
		{78B55A1C-1200-4C6E-A9D3-9C04D65F0AF9}.Debug|x86.ActiveCfg = Debug|Any CPU
		{78B55A1C-1200-4C6E-A9D3-9C04D65F0AF9}.Debug|x86.Build.0 = Debug|Any CPU
		{78B55A1C-1200-4C6E-A9D3-9C04D65F0AF9}.Release|Any CPU.ActiveCfg = Release|Any CPU
		{78B55A1C-1200-4C6E-A9D3-9C04D65F0AF9}.Release|Any CPU.Build.0 = Release|Any CPU
		{78B55A1C-1200-4C6E-A9D3-9C04D65F0AF9}.Release|x64.ActiveCfg = Release|Any CPU
		{78B55A1C-1200-4C6E-A9D3-9C04D65F0AF9}.Release|x64.Build.0 = Release|Any CPU
		{78B55A1C-1200-4C6E-A9D3-9C04D65F0AF9}.Release|x86.ActiveCfg = Release|Any CPU
		{78B55A1C-1200-4C6E-A9D3-9C04D65F0AF9}.Release|x86.Build.0 = Release|Any CPU
		{215725EE-7C55-49B6-97C1-88CDC163A8B0}.Debug|Any CPU.ActiveCfg = Debug|Any CPU
		{215725EE-7C55-49B6-97C1-88CDC163A8B0}.Debug|Any CPU.Build.0 = Debug|Any CPU
		{215725EE-7C55-49B6-97C1-88CDC163A8B0}.Debug|x64.ActiveCfg = Debug|Any CPU
		{215725EE-7C55-49B6-97C1-88CDC163A8B0}.Debug|x64.Build.0 = Debug|Any CPU
		{215725EE-7C55-49B6-97C1-88CDC163A8B0}.Debug|x86.ActiveCfg = Debug|Any CPU
		{215725EE-7C55-49B6-97C1-88CDC163A8B0}.Debug|x86.Build.0 = Debug|Any CPU
		{215725EE-7C55-49B6-97C1-88CDC163A8B0}.Release|Any CPU.ActiveCfg = Release|Any CPU
		{215725EE-7C55-49B6-97C1-88CDC163A8B0}.Release|Any CPU.Build.0 = Release|Any CPU
		{215725EE-7C55-49B6-97C1-88CDC163A8B0}.Release|x64.ActiveCfg = Release|Any CPU
		{215725EE-7C55-49B6-97C1-88CDC163A8B0}.Release|x64.Build.0 = Release|Any CPU
		{215725EE-7C55-49B6-97C1-88CDC163A8B0}.Release|x86.ActiveCfg = Release|Any CPU
		{215725EE-7C55-49B6-97C1-88CDC163A8B0}.Release|x86.Build.0 = Release|Any CPU
		{8611136B-B88E-498C-9F5B-5CF22EE48D32}.Debug|Any CPU.ActiveCfg = Debug|Any CPU
		{8611136B-B88E-498C-9F5B-5CF22EE48D32}.Debug|Any CPU.Build.0 = Debug|Any CPU
		{8611136B-B88E-498C-9F5B-5CF22EE48D32}.Debug|x64.ActiveCfg = Debug|Any CPU
		{8611136B-B88E-498C-9F5B-5CF22EE48D32}.Debug|x64.Build.0 = Debug|Any CPU
		{8611136B-B88E-498C-9F5B-5CF22EE48D32}.Debug|x86.ActiveCfg = Debug|Any CPU
		{8611136B-B88E-498C-9F5B-5CF22EE48D32}.Debug|x86.Build.0 = Debug|Any CPU
		{8611136B-B88E-498C-9F5B-5CF22EE48D32}.Release|Any CPU.ActiveCfg = Release|Any CPU
		{8611136B-B88E-498C-9F5B-5CF22EE48D32}.Release|Any CPU.Build.0 = Release|Any CPU
		{8611136B-B88E-498C-9F5B-5CF22EE48D32}.Release|x64.ActiveCfg = Release|Any CPU
		{8611136B-B88E-498C-9F5B-5CF22EE48D32}.Release|x64.Build.0 = Release|Any CPU
		{8611136B-B88E-498C-9F5B-5CF22EE48D32}.Release|x86.ActiveCfg = Release|Any CPU
		{8611136B-B88E-498C-9F5B-5CF22EE48D32}.Release|x86.Build.0 = Release|Any CPU
		{4B3B467B-2E99-4836-B589-A69D272417F0}.Debug|Any CPU.ActiveCfg = Debug|Any CPU
		{4B3B467B-2E99-4836-B589-A69D272417F0}.Debug|Any CPU.Build.0 = Debug|Any CPU
		{4B3B467B-2E99-4836-B589-A69D272417F0}.Debug|x64.ActiveCfg = Debug|Any CPU
		{4B3B467B-2E99-4836-B589-A69D272417F0}.Debug|x64.Build.0 = Debug|Any CPU
		{4B3B467B-2E99-4836-B589-A69D272417F0}.Debug|x86.ActiveCfg = Debug|Any CPU
		{4B3B467B-2E99-4836-B589-A69D272417F0}.Debug|x86.Build.0 = Debug|Any CPU
		{4B3B467B-2E99-4836-B589-A69D272417F0}.Release|Any CPU.ActiveCfg = Release|Any CPU
		{4B3B467B-2E99-4836-B589-A69D272417F0}.Release|Any CPU.Build.0 = Release|Any CPU
		{4B3B467B-2E99-4836-B589-A69D272417F0}.Release|x64.ActiveCfg = Release|Any CPU
		{4B3B467B-2E99-4836-B589-A69D272417F0}.Release|x64.Build.0 = Release|Any CPU
		{4B3B467B-2E99-4836-B589-A69D272417F0}.Release|x86.ActiveCfg = Release|Any CPU
		{4B3B467B-2E99-4836-B589-A69D272417F0}.Release|x86.Build.0 = Release|Any CPU
		{F1CAE7BE-2B7F-461B-94DC-2D216345EBB9}.Debug|Any CPU.ActiveCfg = Debug|Any CPU
		{F1CAE7BE-2B7F-461B-94DC-2D216345EBB9}.Debug|Any CPU.Build.0 = Debug|Any CPU
		{F1CAE7BE-2B7F-461B-94DC-2D216345EBB9}.Debug|x64.ActiveCfg = Debug|Any CPU
		{F1CAE7BE-2B7F-461B-94DC-2D216345EBB9}.Debug|x64.Build.0 = Debug|Any CPU
		{F1CAE7BE-2B7F-461B-94DC-2D216345EBB9}.Debug|x86.ActiveCfg = Debug|Any CPU
		{F1CAE7BE-2B7F-461B-94DC-2D216345EBB9}.Debug|x86.Build.0 = Debug|Any CPU
		{F1CAE7BE-2B7F-461B-94DC-2D216345EBB9}.Release|Any CPU.ActiveCfg = Release|Any CPU
		{F1CAE7BE-2B7F-461B-94DC-2D216345EBB9}.Release|Any CPU.Build.0 = Release|Any CPU
		{F1CAE7BE-2B7F-461B-94DC-2D216345EBB9}.Release|x64.ActiveCfg = Release|Any CPU
		{F1CAE7BE-2B7F-461B-94DC-2D216345EBB9}.Release|x64.Build.0 = Release|Any CPU
		{F1CAE7BE-2B7F-461B-94DC-2D216345EBB9}.Release|x86.ActiveCfg = Release|Any CPU
		{F1CAE7BE-2B7F-461B-94DC-2D216345EBB9}.Release|x86.Build.0 = Release|Any CPU
		{20D41E69-C260-461F-A0B9-89920F133F60}.Debug|Any CPU.ActiveCfg = Debug|Any CPU
		{20D41E69-C260-461F-A0B9-89920F133F60}.Debug|Any CPU.Build.0 = Debug|Any CPU
		{20D41E69-C260-461F-A0B9-89920F133F60}.Debug|x64.ActiveCfg = Debug|Any CPU
		{20D41E69-C260-461F-A0B9-89920F133F60}.Debug|x64.Build.0 = Debug|Any CPU
		{20D41E69-C260-461F-A0B9-89920F133F60}.Debug|x86.ActiveCfg = Debug|Any CPU
		{20D41E69-C260-461F-A0B9-89920F133F60}.Debug|x86.Build.0 = Debug|Any CPU
		{20D41E69-C260-461F-A0B9-89920F133F60}.Release|Any CPU.ActiveCfg = Release|Any CPU
		{20D41E69-C260-461F-A0B9-89920F133F60}.Release|Any CPU.Build.0 = Release|Any CPU
		{20D41E69-C260-461F-A0B9-89920F133F60}.Release|x64.ActiveCfg = Release|Any CPU
		{20D41E69-C260-461F-A0B9-89920F133F60}.Release|x64.Build.0 = Release|Any CPU
		{20D41E69-C260-461F-A0B9-89920F133F60}.Release|x86.ActiveCfg = Release|Any CPU
		{20D41E69-C260-461F-A0B9-89920F133F60}.Release|x86.Build.0 = Release|Any CPU
		{EF1027DF-951A-4544-8780-5D190EE3725E}.Debug|Any CPU.ActiveCfg = Debug|Any CPU
		{EF1027DF-951A-4544-8780-5D190EE3725E}.Debug|Any CPU.Build.0 = Debug|Any CPU
		{EF1027DF-951A-4544-8780-5D190EE3725E}.Debug|x64.ActiveCfg = Debug|Any CPU
		{EF1027DF-951A-4544-8780-5D190EE3725E}.Debug|x64.Build.0 = Debug|Any CPU
		{EF1027DF-951A-4544-8780-5D190EE3725E}.Debug|x86.ActiveCfg = Debug|Any CPU
		{EF1027DF-951A-4544-8780-5D190EE3725E}.Debug|x86.Build.0 = Debug|Any CPU
		{EF1027DF-951A-4544-8780-5D190EE3725E}.Release|Any CPU.ActiveCfg = Release|Any CPU
		{EF1027DF-951A-4544-8780-5D190EE3725E}.Release|Any CPU.Build.0 = Release|Any CPU
		{EF1027DF-951A-4544-8780-5D190EE3725E}.Release|x64.ActiveCfg = Release|Any CPU
		{EF1027DF-951A-4544-8780-5D190EE3725E}.Release|x64.Build.0 = Release|Any CPU
		{EF1027DF-951A-4544-8780-5D190EE3725E}.Release|x86.ActiveCfg = Release|Any CPU
		{EF1027DF-951A-4544-8780-5D190EE3725E}.Release|x86.Build.0 = Release|Any CPU
		{8CAAAFFC-3BE8-468B-830D-24610F4F75A2}.Debug|Any CPU.ActiveCfg = Debug|Any CPU
		{8CAAAFFC-3BE8-468B-830D-24610F4F75A2}.Debug|Any CPU.Build.0 = Debug|Any CPU
		{8CAAAFFC-3BE8-468B-830D-24610F4F75A2}.Debug|x64.ActiveCfg = Debug|Any CPU
		{8CAAAFFC-3BE8-468B-830D-24610F4F75A2}.Debug|x64.Build.0 = Debug|Any CPU
		{8CAAAFFC-3BE8-468B-830D-24610F4F75A2}.Debug|x86.ActiveCfg = Debug|Any CPU
		{8CAAAFFC-3BE8-468B-830D-24610F4F75A2}.Debug|x86.Build.0 = Debug|Any CPU
		{8CAAAFFC-3BE8-468B-830D-24610F4F75A2}.Release|Any CPU.ActiveCfg = Release|Any CPU
		{8CAAAFFC-3BE8-468B-830D-24610F4F75A2}.Release|Any CPU.Build.0 = Release|Any CPU
		{8CAAAFFC-3BE8-468B-830D-24610F4F75A2}.Release|x64.ActiveCfg = Release|Any CPU
		{8CAAAFFC-3BE8-468B-830D-24610F4F75A2}.Release|x64.Build.0 = Release|Any CPU
		{8CAAAFFC-3BE8-468B-830D-24610F4F75A2}.Release|x86.ActiveCfg = Release|Any CPU
		{8CAAAFFC-3BE8-468B-830D-24610F4F75A2}.Release|x86.Build.0 = Release|Any CPU
	EndGlobalSection
	GlobalSection(SolutionProperties) = preSolution
		HideSolutionNode = FALSE
	EndGlobalSection
	GlobalSection(NestedProjects) = preSolution
		{8611136B-B88E-498C-9F5B-5CF22EE48D32} = {149A8BC2-91D1-4249-9E1D-7B0054347832}
		{F1CAE7BE-2B7F-461B-94DC-2D216345EBB9} = {149A8BC2-91D1-4249-9E1D-7B0054347832}
	EndGlobalSection
	GlobalSection(ExtensibilityGlobals) = postSolution
		SolutionGuid = {2759A62D-227A-4D68-B6B5-966B9141AA74}
	EndGlobalSection
EndGlobal
