
Microsoft Visual Studio Solution File, Format Version 12.00
# Visual Studio Version 16
VisualStudioVersion = 16.0.29009.5
MinimumVisualStudioVersion = 10.0.40219.1
Project("{8BC9CEB8-8B4A-11D0-8D11-00A0C91BC942}") = "UAlbion.Tools.XmiToMidi", "Tools\XmiToMidi\XmiToMidi.vcxproj", "{805EFBD8-AB8F-4B2D-8EED-33951B1FC021}"
EndProject
Project("{2150E333-8FDC-42A3-9474-1A3956D46DE8}") = "Tools", "Tools", "{149A8BC2-91D1-4249-9E1D-7B0054347832}"
EndProject
Project("{9A19103F-16F7-4668-BE54-9A1E7A4F7556}") = "UAlbion.Game", "UAlbion.Game\UAlbion.Game.csproj", "{CE0E2DB4-828A-45F4-9C41-20A7C5522DA0}"
EndProject
Project("{9A19103F-16F7-4668-BE54-9A1E7A4F7556}") = "UAlbion.Formats", "UAlbion.Formats\UAlbion.Formats.csproj", "{78B55A1C-1200-4C6E-A9D3-9C04D65F0AF9}"
EndProject
Project("{9A19103F-16F7-4668-BE54-9A1E7A4F7556}") = "UAlbion", "UAlbion\UAlbion.csproj", "{215725EE-7C55-49B6-97C1-88CDC163A8B0}"
EndProject
Project("{6EC3EE1D-3C4E-46DD-8F32-0CC8E7565705}") = "UAlbion.Tools.Exporter", "Tools\Exporter\UAlbion.Tools.Exporter.fsproj", "{8611136B-B88E-498C-9F5B-5CF22EE48D32}"
EndProject
Project("{9A19103F-16F7-4668-BE54-9A1E7A4F7556}") = "ImageReverser.Core", "Tools\ImageReverser\ImageReverser.Core.csproj", "{DAF591A3-9EC7-4153-9856-3ADD612CE09E}"
EndProject
Project("{FAE04EC0-301F-11D3-BF4B-00C04F79EFBC}") = "ImageReverser.Framework", "Tools\ImageReverser\Framework\ImageReverser.Framework.csproj", "{776382CD-4E23-4EF0-89D7-963E63507B5F}"
EndProject
Project("{9A19103F-16F7-4668-BE54-9A1E7A4F7556}") = "UAlbion.Core", "UAlbion.Core\UAlbion.Core.csproj", "{4B3B467B-2E99-4836-B589-A69D272417F0}"
EndProject
Global
	GlobalSection(SolutionConfigurationPlatforms) = preSolution
		Debug|Any CPU = Debug|Any CPU
		Debug|x64 = Debug|x64
		Debug|x86 = Debug|x86
		Release|Any CPU = Release|Any CPU
		Release|x64 = Release|x64
		Release|x86 = Release|x86
	EndGlobalSection
	GlobalSection(ProjectConfigurationPlatforms) = postSolution
		{805EFBD8-AB8F-4B2D-8EED-33951B1FC021}.Debug|Any CPU.ActiveCfg = Debug|Win32
		{805EFBD8-AB8F-4B2D-8EED-33951B1FC021}.Debug|Any CPU.Build.0 = Debug|Win32
		{805EFBD8-AB8F-4B2D-8EED-33951B1FC021}.Debug|x64.ActiveCfg = Debug|x64
		{805EFBD8-AB8F-4B2D-8EED-33951B1FC021}.Debug|x64.Build.0 = Debug|x64
		{805EFBD8-AB8F-4B2D-8EED-33951B1FC021}.Debug|x86.ActiveCfg = Debug|Win32
		{805EFBD8-AB8F-4B2D-8EED-33951B1FC021}.Debug|x86.Build.0 = Debug|Win32
		{805EFBD8-AB8F-4B2D-8EED-33951B1FC021}.Release|Any CPU.ActiveCfg = Release|Win32
		{805EFBD8-AB8F-4B2D-8EED-33951B1FC021}.Release|x64.ActiveCfg = Release|x64
		{805EFBD8-AB8F-4B2D-8EED-33951B1FC021}.Release|x64.Build.0 = Release|x64
		{805EFBD8-AB8F-4B2D-8EED-33951B1FC021}.Release|x86.ActiveCfg = Release|Win32
		{805EFBD8-AB8F-4B2D-8EED-33951B1FC021}.Release|x86.Build.0 = Release|Win32
		{CE0E2DB4-828A-45F4-9C41-20A7C5522DA0}.Debug|Any CPU.ActiveCfg = Debug|Any CPU
		{CE0E2DB4-828A-45F4-9C41-20A7C5522DA0}.Debug|Any CPU.Build.0 = Debug|Any CPU
		{CE0E2DB4-828A-45F4-9C41-20A7C5522DA0}.Debug|x64.ActiveCfg = Debug|Any CPU
		{CE0E2DB4-828A-45F4-9C41-20A7C5522DA0}.Debug|x64.Build.0 = Debug|Any CPU
		{CE0E2DB4-828A-45F4-9C41-20A7C5522DA0}.Debug|x86.ActiveCfg = Debug|Any CPU
		{CE0E2DB4-828A-45F4-9C41-20A7C5522DA0}.Debug|x86.Build.0 = Debug|Any CPU
		{CE0E2DB4-828A-45F4-9C41-20A7C5522DA0}.Release|Any CPU.ActiveCfg = Release|Any CPU
		{CE0E2DB4-828A-45F4-9C41-20A7C5522DA0}.Release|Any CPU.Build.0 = Release|Any CPU
		{CE0E2DB4-828A-45F4-9C41-20A7C5522DA0}.Release|x64.ActiveCfg = Release|Any CPU
		{CE0E2DB4-828A-45F4-9C41-20A7C5522DA0}.Release|x64.Build.0 = Release|Any CPU
		{CE0E2DB4-828A-45F4-9C41-20A7C5522DA0}.Release|x86.ActiveCfg = Release|Any CPU
		{CE0E2DB4-828A-45F4-9C41-20A7C5522DA0}.Release|x86.Build.0 = Release|Any CPU
		{78B55A1C-1200-4C6E-A9D3-9C04D65F0AF9}.Debug|Any CPU.ActiveCfg = Debug|Any CPU
		{78B55A1C-1200-4C6E-A9D3-9C04D65F0AF9}.Debug|Any CPU.Build.0 = Debug|Any CPU
		{78B55A1C-1200-4C6E-A9D3-9C04D65F0AF9}.Debug|x64.ActiveCfg = Debug|Any CPU
		{78B55A1C-1200-4C6E-A9D3-9C04D65F0AF9}.Debug|x64.Build.0 = Debug|Any CPU
		{78B55A1C-1200-4C6E-A9D3-9C04D65F0AF9}.Debug|x86.ActiveCfg = Debug|Any CPU
		{78B55A1C-1200-4C6E-A9D3-9C04D65F0AF9}.Debug|x86.Build.0 = Debug|Any CPU
		{78B55A1C-1200-4C6E-A9D3-9C04D65F0AF9}.Release|Any CPU.ActiveCfg = Release|Any CPU
		{78B55A1C-1200-4C6E-A9D3-9C04D65F0AF9}.Release|Any CPU.Build.0 = Release|Any CPU
		{78B55A1C-1200-4C6E-A9D3-9C04D65F0AF9}.Release|x64.ActiveCfg = Release|Any CPU
		{78B55A1C-1200-4C6E-A9D3-9C04D65F0AF9}.Release|x64.Build.0 = Release|Any CPU
		{78B55A1C-1200-4C6E-A9D3-9C04D65F0AF9}.Release|x86.ActiveCfg = Release|Any CPU
		{78B55A1C-1200-4C6E-A9D3-9C04D65F0AF9}.Release|x86.Build.0 = Release|Any CPU
		{215725EE-7C55-49B6-97C1-88CDC163A8B0}.Debug|Any CPU.ActiveCfg = Debug|Any CPU
		{215725EE-7C55-49B6-97C1-88CDC163A8B0}.Debug|Any CPU.Build.0 = Debug|Any CPU
		{215725EE-7C55-49B6-97C1-88CDC163A8B0}.Debug|x64.ActiveCfg = Debug|Any CPU
		{215725EE-7C55-49B6-97C1-88CDC163A8B0}.Debug|x64.Build.0 = Debug|Any CPU
		{215725EE-7C55-49B6-97C1-88CDC163A8B0}.Debug|x86.ActiveCfg = Debug|Any CPU
		{215725EE-7C55-49B6-97C1-88CDC163A8B0}.Debug|x86.Build.0 = Debug|Any CPU
		{215725EE-7C55-49B6-97C1-88CDC163A8B0}.Release|Any CPU.ActiveCfg = Release|Any CPU
		{215725EE-7C55-49B6-97C1-88CDC163A8B0}.Release|Any CPU.Build.0 = Release|Any CPU
		{215725EE-7C55-49B6-97C1-88CDC163A8B0}.Release|x64.ActiveCfg = Release|Any CPU
		{215725EE-7C55-49B6-97C1-88CDC163A8B0}.Release|x64.Build.0 = Release|Any CPU
		{215725EE-7C55-49B6-97C1-88CDC163A8B0}.Release|x86.ActiveCfg = Release|Any CPU
		{215725EE-7C55-49B6-97C1-88CDC163A8B0}.Release|x86.Build.0 = Release|Any CPU
		{8611136B-B88E-498C-9F5B-5CF22EE48D32}.Debug|Any CPU.ActiveCfg = Debug|Any CPU
		{8611136B-B88E-498C-9F5B-5CF22EE48D32}.Debug|Any CPU.Build.0 = Debug|Any CPU
		{8611136B-B88E-498C-9F5B-5CF22EE48D32}.Debug|x64.ActiveCfg = Debug|Any CPU
		{8611136B-B88E-498C-9F5B-5CF22EE48D32}.Debug|x64.Build.0 = Debug|Any CPU
		{8611136B-B88E-498C-9F5B-5CF22EE48D32}.Debug|x86.ActiveCfg = Debug|Any CPU
		{8611136B-B88E-498C-9F5B-5CF22EE48D32}.Debug|x86.Build.0 = Debug|Any CPU
		{8611136B-B88E-498C-9F5B-5CF22EE48D32}.Release|Any CPU.ActiveCfg = Release|Any CPU
		{8611136B-B88E-498C-9F5B-5CF22EE48D32}.Release|Any CPU.Build.0 = Release|Any CPU
		{8611136B-B88E-498C-9F5B-5CF22EE48D32}.Release|x64.ActiveCfg = Release|Any CPU
		{8611136B-B88E-498C-9F5B-5CF22EE48D32}.Release|x64.Build.0 = Release|Any CPU
		{8611136B-B88E-498C-9F5B-5CF22EE48D32}.Release|x86.ActiveCfg = Release|Any CPU
		{8611136B-B88E-498C-9F5B-5CF22EE48D32}.Release|x86.Build.0 = Release|Any CPU
		{DAF591A3-9EC7-4153-9856-3ADD612CE09E}.Debug|Any CPU.ActiveCfg = Debug|Any CPU
		{DAF591A3-9EC7-4153-9856-3ADD612CE09E}.Debug|Any CPU.Build.0 = Debug|Any CPU
		{DAF591A3-9EC7-4153-9856-3ADD612CE09E}.Debug|x64.ActiveCfg = Debug|Any CPU
		{DAF591A3-9EC7-4153-9856-3ADD612CE09E}.Debug|x64.Build.0 = Debug|Any CPU
		{DAF591A3-9EC7-4153-9856-3ADD612CE09E}.Debug|x86.ActiveCfg = Debug|Any CPU
		{DAF591A3-9EC7-4153-9856-3ADD612CE09E}.Debug|x86.Build.0 = Debug|Any CPU
		{DAF591A3-9EC7-4153-9856-3ADD612CE09E}.Release|Any CPU.ActiveCfg = Release|Any CPU
		{DAF591A3-9EC7-4153-9856-3ADD612CE09E}.Release|Any CPU.Build.0 = Release|Any CPU
		{DAF591A3-9EC7-4153-9856-3ADD612CE09E}.Release|x64.ActiveCfg = Release|Any CPU
		{DAF591A3-9EC7-4153-9856-3ADD612CE09E}.Release|x64.Build.0 = Release|Any CPU
		{DAF591A3-9EC7-4153-9856-3ADD612CE09E}.Release|x86.ActiveCfg = Release|Any CPU
		{DAF591A3-9EC7-4153-9856-3ADD612CE09E}.Release|x86.Build.0 = Release|Any CPU
		{776382CD-4E23-4EF0-89D7-963E63507B5F}.Debug|Any CPU.ActiveCfg = Debug|Any CPU
		{776382CD-4E23-4EF0-89D7-963E63507B5F}.Debug|Any CPU.Build.0 = Debug|Any CPU
		{776382CD-4E23-4EF0-89D7-963E63507B5F}.Debug|x64.ActiveCfg = Debug|Any CPU
		{776382CD-4E23-4EF0-89D7-963E63507B5F}.Debug|x64.Build.0 = Debug|Any CPU
		{776382CD-4E23-4EF0-89D7-963E63507B5F}.Debug|x86.ActiveCfg = Debug|Any CPU
		{776382CD-4E23-4EF0-89D7-963E63507B5F}.Debug|x86.Build.0 = Debug|Any CPU
		{776382CD-4E23-4EF0-89D7-963E63507B5F}.Release|Any CPU.ActiveCfg = Release|Any CPU
		{776382CD-4E23-4EF0-89D7-963E63507B5F}.Release|Any CPU.Build.0 = Release|Any CPU
		{776382CD-4E23-4EF0-89D7-963E63507B5F}.Release|x64.ActiveCfg = Release|Any CPU
		{776382CD-4E23-4EF0-89D7-963E63507B5F}.Release|x64.Build.0 = Release|Any CPU
		{776382CD-4E23-4EF0-89D7-963E63507B5F}.Release|x86.ActiveCfg = Release|Any CPU
		{776382CD-4E23-4EF0-89D7-963E63507B5F}.Release|x86.Build.0 = Release|Any CPU
		{4B3B467B-2E99-4836-B589-A69D272417F0}.Debug|Any CPU.ActiveCfg = Debug|Any CPU
		{4B3B467B-2E99-4836-B589-A69D272417F0}.Debug|Any CPU.Build.0 = Debug|Any CPU
		{4B3B467B-2E99-4836-B589-A69D272417F0}.Debug|x64.ActiveCfg = Debug|Any CPU
		{4B3B467B-2E99-4836-B589-A69D272417F0}.Debug|x64.Build.0 = Debug|Any CPU
		{4B3B467B-2E99-4836-B589-A69D272417F0}.Debug|x86.ActiveCfg = Debug|Any CPU
		{4B3B467B-2E99-4836-B589-A69D272417F0}.Debug|x86.Build.0 = Debug|Any CPU
		{4B3B467B-2E99-4836-B589-A69D272417F0}.Release|Any CPU.ActiveCfg = Release|Any CPU
		{4B3B467B-2E99-4836-B589-A69D272417F0}.Release|Any CPU.Build.0 = Release|Any CPU
		{4B3B467B-2E99-4836-B589-A69D272417F0}.Release|x64.ActiveCfg = Release|Any CPU
		{4B3B467B-2E99-4836-B589-A69D272417F0}.Release|x64.Build.0 = Release|Any CPU
		{4B3B467B-2E99-4836-B589-A69D272417F0}.Release|x86.ActiveCfg = Release|Any CPU
		{4B3B467B-2E99-4836-B589-A69D272417F0}.Release|x86.Build.0 = Release|Any CPU
	EndGlobalSection
	GlobalSection(SolutionProperties) = preSolution
		HideSolutionNode = FALSE
	EndGlobalSection
	GlobalSection(NestedProjects) = preSolution
		{805EFBD8-AB8F-4B2D-8EED-33951B1FC021} = {149A8BC2-91D1-4249-9E1D-7B0054347832}
		{8611136B-B88E-498C-9F5B-5CF22EE48D32} = {149A8BC2-91D1-4249-9E1D-7B0054347832}
		{DAF591A3-9EC7-4153-9856-3ADD612CE09E} = {149A8BC2-91D1-4249-9E1D-7B0054347832}
		{776382CD-4E23-4EF0-89D7-963E63507B5F} = {149A8BC2-91D1-4249-9E1D-7B0054347832}
	EndGlobalSection
	GlobalSection(ExtensibilityGlobals) = postSolution
		SolutionGuid = {2759A62D-227A-4D68-B6B5-966B9141AA74}
	EndGlobalSection
EndGlobal
