
Microsoft Visual Studio Solution File, Format Version 12.00
# Visual Studio Version 17
VisualStudioVersion = 17.0.32014.148
MinimumVisualStudioVersion = 10.0.40219.1
Project("{9A19103F-16F7-4668-BE54-9A1E7A4F7556}") = "BuildTestingMaps", "BuildTestingMaps.csproj", "{5EC00A6C-8E47-4D84-9CB8-74287EE3056B}"
EndProject
Global
	GlobalSection(SolutionConfigurationPlatforms) = preSolution
		Debug|Any CPU = Debug|Any CPU
		Release|Any CPU = Release|Any CPU
	EndGlobalSection
	GlobalSection(ProjectConfigurationPlatforms) = postSolution
		{5EC00A6C-8E47-4D84-9CB8-74287EE3056B}.Debug|Any CPU.ActiveCfg = Debug|Any CPU
		{5EC00A6C-8E47-4D84-9CB8-74287EE3056B}.Debug|Any CPU.Build.0 = Debug|Any CPU
		{5EC00A6C-8E47-4D84-9CB8-74287EE3056B}.Release|Any CPU.ActiveCfg = Release|Any CPU
		{5EC00A6C-8E47-4D84-9CB8-74287EE3056B}.Release|Any CPU.Build.0 = Release|Any CPU
	EndGlobalSection
	GlobalSection(SolutionProperties) = preSolution
		HideSolutionNode = FALSE
	EndGlobalSection
	GlobalSection(ExtensibilityGlobals) = postSolution
		SolutionGuid = {ACEDA910-5BF6-45B6-92D5-79176CDD6C8C}
	EndGlobalSection
EndGlobal
