
Microsoft Visual Studio Solution File, Format Version 12.00
# Visual Studio Version 17
VisualStudioVersion = 17.0.32014.148
MinimumVisualStudioVersion = 10.0.40219.1
Project("{2150E333-8FDC-42A3-9474-1A3956D46DE8}") = "Tests", "Tests", "{EC61DB68-353D-4825-B221-FADABA7ADFF3}"
EndProject
Project("{9A19103F-16F7-4668-BE54-9A1E7A4F7556}") = "UAlbion.Api.Tests", "Tests\UAlbion.Api.Tests\UAlbion.Api.Tests.csproj", "{480BEB1D-4045-411D-9AA1-3C20D29C5347}"
EndProject
Project("{9A19103F-16F7-4668-BE54-9A1E7A4F7556}") = "UAlbion.Benchmarks", "Tests\UAlbion.Benchmarks\UAlbion.Benchmarks.csproj", "{04CF6C1C-F6CD-441E-B70E-DACA79D95AC6}"
EndProject
Project("{9A19103F-16F7-4668-BE54-9A1E7A4F7556}") = "UAlbion.Core.Tests", "Tests\UAlbion.Core.Tests\UAlbion.Core.Tests.csproj", "{2C41FA26-ABB3-41CA-B4E9-4BF41D0742BC}"
EndProject
Project("{9A19103F-16F7-4668-BE54-9A1E7A4F7556}") = "UAlbion.Formats.Tests", "Tests\UAlbion.Formats.Tests\UAlbion.Formats.Tests.csproj", "{74E34718-8403-4DD1-A77B-7E95DE0EFCE2}"
EndProject
Project("{9A19103F-16F7-4668-BE54-9A1E7A4F7556}") = "UAlbion.Game.Tests", "Tests\UAlbion.Game.Tests\UAlbion.Game.Tests.csproj", "{DCC26137-4310-4346-BE93-67FCE778C210}"
EndProject
Project("{9A19103F-16F7-4668-BE54-9A1E7A4F7556}") = "UAlbion.TestCommon", "Tests\UAlbion.TestCommon\UAlbion.TestCommon.csproj", "{73195431-48D0-4951-96F9-46BD22A84AD0}"
EndProject
Project("{2150E333-8FDC-42A3-9474-1A3956D46DE8}") = "Tools", "Tools", "{149A8BC2-91D1-4249-9E1D-7B0054347832}"
EndProject
Project("{9A19103F-16F7-4668-BE54-9A1E7A4F7556}") = "DumpSave", "Tools\DumpSave\DumpSave.csproj", "{EE1EC7F8-2D85-49A4-9477-EED30D2B4FB8}"
EndProject
Project("{9A19103F-16F7-4668-BE54-9A1E7A4F7556}") = "ExportFlic", "Tools\ExportFlic\ExportFlic.csproj", "{BDB4E7D8-54E9-48B0-9980-574F96B49B51}"
EndProject
Project("{9A19103F-16F7-4668-BE54-9A1E7A4F7556}") = "UAlbion.CodeGenerator", "Tools\GenerateEnums\UAlbion.CodeGenerator.csproj", "{F1CAE7BE-2B7F-461B-94DC-2D216345EBB9}"
EndProject
Project("{6EC3EE1D-3C4E-46DD-8F32-0CC8E7565705}") = "UAlbion.Tools.Exporter", "Tools\Exporter\UAlbion.Tools.Exporter.fsproj", "{8611136B-B88E-498C-9F5B-5CF22EE48D32}"
EndProject
Project("{9A19103F-16F7-4668-BE54-9A1E7A4F7556}") = "UAlbion", "UAlbion\UAlbion.csproj", "{215725EE-7C55-49B6-97C1-88CDC163A8B0}"
EndProject
Project("{9A19103F-16F7-4668-BE54-9A1E7A4F7556}") = "UAlbion.Api", "Api\UAlbion.Api.csproj", "{20D41E69-C260-461F-A0B9-89920F133F60}"
EndProject
Project("{9A19103F-16F7-4668-BE54-9A1E7A4F7556}") = "UAlbion.Core", "Core\UAlbion.Core.csproj", "{4B3B467B-2E99-4836-B589-A69D272417F0}"
EndProject
Project("{9A19103F-16F7-4668-BE54-9A1E7A4F7556}") = "UAlbion.Core.Veldrid", "Core.Veldrid\UAlbion.Core.Veldrid.csproj", "{EF1027DF-951A-4544-8780-5D190EE3725E}"
EndProject
Project("{9A19103F-16F7-4668-BE54-9A1E7A4F7556}") = "UAlbion.Editor", "Editor\UAlbion.Editor.csproj", "{5EAFB2A6-635A-42BF-A0CE-794A430B20E3}"
EndProject
Project("{9A19103F-16F7-4668-BE54-9A1E7A4F7556}") = "UAlbion.Formats", "Formats\UAlbion.Formats.csproj", "{78B55A1C-1200-4C6E-A9D3-9C04D65F0AF9}"
EndProject
Project("{9A19103F-16F7-4668-BE54-9A1E7A4F7556}") = "UAlbion.Game", "Game\UAlbion.Game.csproj", "{CE0E2DB4-828A-45F4-9C41-20A7C5522DA0}"
EndProject
Project("{9A19103F-16F7-4668-BE54-9A1E7A4F7556}") = "UAlbion.Game.Veldrid", "Game.Veldrid\UAlbion.Game.Veldrid.csproj", "{8CAAAFFC-3BE8-468B-830D-24610F4F75A2}"
EndProject
Project("{2150E333-8FDC-42A3-9474-1A3956D46DE8}") = "Mods", "Mods", "{E4F7A1D2-3BB2-46C4-B8E5-4FD4CADB94CA}"
EndProject
Project("{9A19103F-16F7-4668-BE54-9A1E7A4F7556}") = "UAlbion.Base", "Base\UAlbion.Base.csproj", "{86A29314-DA10-4D0D-B727-D715CD205862}"
EndProject
Project("{9A19103F-16F7-4668-BE54-9A1E7A4F7556}") = "UAlbion.Config", "Config\UAlbion.Config.csproj", "{9AD96F20-81BA-465F-925A-89544C64ADF8}"
EndProject
Project("{9A19103F-16F7-4668-BE54-9A1E7A4F7556}") = "PaletteBuilder", "Tools\PaletteBuilder\PaletteBuilder.csproj", "{E770E959-7E1E-4395-B6E9-CFC03EFBC7E8}"
EndProject
Project("{9A19103F-16F7-4668-BE54-9A1E7A4F7556}") = "UAlbion.Config.Tests", "Tests\UAlbion.Config.Tests\UAlbion.Config.Tests.csproj", "{BDDB3782-96AE-4D83-8F67-680DD55BC2E4}"
EndProject
Project("{9A19103F-16F7-4668-BE54-9A1E7A4F7556}") = "UAlbion.Base.Tests", "Tests\UAlbion.Base.Tests\UAlbion.Base.Tests.csproj", "{8F548F05-E3CF-4929-B341-C2AC179612F7}"
EndProject
Project("{9A19103F-16F7-4668-BE54-9A1E7A4F7556}") = "UAlbion.ShaderWriter", "Tools\ShaderWriter\UAlbion.ShaderWriter.csproj", "{844F634D-F7ED-44AA-A1F8-021144F429D1}"
EndProject
Project("{9A19103F-16F7-4668-BE54-9A1E7A4F7556}") = "UAlbion.CodeGen.Veldrid", "CodeGen.Veldrid\UAlbion.CodeGen.Veldrid.csproj", "{C9418659-7F4B-40DF-BA8C-48E61E823A76}"
EndProject
Project("{9A19103F-16F7-4668-BE54-9A1E7A4F7556}") = "UAlbion.Scripting", "Scripting\UAlbion.Scripting.csproj", "{C16097FB-F65D-43CA-9373-6C07A32CEE97}"
EndProject
Project("{9A19103F-16F7-4668-BE54-9A1E7A4F7556}") = "UAlbion.Scripting.Tests", "Tests\UAlbion.Scripting.Tests\UAlbion.Scripting.Tests.csproj", "{BFBED7AA-8DC1-4307-A8B2-23339EEF8930}"
EndProject
Project("{9A19103F-16F7-4668-BE54-9A1E7A4F7556}") = "BuildTestingMaps", "Tools\BuildTestingMaps\BuildTestingMaps.csproj", "{AA9C6E97-A39B-4774-BF42-E1B51B315EC3}"
EndProject
Project("{9A19103F-16F7-4668-BE54-9A1E7A4F7556}") = "UAlbion.SingleAssetConverter", "Tools\SingleAssetConverter\UAlbion.SingleAssetConverter.csproj", "{74B9CB4A-DD58-4970-BF46-EA30E65EA5C7}"
EndProject
Project("{D954291E-2A0B-460D-934E-DC6B0785DB48}") = "Base", "..\mods\Base\Base.shproj", "{5991A27C-8030-4607-AEE5-EB9D4C924321}"
EndProject
Project("{D954291E-2A0B-460D-934E-DC6B0785DB48}") = "Albion", "..\mods\Albion\Albion.shproj", "{AFA1A549-E421-48C4-8A11-2766682D70BE}"
EndProject
Project("{D954291E-2A0B-460D-934E-DC6B0785DB48}") = "Common", "..\mods\Common\Common.shproj", "{7264C4A9-3614-4928-9596-FA0E7D1B7414}"
EndProject
Project("{D954291E-2A0B-460D-934E-DC6B0785DB48}") = "Repacked", "..\mods\Repacked\Repacked.shproj", "{BBE1D977-E9B9-4D0B-A6DF-AD91EC1AD15A}"
EndProject
Project("{D954291E-2A0B-460D-934E-DC6B0785DB48}") = "Shaders", "..\mods\Shaders\Shaders.shproj", "{852FA5D7-3FFF-415C-A20C-F682BBFCE0C7}"
EndProject
Project("{D954291E-2A0B-460D-934E-DC6B0785DB48}") = "Unpacked", "..\mods\Unpacked\Unpacked.shproj", "{63A4D9A8-4AE4-4BC4-9047-E242706B3C82}"
EndProject
Global
	GlobalSection(SolutionConfigurationPlatforms) = preSolution
		Debug|Any CPU = Debug|Any CPU
		Release|Any CPU = Release|Any CPU
	EndGlobalSection
	GlobalSection(ProjectConfigurationPlatforms) = postSolution
		{480BEB1D-4045-411D-9AA1-3C20D29C5347}.Debug|Any CPU.ActiveCfg = Debug|Any CPU
		{480BEB1D-4045-411D-9AA1-3C20D29C5347}.Debug|Any CPU.Build.0 = Debug|Any CPU
		{480BEB1D-4045-411D-9AA1-3C20D29C5347}.Release|Any CPU.ActiveCfg = Release|Any CPU
		{480BEB1D-4045-411D-9AA1-3C20D29C5347}.Release|Any CPU.Build.0 = Release|Any CPU
		{04CF6C1C-F6CD-441E-B70E-DACA79D95AC6}.Debug|Any CPU.ActiveCfg = Debug|Any CPU
		{04CF6C1C-F6CD-441E-B70E-DACA79D95AC6}.Debug|Any CPU.Build.0 = Debug|Any CPU
		{04CF6C1C-F6CD-441E-B70E-DACA79D95AC6}.Release|Any CPU.ActiveCfg = Release|Any CPU
		{04CF6C1C-F6CD-441E-B70E-DACA79D95AC6}.Release|Any CPU.Build.0 = Release|Any CPU
		{2C41FA26-ABB3-41CA-B4E9-4BF41D0742BC}.Debug|Any CPU.ActiveCfg = Debug|Any CPU
		{2C41FA26-ABB3-41CA-B4E9-4BF41D0742BC}.Debug|Any CPU.Build.0 = Debug|Any CPU
		{2C41FA26-ABB3-41CA-B4E9-4BF41D0742BC}.Release|Any CPU.ActiveCfg = Release|Any CPU
		{2C41FA26-ABB3-41CA-B4E9-4BF41D0742BC}.Release|Any CPU.Build.0 = Release|Any CPU
		{74E34718-8403-4DD1-A77B-7E95DE0EFCE2}.Debug|Any CPU.ActiveCfg = Debug|Any CPU
		{74E34718-8403-4DD1-A77B-7E95DE0EFCE2}.Debug|Any CPU.Build.0 = Debug|Any CPU
		{74E34718-8403-4DD1-A77B-7E95DE0EFCE2}.Release|Any CPU.ActiveCfg = Release|Any CPU
		{74E34718-8403-4DD1-A77B-7E95DE0EFCE2}.Release|Any CPU.Build.0 = Release|Any CPU
		{DCC26137-4310-4346-BE93-67FCE778C210}.Debug|Any CPU.ActiveCfg = Debug|Any CPU
		{DCC26137-4310-4346-BE93-67FCE778C210}.Debug|Any CPU.Build.0 = Debug|Any CPU
		{DCC26137-4310-4346-BE93-67FCE778C210}.Release|Any CPU.ActiveCfg = Release|Any CPU
		{DCC26137-4310-4346-BE93-67FCE778C210}.Release|Any CPU.Build.0 = Release|Any CPU
		{73195431-48D0-4951-96F9-46BD22A84AD0}.Debug|Any CPU.ActiveCfg = Debug|Any CPU
		{73195431-48D0-4951-96F9-46BD22A84AD0}.Debug|Any CPU.Build.0 = Debug|Any CPU
		{73195431-48D0-4951-96F9-46BD22A84AD0}.Release|Any CPU.ActiveCfg = Release|Any CPU
		{73195431-48D0-4951-96F9-46BD22A84AD0}.Release|Any CPU.Build.0 = Release|Any CPU
		{EE1EC7F8-2D85-49A4-9477-EED30D2B4FB8}.Debug|Any CPU.ActiveCfg = Debug|Any CPU
		{EE1EC7F8-2D85-49A4-9477-EED30D2B4FB8}.Debug|Any CPU.Build.0 = Debug|Any CPU
		{EE1EC7F8-2D85-49A4-9477-EED30D2B4FB8}.Release|Any CPU.ActiveCfg = Release|Any CPU
		{EE1EC7F8-2D85-49A4-9477-EED30D2B4FB8}.Release|Any CPU.Build.0 = Release|Any CPU
		{BDB4E7D8-54E9-48B0-9980-574F96B49B51}.Debug|Any CPU.ActiveCfg = Debug|Any CPU
		{BDB4E7D8-54E9-48B0-9980-574F96B49B51}.Debug|Any CPU.Build.0 = Debug|Any CPU
		{BDB4E7D8-54E9-48B0-9980-574F96B49B51}.Release|Any CPU.ActiveCfg = Release|Any CPU
		{BDB4E7D8-54E9-48B0-9980-574F96B49B51}.Release|Any CPU.Build.0 = Release|Any CPU
		{F1CAE7BE-2B7F-461B-94DC-2D216345EBB9}.Debug|Any CPU.ActiveCfg = Debug|Any CPU
		{F1CAE7BE-2B7F-461B-94DC-2D216345EBB9}.Debug|Any CPU.Build.0 = Debug|Any CPU
		{F1CAE7BE-2B7F-461B-94DC-2D216345EBB9}.Release|Any CPU.ActiveCfg = Release|Any CPU
		{F1CAE7BE-2B7F-461B-94DC-2D216345EBB9}.Release|Any CPU.Build.0 = Release|Any CPU
		{8611136B-B88E-498C-9F5B-5CF22EE48D32}.Debug|Any CPU.ActiveCfg = Debug|Any CPU
		{8611136B-B88E-498C-9F5B-5CF22EE48D32}.Debug|Any CPU.Build.0 = Debug|Any CPU
		{8611136B-B88E-498C-9F5B-5CF22EE48D32}.Release|Any CPU.ActiveCfg = Release|Any CPU
		{8611136B-B88E-498C-9F5B-5CF22EE48D32}.Release|Any CPU.Build.0 = Release|Any CPU
		{215725EE-7C55-49B6-97C1-88CDC163A8B0}.Debug|Any CPU.ActiveCfg = Debug|Any CPU
		{215725EE-7C55-49B6-97C1-88CDC163A8B0}.Debug|Any CPU.Build.0 = Debug|Any CPU
		{215725EE-7C55-49B6-97C1-88CDC163A8B0}.Release|Any CPU.ActiveCfg = Release|Any CPU
		{215725EE-7C55-49B6-97C1-88CDC163A8B0}.Release|Any CPU.Build.0 = Release|Any CPU
		{20D41E69-C260-461F-A0B9-89920F133F60}.Debug|Any CPU.ActiveCfg = Debug|Any CPU
		{20D41E69-C260-461F-A0B9-89920F133F60}.Debug|Any CPU.Build.0 = Debug|Any CPU
		{20D41E69-C260-461F-A0B9-89920F133F60}.Release|Any CPU.ActiveCfg = Release|Any CPU
		{20D41E69-C260-461F-A0B9-89920F133F60}.Release|Any CPU.Build.0 = Release|Any CPU
		{4B3B467B-2E99-4836-B589-A69D272417F0}.Debug|Any CPU.ActiveCfg = Debug|Any CPU
		{4B3B467B-2E99-4836-B589-A69D272417F0}.Debug|Any CPU.Build.0 = Debug|Any CPU
		{4B3B467B-2E99-4836-B589-A69D272417F0}.Release|Any CPU.ActiveCfg = Release|Any CPU
		{4B3B467B-2E99-4836-B589-A69D272417F0}.Release|Any CPU.Build.0 = Release|Any CPU
		{EF1027DF-951A-4544-8780-5D190EE3725E}.Debug|Any CPU.ActiveCfg = Debug|Any CPU
		{EF1027DF-951A-4544-8780-5D190EE3725E}.Debug|Any CPU.Build.0 = Debug|Any CPU
		{EF1027DF-951A-4544-8780-5D190EE3725E}.Release|Any CPU.ActiveCfg = Release|Any CPU
		{EF1027DF-951A-4544-8780-5D190EE3725E}.Release|Any CPU.Build.0 = Release|Any CPU
		{5EAFB2A6-635A-42BF-A0CE-794A430B20E3}.Debug|Any CPU.ActiveCfg = Debug|Any CPU
		{5EAFB2A6-635A-42BF-A0CE-794A430B20E3}.Debug|Any CPU.Build.0 = Debug|Any CPU
		{5EAFB2A6-635A-42BF-A0CE-794A430B20E3}.Release|Any CPU.ActiveCfg = Release|Any CPU
		{5EAFB2A6-635A-42BF-A0CE-794A430B20E3}.Release|Any CPU.Build.0 = Release|Any CPU
		{78B55A1C-1200-4C6E-A9D3-9C04D65F0AF9}.Debug|Any CPU.ActiveCfg = Debug|Any CPU
		{78B55A1C-1200-4C6E-A9D3-9C04D65F0AF9}.Debug|Any CPU.Build.0 = Debug|Any CPU
		{78B55A1C-1200-4C6E-A9D3-9C04D65F0AF9}.Release|Any CPU.ActiveCfg = Release|Any CPU
		{78B55A1C-1200-4C6E-A9D3-9C04D65F0AF9}.Release|Any CPU.Build.0 = Release|Any CPU
		{CE0E2DB4-828A-45F4-9C41-20A7C5522DA0}.Debug|Any CPU.ActiveCfg = Debug|Any CPU
		{CE0E2DB4-828A-45F4-9C41-20A7C5522DA0}.Debug|Any CPU.Build.0 = Debug|Any CPU
		{CE0E2DB4-828A-45F4-9C41-20A7C5522DA0}.Release|Any CPU.ActiveCfg = Release|Any CPU
		{CE0E2DB4-828A-45F4-9C41-20A7C5522DA0}.Release|Any CPU.Build.0 = Release|Any CPU
		{8CAAAFFC-3BE8-468B-830D-24610F4F75A2}.Debug|Any CPU.ActiveCfg = Debug|Any CPU
		{8CAAAFFC-3BE8-468B-830D-24610F4F75A2}.Debug|Any CPU.Build.0 = Debug|Any CPU
		{8CAAAFFC-3BE8-468B-830D-24610F4F75A2}.Release|Any CPU.ActiveCfg = Release|Any CPU
		{8CAAAFFC-3BE8-468B-830D-24610F4F75A2}.Release|Any CPU.Build.0 = Release|Any CPU
		{86A29314-DA10-4D0D-B727-D715CD205862}.Debug|Any CPU.ActiveCfg = Debug|Any CPU
		{86A29314-DA10-4D0D-B727-D715CD205862}.Debug|Any CPU.Build.0 = Debug|Any CPU
		{86A29314-DA10-4D0D-B727-D715CD205862}.Release|Any CPU.ActiveCfg = Release|Any CPU
		{86A29314-DA10-4D0D-B727-D715CD205862}.Release|Any CPU.Build.0 = Release|Any CPU
		{9AD96F20-81BA-465F-925A-89544C64ADF8}.Debug|Any CPU.ActiveCfg = Debug|Any CPU
		{9AD96F20-81BA-465F-925A-89544C64ADF8}.Debug|Any CPU.Build.0 = Debug|Any CPU
		{9AD96F20-81BA-465F-925A-89544C64ADF8}.Release|Any CPU.ActiveCfg = Release|Any CPU
		{9AD96F20-81BA-465F-925A-89544C64ADF8}.Release|Any CPU.Build.0 = Release|Any CPU
		{E770E959-7E1E-4395-B6E9-CFC03EFBC7E8}.Debug|Any CPU.ActiveCfg = Debug|Any CPU
		{E770E959-7E1E-4395-B6E9-CFC03EFBC7E8}.Debug|Any CPU.Build.0 = Debug|Any CPU
		{E770E959-7E1E-4395-B6E9-CFC03EFBC7E8}.Release|Any CPU.ActiveCfg = Release|Any CPU
		{E770E959-7E1E-4395-B6E9-CFC03EFBC7E8}.Release|Any CPU.Build.0 = Release|Any CPU
		{BDDB3782-96AE-4D83-8F67-680DD55BC2E4}.Debug|Any CPU.ActiveCfg = Debug|Any CPU
		{BDDB3782-96AE-4D83-8F67-680DD55BC2E4}.Debug|Any CPU.Build.0 = Debug|Any CPU
		{BDDB3782-96AE-4D83-8F67-680DD55BC2E4}.Release|Any CPU.ActiveCfg = Release|Any CPU
		{BDDB3782-96AE-4D83-8F67-680DD55BC2E4}.Release|Any CPU.Build.0 = Release|Any CPU
		{8F548F05-E3CF-4929-B341-C2AC179612F7}.Debug|Any CPU.ActiveCfg = Debug|Any CPU
		{8F548F05-E3CF-4929-B341-C2AC179612F7}.Debug|Any CPU.Build.0 = Debug|Any CPU
		{8F548F05-E3CF-4929-B341-C2AC179612F7}.Release|Any CPU.ActiveCfg = Release|Any CPU
		{8F548F05-E3CF-4929-B341-C2AC179612F7}.Release|Any CPU.Build.0 = Release|Any CPU
		{844F634D-F7ED-44AA-A1F8-021144F429D1}.Debug|Any CPU.ActiveCfg = Debug|Any CPU
		{844F634D-F7ED-44AA-A1F8-021144F429D1}.Debug|Any CPU.Build.0 = Debug|Any CPU
		{844F634D-F7ED-44AA-A1F8-021144F429D1}.Release|Any CPU.ActiveCfg = Release|Any CPU
		{844F634D-F7ED-44AA-A1F8-021144F429D1}.Release|Any CPU.Build.0 = Release|Any CPU
		{C9418659-7F4B-40DF-BA8C-48E61E823A76}.Debug|Any CPU.ActiveCfg = Debug|Any CPU
		{C9418659-7F4B-40DF-BA8C-48E61E823A76}.Debug|Any CPU.Build.0 = Debug|Any CPU
		{C9418659-7F4B-40DF-BA8C-48E61E823A76}.Release|Any CPU.ActiveCfg = Release|Any CPU
		{C9418659-7F4B-40DF-BA8C-48E61E823A76}.Release|Any CPU.Build.0 = Release|Any CPU
		{C16097FB-F65D-43CA-9373-6C07A32CEE97}.Debug|Any CPU.ActiveCfg = Debug|Any CPU
		{C16097FB-F65D-43CA-9373-6C07A32CEE97}.Debug|Any CPU.Build.0 = Debug|Any CPU
		{C16097FB-F65D-43CA-9373-6C07A32CEE97}.Release|Any CPU.ActiveCfg = Release|Any CPU
		{C16097FB-F65D-43CA-9373-6C07A32CEE97}.Release|Any CPU.Build.0 = Release|Any CPU
		{BFBED7AA-8DC1-4307-A8B2-23339EEF8930}.Debug|Any CPU.ActiveCfg = Debug|Any CPU
		{BFBED7AA-8DC1-4307-A8B2-23339EEF8930}.Debug|Any CPU.Build.0 = Debug|Any CPU
		{BFBED7AA-8DC1-4307-A8B2-23339EEF8930}.Release|Any CPU.ActiveCfg = Release|Any CPU
		{BFBED7AA-8DC1-4307-A8B2-23339EEF8930}.Release|Any CPU.Build.0 = Release|Any CPU
		{AA9C6E97-A39B-4774-BF42-E1B51B315EC3}.Debug|Any CPU.ActiveCfg = Debug|Any CPU
		{AA9C6E97-A39B-4774-BF42-E1B51B315EC3}.Debug|Any CPU.Build.0 = Debug|Any CPU
		{AA9C6E97-A39B-4774-BF42-E1B51B315EC3}.Release|Any CPU.ActiveCfg = Release|Any CPU
		{AA9C6E97-A39B-4774-BF42-E1B51B315EC3}.Release|Any CPU.Build.0 = Release|Any CPU
		{74B9CB4A-DD58-4970-BF46-EA30E65EA5C7}.Debug|Any CPU.ActiveCfg = Debug|Any CPU
		{74B9CB4A-DD58-4970-BF46-EA30E65EA5C7}.Debug|Any CPU.Build.0 = Debug|Any CPU
		{74B9CB4A-DD58-4970-BF46-EA30E65EA5C7}.Release|Any CPU.ActiveCfg = Release|Any CPU
		{74B9CB4A-DD58-4970-BF46-EA30E65EA5C7}.Release|Any CPU.Build.0 = Release|Any CPU
	EndGlobalSection
	GlobalSection(SolutionProperties) = preSolution
		HideSolutionNode = FALSE
	EndGlobalSection
	GlobalSection(NestedProjects) = preSolution
		{480BEB1D-4045-411D-9AA1-3C20D29C5347} = {EC61DB68-353D-4825-B221-FADABA7ADFF3}
		{04CF6C1C-F6CD-441E-B70E-DACA79D95AC6} = {EC61DB68-353D-4825-B221-FADABA7ADFF3}
		{2C41FA26-ABB3-41CA-B4E9-4BF41D0742BC} = {EC61DB68-353D-4825-B221-FADABA7ADFF3}
		{74E34718-8403-4DD1-A77B-7E95DE0EFCE2} = {EC61DB68-353D-4825-B221-FADABA7ADFF3}
		{DCC26137-4310-4346-BE93-67FCE778C210} = {EC61DB68-353D-4825-B221-FADABA7ADFF3}
		{73195431-48D0-4951-96F9-46BD22A84AD0} = {EC61DB68-353D-4825-B221-FADABA7ADFF3}
		{EE1EC7F8-2D85-49A4-9477-EED30D2B4FB8} = {149A8BC2-91D1-4249-9E1D-7B0054347832}
		{BDB4E7D8-54E9-48B0-9980-574F96B49B51} = {149A8BC2-91D1-4249-9E1D-7B0054347832}
		{F1CAE7BE-2B7F-461B-94DC-2D216345EBB9} = {149A8BC2-91D1-4249-9E1D-7B0054347832}
		{8611136B-B88E-498C-9F5B-5CF22EE48D32} = {149A8BC2-91D1-4249-9E1D-7B0054347832}
		{E770E959-7E1E-4395-B6E9-CFC03EFBC7E8} = {149A8BC2-91D1-4249-9E1D-7B0054347832}
		{BDDB3782-96AE-4D83-8F67-680DD55BC2E4} = {EC61DB68-353D-4825-B221-FADABA7ADFF3}
		{8F548F05-E3CF-4929-B341-C2AC179612F7} = {EC61DB68-353D-4825-B221-FADABA7ADFF3}
		{844F634D-F7ED-44AA-A1F8-021144F429D1} = {149A8BC2-91D1-4249-9E1D-7B0054347832}
		{BFBED7AA-8DC1-4307-A8B2-23339EEF8930} = {EC61DB68-353D-4825-B221-FADABA7ADFF3}
		{AA9C6E97-A39B-4774-BF42-E1B51B315EC3} = {149A8BC2-91D1-4249-9E1D-7B0054347832}
		{74B9CB4A-DD58-4970-BF46-EA30E65EA5C7} = {149A8BC2-91D1-4249-9E1D-7B0054347832}
		{5991A27C-8030-4607-AEE5-EB9D4C924321} = {E4F7A1D2-3BB2-46C4-B8E5-4FD4CADB94CA}
		{AFA1A549-E421-48C4-8A11-2766682D70BE} = {E4F7A1D2-3BB2-46C4-B8E5-4FD4CADB94CA}
		{7264C4A9-3614-4928-9596-FA0E7D1B7414} = {E4F7A1D2-3BB2-46C4-B8E5-4FD4CADB94CA}
		{BBE1D977-E9B9-4D0B-A6DF-AD91EC1AD15A} = {E4F7A1D2-3BB2-46C4-B8E5-4FD4CADB94CA}
		{852FA5D7-3FFF-415C-A20C-F682BBFCE0C7} = {E4F7A1D2-3BB2-46C4-B8E5-4FD4CADB94CA}
		{63A4D9A8-4AE4-4BC4-9047-E242706B3C82} = {E4F7A1D2-3BB2-46C4-B8E5-4FD4CADB94CA}
	EndGlobalSection
	GlobalSection(ExtensibilityGlobals) = postSolution
		SolutionGuid = {2759A62D-227A-4D68-B6B5-966B9141AA74}
	EndGlobalSection
EndGlobal
