
Microsoft Visual Studio Solution File, Format Version 12.00
# Visual Studio Version 16
VisualStudioVersion = 16.0.29009.5
MinimumVisualStudioVersion = 10.0.40219.1
Project("{2150E333-8FDC-42A3-9474-1A3956D46DE8}") = "Tools", "Tools", "{149A8BC2-91D1-4249-9E1D-7B0054347832}"
EndProject
Project("{2150E333-8FDC-42A3-9474-1A3956D46DE8}") = "Tests", "Tests", "{EC61DB68-353D-4825-B221-FADABA7ADFF3}"
EndProject
Project("{2150E333-8FDC-42A3-9474-1A3956D46DE8}") = "Veldrid", "..\deps\Veldrid\src", "{DB6A1F1D-5617-4750-A609-506067B01336}"
EndProject
Project("{9A19103F-16F7-4668-BE54-9A1E7A4F7556}") = "UAlbion.Game", "Game\UAlbion.Game.csproj", "{CE0E2DB4-828A-45F4-9C41-20A7C5522DA0}"
EndProject
Project("{9A19103F-16F7-4668-BE54-9A1E7A4F7556}") = "UAlbion.Formats", "Formats\UAlbion.Formats.csproj", "{78B55A1C-1200-4C6E-A9D3-9C04D65F0AF9}"
EndProject
Project("{9A19103F-16F7-4668-BE54-9A1E7A4F7556}") = "UAlbion", "UAlbion\UAlbion.csproj", "{215725EE-7C55-49B6-97C1-88CDC163A8B0}"
EndProject
Project("{6EC3EE1D-3C4E-46DD-8F32-0CC8E7565705}") = "UAlbion.Tools.Exporter", "Tools\Exporter\UAlbion.Tools.Exporter.fsproj", "{8611136B-B88E-498C-9F5B-5CF22EE48D32}"
EndProject
Project("{9A19103F-16F7-4668-BE54-9A1E7A4F7556}") = "UAlbion.Core", "Core\UAlbion.Core.csproj", "{4B3B467B-2E99-4836-B589-A69D272417F0}"
EndProject
Project("{9A19103F-16F7-4668-BE54-9A1E7A4F7556}") = "GenerateEnums", "Tools\GenerateEnums\GenerateEnums.csproj", "{F1CAE7BE-2B7F-461B-94DC-2D216345EBB9}"
EndProject
Project("{9A19103F-16F7-4668-BE54-9A1E7A4F7556}") = "UAlbion.Api", "Api\UAlbion.Api.csproj", "{20D41E69-C260-461F-A0B9-89920F133F60}"
EndProject
Project("{9A19103F-16F7-4668-BE54-9A1E7A4F7556}") = "UAlbion.Core.Veldrid", "Core.Veldrid\UAlbion.Core.Veldrid.csproj", "{EF1027DF-951A-4544-8780-5D190EE3725E}"
EndProject
Project("{9A19103F-16F7-4668-BE54-9A1E7A4F7556}") = "UAlbion.Game.Veldrid", "Game.Veldrid\UAlbion.Game.Veldrid.csproj", "{8CAAAFFC-3BE8-468B-830D-24610F4F75A2}"
EndProject
Project("{9A19103F-16F7-4668-BE54-9A1E7A4F7556}") = "UAlbion.Api.Tests", "Tests\UAlbion.Api.Tests\UAlbion.Api.Tests.csproj", "{0AF795B6-F1AE-4251-8950-572E50FCB011}"
EndProject
Project("{9A19103F-16F7-4668-BE54-9A1E7A4F7556}") = "UAlbion.Core.Tests", "Tests\UAlbion.Core.Tests\UAlbion.Core.Tests.csproj", "{367CFE38-7000-4F5C-8482-0DCBC0A6CA20}"
EndProject
Project("{9A19103F-16F7-4668-BE54-9A1E7A4F7556}") = "UAlbion.Formats.Tests", "Tests\UAlbion.Formats.Tests\UAlbion.Formats.Tests.csproj", "{16F2B869-D4E3-49FC-B77A-672E2BDDDB18}"
EndProject
Project("{9A19103F-16F7-4668-BE54-9A1E7A4F7556}") = "UAlbion.Game.Tests", "Tests\UAlbion.Game.Tests\UAlbion.Game.Tests.csproj", "{242B9A94-B95E-43BC-A5A1-B2EEF8EF1F7F}"
EndProject
Project("{FAE04EC0-301F-11D3-BF4B-00C04F79EFBC}") = "DumpSave", "Tools\DumpSave\DumpSave.csproj", "{EE1EC7F8-2D85-49A4-9477-EED30D2B4FB8}"
EndProject
Project("{9A19103F-16F7-4668-BE54-9A1E7A4F7556}") = "UAlbion.TestCommon", "Tests\UAlbion.TestCommon\UAlbion.TestCommon.csproj", "{DF30EA7F-00EB-4E3B-A93B-A75A89C83492}"
EndProject
Project("{9A19103F-16F7-4668-BE54-9A1E7A4F7556}") = "Veldrid", "..\deps\veldrid\src\Veldrid\Veldrid.csproj", "{229A9BFA-B737-40B3-87FA-BACE20587C46}"
EndProject
Project("{9A19103F-16F7-4668-BE54-9A1E7A4F7556}") = "Veldrid.ImageSharp", "..\deps\veldrid\src\Veldrid.ImageSharp\Veldrid.ImageSharp.csproj", "{0E8DF225-AFF9-41E1-BE3F-CDDDCF0CE32E}"
EndProject
Project("{9A19103F-16F7-4668-BE54-9A1E7A4F7556}") = "Veldrid.ImGui", "..\deps\veldrid\src\Veldrid.ImGui\Veldrid.ImGui.csproj", "{433026E0-3C04-490D-85C6-BCBFF4ABA75A}"
EndProject
Project("{9A19103F-16F7-4668-BE54-9A1E7A4F7556}") = "Veldrid.OpenGLBindings", "..\deps\veldrid\src\Veldrid.OpenGLBindings\Veldrid.OpenGLBindings.csproj", "{E3615811-FD58-43C0-98F6-925C19595880}"
EndProject
Project("{9A19103F-16F7-4668-BE54-9A1E7A4F7556}") = "Veldrid.RenderDoc", "..\deps\veldrid\src\Veldrid.RenderDoc\Veldrid.RenderDoc.csproj", "{C1AA221E-83B2-42DB-9BD3-D221DF7D85DB}"
EndProject
Project("{9A19103F-16F7-4668-BE54-9A1E7A4F7556}") = "Veldrid.SDL2", "..\deps\veldrid\src\Veldrid.SDL2\Veldrid.SDL2.csproj", "{CBDF8BE3-7BBE-4931-96D7-74F192FA8B43}"
EndProject
Project("{9A19103F-16F7-4668-BE54-9A1E7A4F7556}") = "Veldrid.StartupUtilities", "..\deps\veldrid\src\Veldrid.StartupUtilities\Veldrid.StartupUtilities.csproj", "{FDCD4C59-2D82-43EF-B148-064AAEBA02D9}"
EndProject
Project("{9A19103F-16F7-4668-BE54-9A1E7A4F7556}") = "Veldrid.Utilities", "..\deps\veldrid\src\Veldrid.Utilities\Veldrid.Utilities.csproj", "{8F54D7C3-67CF-4058-BFB5-8FBCF327B355}"
EndProject
Project("{9A19103F-16F7-4668-BE54-9A1E7A4F7556}") = "Veldrid.SPIRV", "..\deps\veldrid\src-spirv\Veldrid.SPIRV\Veldrid.SPIRV.csproj", "{8E4A3651-9264-4FD6-AA1C-E48AEF26EFCA}"
EndProject
Project("{2150E333-8FDC-42A3-9474-1A3956D46DE8}") = "Data", "Data", "{E4F7A1D2-3BB2-46C4-B8E5-4FD4CADB94CA}"
	ProjectSection(SolutionItems) = preProject
		data\assets.json = data\assets.json
		data\assets_min.json = data\assets_min.json
		data\config.json = data\config.json
		data\core.json = data\core.json
		data\core_sprites.json = data\core_sprites.json
		data\game.json = data\game.json
		data\input.json = data\input.json
		Data\strings.json = Data\strings.json
	EndProjectSection
EndProject
Global
	GlobalSection(SolutionConfigurationPlatforms) = preSolution
		Debug|Any CPU = Debug|Any CPU
		Debug|x64 = Debug|x64
		Debug|x86 = Debug|x86
		Release|Any CPU = Release|Any CPU
		Release|x64 = Release|x64
		Release|x86 = Release|x86
	EndGlobalSection
	GlobalSection(ProjectConfigurationPlatforms) = postSolution
		{CE0E2DB4-828A-45F4-9C41-20A7C5522DA0}.Debug|Any CPU.ActiveCfg = Debug|Any CPU
		{CE0E2DB4-828A-45F4-9C41-20A7C5522DA0}.Debug|Any CPU.Build.0 = Debug|Any CPU
		{CE0E2DB4-828A-45F4-9C41-20A7C5522DA0}.Debug|x64.ActiveCfg = Debug|Any CPU
		{CE0E2DB4-828A-45F4-9C41-20A7C5522DA0}.Debug|x64.Build.0 = Debug|Any CPU
		{CE0E2DB4-828A-45F4-9C41-20A7C5522DA0}.Debug|x86.ActiveCfg = Debug|Any CPU
		{CE0E2DB4-828A-45F4-9C41-20A7C5522DA0}.Debug|x86.Build.0 = Debug|Any CPU
		{CE0E2DB4-828A-45F4-9C41-20A7C5522DA0}.Release|Any CPU.ActiveCfg = Release|Any CPU
		{CE0E2DB4-828A-45F4-9C41-20A7C5522DA0}.Release|Any CPU.Build.0 = Release|Any CPU
		{CE0E2DB4-828A-45F4-9C41-20A7C5522DA0}.Release|x64.ActiveCfg = Release|Any CPU
		{CE0E2DB4-828A-45F4-9C41-20A7C5522DA0}.Release|x64.Build.0 = Release|Any CPU
		{CE0E2DB4-828A-45F4-9C41-20A7C5522DA0}.Release|x86.ActiveCfg = Release|Any CPU
		{CE0E2DB4-828A-45F4-9C41-20A7C5522DA0}.Release|x86.Build.0 = Release|Any CPU
		{78B55A1C-1200-4C6E-A9D3-9C04D65F0AF9}.Debug|Any CPU.ActiveCfg = Debug|Any CPU
		{78B55A1C-1200-4C6E-A9D3-9C04D65F0AF9}.Debug|Any CPU.Build.0 = Debug|Any CPU
		{78B55A1C-1200-4C6E-A9D3-9C04D65F0AF9}.Debug|x64.ActiveCfg = Debug|Any CPU
		{78B55A1C-1200-4C6E-A9D3-9C04D65F0AF9}.Debug|x64.Build.0 = Debug|Any CPU
		{78B55A1C-1200-4C6E-A9D3-9C04D65F0AF9}.Debug|x86.ActiveCfg = Debug|Any CPU
		{78B55A1C-1200-4C6E-A9D3-9C04D65F0AF9}.Debug|x86.Build.0 = Debug|Any CPU
		{78B55A1C-1200-4C6E-A9D3-9C04D65F0AF9}.Release|Any CPU.ActiveCfg = Release|Any CPU
		{78B55A1C-1200-4C6E-A9D3-9C04D65F0AF9}.Release|Any CPU.Build.0 = Release|Any CPU
		{78B55A1C-1200-4C6E-A9D3-9C04D65F0AF9}.Release|x64.ActiveCfg = Release|Any CPU
		{78B55A1C-1200-4C6E-A9D3-9C04D65F0AF9}.Release|x64.Build.0 = Release|Any CPU
		{78B55A1C-1200-4C6E-A9D3-9C04D65F0AF9}.Release|x86.ActiveCfg = Release|Any CPU
		{78B55A1C-1200-4C6E-A9D3-9C04D65F0AF9}.Release|x86.Build.0 = Release|Any CPU
		{215725EE-7C55-49B6-97C1-88CDC163A8B0}.Debug|Any CPU.ActiveCfg = Debug|Any CPU
		{215725EE-7C55-49B6-97C1-88CDC163A8B0}.Debug|Any CPU.Build.0 = Debug|Any CPU
		{215725EE-7C55-49B6-97C1-88CDC163A8B0}.Debug|x64.ActiveCfg = Debug|Any CPU
		{215725EE-7C55-49B6-97C1-88CDC163A8B0}.Debug|x64.Build.0 = Debug|Any CPU
		{215725EE-7C55-49B6-97C1-88CDC163A8B0}.Debug|x86.ActiveCfg = Debug|Any CPU
		{215725EE-7C55-49B6-97C1-88CDC163A8B0}.Debug|x86.Build.0 = Debug|Any CPU
		{215725EE-7C55-49B6-97C1-88CDC163A8B0}.Release|Any CPU.ActiveCfg = Release|Any CPU
		{215725EE-7C55-49B6-97C1-88CDC163A8B0}.Release|Any CPU.Build.0 = Release|Any CPU
		{215725EE-7C55-49B6-97C1-88CDC163A8B0}.Release|x64.ActiveCfg = Release|Any CPU
		{215725EE-7C55-49B6-97C1-88CDC163A8B0}.Release|x64.Build.0 = Release|Any CPU
		{215725EE-7C55-49B6-97C1-88CDC163A8B0}.Release|x86.ActiveCfg = Release|Any CPU
		{215725EE-7C55-49B6-97C1-88CDC163A8B0}.Release|x86.Build.0 = Release|Any CPU
		{8611136B-B88E-498C-9F5B-5CF22EE48D32}.Debug|Any CPU.ActiveCfg = Debug|Any CPU
		{8611136B-B88E-498C-9F5B-5CF22EE48D32}.Debug|Any CPU.Build.0 = Debug|Any CPU
		{8611136B-B88E-498C-9F5B-5CF22EE48D32}.Debug|x64.ActiveCfg = Debug|Any CPU
		{8611136B-B88E-498C-9F5B-5CF22EE48D32}.Debug|x64.Build.0 = Debug|Any CPU
		{8611136B-B88E-498C-9F5B-5CF22EE48D32}.Debug|x86.ActiveCfg = Debug|Any CPU
		{8611136B-B88E-498C-9F5B-5CF22EE48D32}.Debug|x86.Build.0 = Debug|Any CPU
		{8611136B-B88E-498C-9F5B-5CF22EE48D32}.Release|Any CPU.ActiveCfg = Release|Any CPU
		{8611136B-B88E-498C-9F5B-5CF22EE48D32}.Release|Any CPU.Build.0 = Release|Any CPU
		{8611136B-B88E-498C-9F5B-5CF22EE48D32}.Release|x64.ActiveCfg = Release|Any CPU
		{8611136B-B88E-498C-9F5B-5CF22EE48D32}.Release|x64.Build.0 = Release|Any CPU
		{8611136B-B88E-498C-9F5B-5CF22EE48D32}.Release|x86.ActiveCfg = Release|Any CPU
		{8611136B-B88E-498C-9F5B-5CF22EE48D32}.Release|x86.Build.0 = Release|Any CPU
		{4B3B467B-2E99-4836-B589-A69D272417F0}.Debug|Any CPU.ActiveCfg = Debug|Any CPU
		{4B3B467B-2E99-4836-B589-A69D272417F0}.Debug|Any CPU.Build.0 = Debug|Any CPU
		{4B3B467B-2E99-4836-B589-A69D272417F0}.Debug|x64.ActiveCfg = Debug|Any CPU
		{4B3B467B-2E99-4836-B589-A69D272417F0}.Debug|x64.Build.0 = Debug|Any CPU
		{4B3B467B-2E99-4836-B589-A69D272417F0}.Debug|x86.ActiveCfg = Debug|Any CPU
		{4B3B467B-2E99-4836-B589-A69D272417F0}.Debug|x86.Build.0 = Debug|Any CPU
		{4B3B467B-2E99-4836-B589-A69D272417F0}.Release|Any CPU.ActiveCfg = Release|Any CPU
		{4B3B467B-2E99-4836-B589-A69D272417F0}.Release|Any CPU.Build.0 = Release|Any CPU
		{4B3B467B-2E99-4836-B589-A69D272417F0}.Release|x64.ActiveCfg = Release|Any CPU
		{4B3B467B-2E99-4836-B589-A69D272417F0}.Release|x64.Build.0 = Release|Any CPU
		{4B3B467B-2E99-4836-B589-A69D272417F0}.Release|x86.ActiveCfg = Release|Any CPU
		{4B3B467B-2E99-4836-B589-A69D272417F0}.Release|x86.Build.0 = Release|Any CPU
		{F1CAE7BE-2B7F-461B-94DC-2D216345EBB9}.Debug|Any CPU.ActiveCfg = Debug|Any CPU
		{F1CAE7BE-2B7F-461B-94DC-2D216345EBB9}.Debug|Any CPU.Build.0 = Debug|Any CPU
		{F1CAE7BE-2B7F-461B-94DC-2D216345EBB9}.Debug|x64.ActiveCfg = Debug|Any CPU
		{F1CAE7BE-2B7F-461B-94DC-2D216345EBB9}.Debug|x64.Build.0 = Debug|Any CPU
		{F1CAE7BE-2B7F-461B-94DC-2D216345EBB9}.Debug|x86.ActiveCfg = Debug|Any CPU
		{F1CAE7BE-2B7F-461B-94DC-2D216345EBB9}.Debug|x86.Build.0 = Debug|Any CPU
		{F1CAE7BE-2B7F-461B-94DC-2D216345EBB9}.Release|Any CPU.ActiveCfg = Release|Any CPU
		{F1CAE7BE-2B7F-461B-94DC-2D216345EBB9}.Release|Any CPU.Build.0 = Release|Any CPU
		{F1CAE7BE-2B7F-461B-94DC-2D216345EBB9}.Release|x64.ActiveCfg = Release|Any CPU
		{F1CAE7BE-2B7F-461B-94DC-2D216345EBB9}.Release|x64.Build.0 = Release|Any CPU
		{F1CAE7BE-2B7F-461B-94DC-2D216345EBB9}.Release|x86.ActiveCfg = Release|Any CPU
		{F1CAE7BE-2B7F-461B-94DC-2D216345EBB9}.Release|x86.Build.0 = Release|Any CPU
		{229A9BFA-B737-40B3-87FA-BACE20587C46}.Debug|Any CPU.ActiveCfg = Debug|Any CPU
		{229A9BFA-B737-40B3-87FA-BACE20587C46}.Debug|Any CPU.Build.0 = Debug|Any CPU
		{229A9BFA-B737-40B3-87FA-BACE20587C46}.Debug|x64.ActiveCfg = Debug|Any CPU
		{229A9BFA-B737-40B3-87FA-BACE20587C46}.Debug|x64.Build.0 = Debug|Any CPU
		{229A9BFA-B737-40B3-87FA-BACE20587C46}.Debug|x86.ActiveCfg = Debug|Any CPU
		{229A9BFA-B737-40B3-87FA-BACE20587C46}.Debug|x86.Build.0 = Debug|Any CPU
		{229A9BFA-B737-40B3-87FA-BACE20587C46}.Release|Any CPU.ActiveCfg = Release|Any CPU
		{229A9BFA-B737-40B3-87FA-BACE20587C46}.Release|Any CPU.Build.0 = Release|Any CPU
		{229A9BFA-B737-40B3-87FA-BACE20587C46}.Release|x64.ActiveCfg = Release|Any CPU
		{229A9BFA-B737-40B3-87FA-BACE20587C46}.Release|x64.Build.0 = Release|Any CPU
		{229A9BFA-B737-40B3-87FA-BACE20587C46}.Release|x86.ActiveCfg = Release|Any CPU
		{229A9BFA-B737-40B3-87FA-BACE20587C46}.Release|x86.Build.0 = Release|Any CPU
		{0E8DF225-AFF9-41E1-BE3F-CDDDCF0CE32E}.Debug|Any CPU.ActiveCfg = Debug|Any CPU
		{0E8DF225-AFF9-41E1-BE3F-CDDDCF0CE32E}.Debug|Any CPU.Build.0 = Debug|Any CPU
		{0E8DF225-AFF9-41E1-BE3F-CDDDCF0CE32E}.Debug|x64.ActiveCfg = Debug|Any CPU
		{0E8DF225-AFF9-41E1-BE3F-CDDDCF0CE32E}.Debug|x64.Build.0 = Debug|Any CPU
		{0E8DF225-AFF9-41E1-BE3F-CDDDCF0CE32E}.Debug|x86.ActiveCfg = Debug|Any CPU
		{0E8DF225-AFF9-41E1-BE3F-CDDDCF0CE32E}.Debug|x86.Build.0 = Debug|Any CPU
		{0E8DF225-AFF9-41E1-BE3F-CDDDCF0CE32E}.Release|Any CPU.ActiveCfg = Release|Any CPU
		{0E8DF225-AFF9-41E1-BE3F-CDDDCF0CE32E}.Release|Any CPU.Build.0 = Release|Any CPU
		{0E8DF225-AFF9-41E1-BE3F-CDDDCF0CE32E}.Release|x64.ActiveCfg = Release|Any CPU
		{0E8DF225-AFF9-41E1-BE3F-CDDDCF0CE32E}.Release|x64.Build.0 = Release|Any CPU
		{0E8DF225-AFF9-41E1-BE3F-CDDDCF0CE32E}.Release|x86.ActiveCfg = Release|Any CPU
		{0E8DF225-AFF9-41E1-BE3F-CDDDCF0CE32E}.Release|x86.Build.0 = Release|Any CPU
		{433026E0-3C04-490D-85C6-BCBFF4ABA75A}.Debug|Any CPU.ActiveCfg = Debug|Any CPU
		{433026E0-3C04-490D-85C6-BCBFF4ABA75A}.Debug|Any CPU.Build.0 = Debug|Any CPU
		{433026E0-3C04-490D-85C6-BCBFF4ABA75A}.Debug|x64.ActiveCfg = Debug|Any CPU
		{433026E0-3C04-490D-85C6-BCBFF4ABA75A}.Debug|x64.Build.0 = Debug|Any CPU
		{433026E0-3C04-490D-85C6-BCBFF4ABA75A}.Debug|x86.ActiveCfg = Debug|Any CPU
		{433026E0-3C04-490D-85C6-BCBFF4ABA75A}.Debug|x86.Build.0 = Debug|Any CPU
		{433026E0-3C04-490D-85C6-BCBFF4ABA75A}.Release|Any CPU.ActiveCfg = Release|Any CPU
		{433026E0-3C04-490D-85C6-BCBFF4ABA75A}.Release|Any CPU.Build.0 = Release|Any CPU
		{433026E0-3C04-490D-85C6-BCBFF4ABA75A}.Release|x64.ActiveCfg = Release|Any CPU
		{433026E0-3C04-490D-85C6-BCBFF4ABA75A}.Release|x64.Build.0 = Release|Any CPU
		{433026E0-3C04-490D-85C6-BCBFF4ABA75A}.Release|x86.ActiveCfg = Release|Any CPU
		{433026E0-3C04-490D-85C6-BCBFF4ABA75A}.Release|x86.Build.0 = Release|Any CPU
		{E3615811-FD58-43C0-98F6-925C19595880}.Debug|Any CPU.ActiveCfg = Debug|Any CPU
		{E3615811-FD58-43C0-98F6-925C19595880}.Debug|Any CPU.Build.0 = Debug|Any CPU
		{E3615811-FD58-43C0-98F6-925C19595880}.Debug|x64.ActiveCfg = Debug|Any CPU
		{E3615811-FD58-43C0-98F6-925C19595880}.Debug|x64.Build.0 = Debug|Any CPU
		{E3615811-FD58-43C0-98F6-925C19595880}.Debug|x86.ActiveCfg = Debug|Any CPU
		{E3615811-FD58-43C0-98F6-925C19595880}.Debug|x86.Build.0 = Debug|Any CPU
		{E3615811-FD58-43C0-98F6-925C19595880}.Release|Any CPU.ActiveCfg = Release|Any CPU
		{E3615811-FD58-43C0-98F6-925C19595880}.Release|Any CPU.Build.0 = Release|Any CPU
		{E3615811-FD58-43C0-98F6-925C19595880}.Release|x64.ActiveCfg = Release|Any CPU
		{E3615811-FD58-43C0-98F6-925C19595880}.Release|x64.Build.0 = Release|Any CPU
		{E3615811-FD58-43C0-98F6-925C19595880}.Release|x86.ActiveCfg = Release|Any CPU
		{E3615811-FD58-43C0-98F6-925C19595880}.Release|x86.Build.0 = Release|Any CPU
		{C1AA221E-83B2-42DB-9BD3-D221DF7D85DB}.Debug|Any CPU.ActiveCfg = Debug|Any CPU
		{C1AA221E-83B2-42DB-9BD3-D221DF7D85DB}.Debug|Any CPU.Build.0 = Debug|Any CPU
		{C1AA221E-83B2-42DB-9BD3-D221DF7D85DB}.Debug|x64.ActiveCfg = Debug|Any CPU
		{C1AA221E-83B2-42DB-9BD3-D221DF7D85DB}.Debug|x64.Build.0 = Debug|Any CPU
		{C1AA221E-83B2-42DB-9BD3-D221DF7D85DB}.Debug|x86.ActiveCfg = Debug|Any CPU
		{C1AA221E-83B2-42DB-9BD3-D221DF7D85DB}.Debug|x86.Build.0 = Debug|Any CPU
		{C1AA221E-83B2-42DB-9BD3-D221DF7D85DB}.Release|Any CPU.ActiveCfg = Release|Any CPU
		{C1AA221E-83B2-42DB-9BD3-D221DF7D85DB}.Release|Any CPU.Build.0 = Release|Any CPU
		{C1AA221E-83B2-42DB-9BD3-D221DF7D85DB}.Release|x64.ActiveCfg = Release|Any CPU
		{C1AA221E-83B2-42DB-9BD3-D221DF7D85DB}.Release|x64.Build.0 = Release|Any CPU
		{C1AA221E-83B2-42DB-9BD3-D221DF7D85DB}.Release|x86.ActiveCfg = Release|Any CPU
		{C1AA221E-83B2-42DB-9BD3-D221DF7D85DB}.Release|x86.Build.0 = Release|Any CPU
		{CBDF8BE3-7BBE-4931-96D7-74F192FA8B43}.Debug|Any CPU.ActiveCfg = Debug|Any CPU
		{CBDF8BE3-7BBE-4931-96D7-74F192FA8B43}.Debug|Any CPU.Build.0 = Debug|Any CPU
		{CBDF8BE3-7BBE-4931-96D7-74F192FA8B43}.Debug|x64.ActiveCfg = Debug|Any CPU
		{CBDF8BE3-7BBE-4931-96D7-74F192FA8B43}.Debug|x64.Build.0 = Debug|Any CPU
		{CBDF8BE3-7BBE-4931-96D7-74F192FA8B43}.Debug|x86.ActiveCfg = Debug|Any CPU
		{CBDF8BE3-7BBE-4931-96D7-74F192FA8B43}.Debug|x86.Build.0 = Debug|Any CPU
		{CBDF8BE3-7BBE-4931-96D7-74F192FA8B43}.Release|Any CPU.ActiveCfg = Release|Any CPU
		{CBDF8BE3-7BBE-4931-96D7-74F192FA8B43}.Release|Any CPU.Build.0 = Release|Any CPU
		{CBDF8BE3-7BBE-4931-96D7-74F192FA8B43}.Release|x64.ActiveCfg = Release|Any CPU
		{CBDF8BE3-7BBE-4931-96D7-74F192FA8B43}.Release|x64.Build.0 = Release|Any CPU
		{CBDF8BE3-7BBE-4931-96D7-74F192FA8B43}.Release|x86.ActiveCfg = Release|Any CPU
		{CBDF8BE3-7BBE-4931-96D7-74F192FA8B43}.Release|x86.Build.0 = Release|Any CPU
		{FDCD4C59-2D82-43EF-B148-064AAEBA02D9}.Debug|Any CPU.ActiveCfg = Debug|Any CPU
		{FDCD4C59-2D82-43EF-B148-064AAEBA02D9}.Debug|Any CPU.Build.0 = Debug|Any CPU
		{FDCD4C59-2D82-43EF-B148-064AAEBA02D9}.Debug|x64.ActiveCfg = Debug|Any CPU
		{FDCD4C59-2D82-43EF-B148-064AAEBA02D9}.Debug|x64.Build.0 = Debug|Any CPU
		{FDCD4C59-2D82-43EF-B148-064AAEBA02D9}.Debug|x86.ActiveCfg = Debug|Any CPU
		{FDCD4C59-2D82-43EF-B148-064AAEBA02D9}.Debug|x86.Build.0 = Debug|Any CPU
		{FDCD4C59-2D82-43EF-B148-064AAEBA02D9}.Release|Any CPU.ActiveCfg = Release|Any CPU
		{FDCD4C59-2D82-43EF-B148-064AAEBA02D9}.Release|Any CPU.Build.0 = Release|Any CPU
		{FDCD4C59-2D82-43EF-B148-064AAEBA02D9}.Release|x64.ActiveCfg = Release|Any CPU
		{FDCD4C59-2D82-43EF-B148-064AAEBA02D9}.Release|x64.Build.0 = Release|Any CPU
		{FDCD4C59-2D82-43EF-B148-064AAEBA02D9}.Release|x86.ActiveCfg = Release|Any CPU
		{FDCD4C59-2D82-43EF-B148-064AAEBA02D9}.Release|x86.Build.0 = Release|Any CPU
		{8F54D7C3-67CF-4058-BFB5-8FBCF327B355}.Debug|Any CPU.ActiveCfg = Debug|Any CPU
		{8F54D7C3-67CF-4058-BFB5-8FBCF327B355}.Debug|Any CPU.Build.0 = Debug|Any CPU
		{8F54D7C3-67CF-4058-BFB5-8FBCF327B355}.Debug|x64.ActiveCfg = Debug|Any CPU
		{8F54D7C3-67CF-4058-BFB5-8FBCF327B355}.Debug|x64.Build.0 = Debug|Any CPU
		{8F54D7C3-67CF-4058-BFB5-8FBCF327B355}.Debug|x86.ActiveCfg = Debug|Any CPU
		{8F54D7C3-67CF-4058-BFB5-8FBCF327B355}.Debug|x86.Build.0 = Debug|Any CPU
		{8F54D7C3-67CF-4058-BFB5-8FBCF327B355}.Release|Any CPU.ActiveCfg = Release|Any CPU
		{8F54D7C3-67CF-4058-BFB5-8FBCF327B355}.Release|Any CPU.Build.0 = Release|Any CPU
		{8F54D7C3-67CF-4058-BFB5-8FBCF327B355}.Release|x64.ActiveCfg = Release|Any CPU
		{8F54D7C3-67CF-4058-BFB5-8FBCF327B355}.Release|x64.Build.0 = Release|Any CPU
		{8F54D7C3-67CF-4058-BFB5-8FBCF327B355}.Release|x86.ActiveCfg = Release|Any CPU
		{8F54D7C3-67CF-4058-BFB5-8FBCF327B355}.Release|x86.Build.0 = Release|Any CPU
		{8E4A3651-9264-4FD6-AA1C-E48AEF26EFCA}.Debug|Any CPU.ActiveCfg = Debug|Any CPU
		{8E4A3651-9264-4FD6-AA1C-E48AEF26EFCA}.Debug|Any CPU.Build.0 = Debug|Any CPU
		{8E4A3651-9264-4FD6-AA1C-E48AEF26EFCA}.Debug|x64.ActiveCfg = Debug|Any CPU
		{8E4A3651-9264-4FD6-AA1C-E48AEF26EFCA}.Debug|x64.Build.0 = Debug|Any CPU
		{8E4A3651-9264-4FD6-AA1C-E48AEF26EFCA}.Debug|x86.ActiveCfg = Debug|Any CPU
		{8E4A3651-9264-4FD6-AA1C-E48AEF26EFCA}.Debug|x86.Build.0 = Debug|Any CPU
		{8E4A3651-9264-4FD6-AA1C-E48AEF26EFCA}.Release|Any CPU.ActiveCfg = Release|Any CPU
		{8E4A3651-9264-4FD6-AA1C-E48AEF26EFCA}.Release|Any CPU.Build.0 = Release|Any CPU
		{8E4A3651-9264-4FD6-AA1C-E48AEF26EFCA}.Release|x64.ActiveCfg = Release|Any CPU
		{8E4A3651-9264-4FD6-AA1C-E48AEF26EFCA}.Release|x64.Build.0 = Release|Any CPU
		{8E4A3651-9264-4FD6-AA1C-E48AEF26EFCA}.Release|x86.ActiveCfg = Release|Any CPU
		{8E4A3651-9264-4FD6-AA1C-E48AEF26EFCA}.Release|x86.Build.0 = Release|Any CPU
		{20D41E69-C260-461F-A0B9-89920F133F60}.Debug|Any CPU.ActiveCfg = Debug|Any CPU
		{20D41E69-C260-461F-A0B9-89920F133F60}.Debug|Any CPU.Build.0 = Debug|Any CPU
		{20D41E69-C260-461F-A0B9-89920F133F60}.Debug|x64.ActiveCfg = Debug|Any CPU
		{20D41E69-C260-461F-A0B9-89920F133F60}.Debug|x64.Build.0 = Debug|Any CPU
		{20D41E69-C260-461F-A0B9-89920F133F60}.Debug|x86.ActiveCfg = Debug|Any CPU
		{20D41E69-C260-461F-A0B9-89920F133F60}.Debug|x86.Build.0 = Debug|Any CPU
		{20D41E69-C260-461F-A0B9-89920F133F60}.Release|Any CPU.ActiveCfg = Release|Any CPU
		{20D41E69-C260-461F-A0B9-89920F133F60}.Release|Any CPU.Build.0 = Release|Any CPU
		{20D41E69-C260-461F-A0B9-89920F133F60}.Release|x64.ActiveCfg = Release|Any CPU
		{20D41E69-C260-461F-A0B9-89920F133F60}.Release|x64.Build.0 = Release|Any CPU
		{20D41E69-C260-461F-A0B9-89920F133F60}.Release|x86.ActiveCfg = Release|Any CPU
		{20D41E69-C260-461F-A0B9-89920F133F60}.Release|x86.Build.0 = Release|Any CPU
		{EF1027DF-951A-4544-8780-5D190EE3725E}.Debug|Any CPU.ActiveCfg = Debug|Any CPU
		{EF1027DF-951A-4544-8780-5D190EE3725E}.Debug|Any CPU.Build.0 = Debug|Any CPU
		{EF1027DF-951A-4544-8780-5D190EE3725E}.Debug|x64.ActiveCfg = Debug|Any CPU
		{EF1027DF-951A-4544-8780-5D190EE3725E}.Debug|x64.Build.0 = Debug|Any CPU
		{EF1027DF-951A-4544-8780-5D190EE3725E}.Debug|x86.ActiveCfg = Debug|Any CPU
		{EF1027DF-951A-4544-8780-5D190EE3725E}.Debug|x86.Build.0 = Debug|Any CPU
		{EF1027DF-951A-4544-8780-5D190EE3725E}.Release|Any CPU.ActiveCfg = Release|Any CPU
		{EF1027DF-951A-4544-8780-5D190EE3725E}.Release|Any CPU.Build.0 = Release|Any CPU
		{EF1027DF-951A-4544-8780-5D190EE3725E}.Release|x64.ActiveCfg = Release|Any CPU
		{EF1027DF-951A-4544-8780-5D190EE3725E}.Release|x64.Build.0 = Release|Any CPU
		{EF1027DF-951A-4544-8780-5D190EE3725E}.Release|x86.ActiveCfg = Release|Any CPU
		{EF1027DF-951A-4544-8780-5D190EE3725E}.Release|x86.Build.0 = Release|Any CPU
		{8CAAAFFC-3BE8-468B-830D-24610F4F75A2}.Debug|Any CPU.ActiveCfg = Debug|Any CPU
		{8CAAAFFC-3BE8-468B-830D-24610F4F75A2}.Debug|Any CPU.Build.0 = Debug|Any CPU
		{8CAAAFFC-3BE8-468B-830D-24610F4F75A2}.Debug|x64.ActiveCfg = Debug|Any CPU
		{8CAAAFFC-3BE8-468B-830D-24610F4F75A2}.Debug|x64.Build.0 = Debug|Any CPU
		{8CAAAFFC-3BE8-468B-830D-24610F4F75A2}.Debug|x86.ActiveCfg = Debug|Any CPU
		{8CAAAFFC-3BE8-468B-830D-24610F4F75A2}.Debug|x86.Build.0 = Debug|Any CPU
		{8CAAAFFC-3BE8-468B-830D-24610F4F75A2}.Release|Any CPU.ActiveCfg = Release|Any CPU
		{8CAAAFFC-3BE8-468B-830D-24610F4F75A2}.Release|Any CPU.Build.0 = Release|Any CPU
		{8CAAAFFC-3BE8-468B-830D-24610F4F75A2}.Release|x64.ActiveCfg = Release|Any CPU
		{8CAAAFFC-3BE8-468B-830D-24610F4F75A2}.Release|x64.Build.0 = Release|Any CPU
		{8CAAAFFC-3BE8-468B-830D-24610F4F75A2}.Release|x86.ActiveCfg = Release|Any CPU
		{8CAAAFFC-3BE8-468B-830D-24610F4F75A2}.Release|x86.Build.0 = Release|Any CPU
		{0AF795B6-F1AE-4251-8950-572E50FCB011}.Debug|Any CPU.ActiveCfg = Debug|Any CPU
		{0AF795B6-F1AE-4251-8950-572E50FCB011}.Debug|Any CPU.Build.0 = Debug|Any CPU
		{0AF795B6-F1AE-4251-8950-572E50FCB011}.Debug|x64.ActiveCfg = Debug|Any CPU
		{0AF795B6-F1AE-4251-8950-572E50FCB011}.Debug|x64.Build.0 = Debug|Any CPU
		{0AF795B6-F1AE-4251-8950-572E50FCB011}.Debug|x86.ActiveCfg = Debug|Any CPU
		{0AF795B6-F1AE-4251-8950-572E50FCB011}.Debug|x86.Build.0 = Debug|Any CPU
		{0AF795B6-F1AE-4251-8950-572E50FCB011}.Release|Any CPU.ActiveCfg = Release|Any CPU
		{0AF795B6-F1AE-4251-8950-572E50FCB011}.Release|Any CPU.Build.0 = Release|Any CPU
		{0AF795B6-F1AE-4251-8950-572E50FCB011}.Release|x64.ActiveCfg = Release|Any CPU
		{0AF795B6-F1AE-4251-8950-572E50FCB011}.Release|x64.Build.0 = Release|Any CPU
		{0AF795B6-F1AE-4251-8950-572E50FCB011}.Release|x86.ActiveCfg = Release|Any CPU
		{0AF795B6-F1AE-4251-8950-572E50FCB011}.Release|x86.Build.0 = Release|Any CPU
		{367CFE38-7000-4F5C-8482-0DCBC0A6CA20}.Debug|Any CPU.ActiveCfg = Debug|Any CPU
		{367CFE38-7000-4F5C-8482-0DCBC0A6CA20}.Debug|Any CPU.Build.0 = Debug|Any CPU
		{367CFE38-7000-4F5C-8482-0DCBC0A6CA20}.Debug|x64.ActiveCfg = Debug|Any CPU
		{367CFE38-7000-4F5C-8482-0DCBC0A6CA20}.Debug|x64.Build.0 = Debug|Any CPU
		{367CFE38-7000-4F5C-8482-0DCBC0A6CA20}.Debug|x86.ActiveCfg = Debug|Any CPU
		{367CFE38-7000-4F5C-8482-0DCBC0A6CA20}.Debug|x86.Build.0 = Debug|Any CPU
		{367CFE38-7000-4F5C-8482-0DCBC0A6CA20}.Release|Any CPU.ActiveCfg = Release|Any CPU
		{367CFE38-7000-4F5C-8482-0DCBC0A6CA20}.Release|Any CPU.Build.0 = Release|Any CPU
		{367CFE38-7000-4F5C-8482-0DCBC0A6CA20}.Release|x64.ActiveCfg = Release|Any CPU
		{367CFE38-7000-4F5C-8482-0DCBC0A6CA20}.Release|x64.Build.0 = Release|Any CPU
		{367CFE38-7000-4F5C-8482-0DCBC0A6CA20}.Release|x86.ActiveCfg = Release|Any CPU
		{367CFE38-7000-4F5C-8482-0DCBC0A6CA20}.Release|x86.Build.0 = Release|Any CPU
		{16F2B869-D4E3-49FC-B77A-672E2BDDDB18}.Debug|Any CPU.ActiveCfg = Debug|Any CPU
		{16F2B869-D4E3-49FC-B77A-672E2BDDDB18}.Debug|Any CPU.Build.0 = Debug|Any CPU
		{16F2B869-D4E3-49FC-B77A-672E2BDDDB18}.Debug|x64.ActiveCfg = Debug|Any CPU
		{16F2B869-D4E3-49FC-B77A-672E2BDDDB18}.Debug|x64.Build.0 = Debug|Any CPU
		{16F2B869-D4E3-49FC-B77A-672E2BDDDB18}.Debug|x86.ActiveCfg = Debug|Any CPU
		{16F2B869-D4E3-49FC-B77A-672E2BDDDB18}.Debug|x86.Build.0 = Debug|Any CPU
		{16F2B869-D4E3-49FC-B77A-672E2BDDDB18}.Release|Any CPU.ActiveCfg = Release|Any CPU
		{16F2B869-D4E3-49FC-B77A-672E2BDDDB18}.Release|Any CPU.Build.0 = Release|Any CPU
		{16F2B869-D4E3-49FC-B77A-672E2BDDDB18}.Release|x64.ActiveCfg = Release|Any CPU
		{16F2B869-D4E3-49FC-B77A-672E2BDDDB18}.Release|x64.Build.0 = Release|Any CPU
		{16F2B869-D4E3-49FC-B77A-672E2BDDDB18}.Release|x86.ActiveCfg = Release|Any CPU
		{16F2B869-D4E3-49FC-B77A-672E2BDDDB18}.Release|x86.Build.0 = Release|Any CPU
		{242B9A94-B95E-43BC-A5A1-B2EEF8EF1F7F}.Debug|Any CPU.ActiveCfg = Debug|Any CPU
		{242B9A94-B95E-43BC-A5A1-B2EEF8EF1F7F}.Debug|Any CPU.Build.0 = Debug|Any CPU
		{242B9A94-B95E-43BC-A5A1-B2EEF8EF1F7F}.Debug|x64.ActiveCfg = Debug|Any CPU
		{242B9A94-B95E-43BC-A5A1-B2EEF8EF1F7F}.Debug|x64.Build.0 = Debug|Any CPU
		{242B9A94-B95E-43BC-A5A1-B2EEF8EF1F7F}.Debug|x86.ActiveCfg = Debug|Any CPU
		{242B9A94-B95E-43BC-A5A1-B2EEF8EF1F7F}.Debug|x86.Build.0 = Debug|Any CPU
		{242B9A94-B95E-43BC-A5A1-B2EEF8EF1F7F}.Release|Any CPU.ActiveCfg = Release|Any CPU
		{242B9A94-B95E-43BC-A5A1-B2EEF8EF1F7F}.Release|Any CPU.Build.0 = Release|Any CPU
		{242B9A94-B95E-43BC-A5A1-B2EEF8EF1F7F}.Release|x64.ActiveCfg = Release|Any CPU
		{242B9A94-B95E-43BC-A5A1-B2EEF8EF1F7F}.Release|x64.Build.0 = Release|Any CPU
		{242B9A94-B95E-43BC-A5A1-B2EEF8EF1F7F}.Release|x86.ActiveCfg = Release|Any CPU
		{242B9A94-B95E-43BC-A5A1-B2EEF8EF1F7F}.Release|x86.Build.0 = Release|Any CPU
		{EE1EC7F8-2D85-49A4-9477-EED30D2B4FB8}.Debug|Any CPU.ActiveCfg = Debug|Any CPU
		{EE1EC7F8-2D85-49A4-9477-EED30D2B4FB8}.Debug|Any CPU.Build.0 = Debug|Any CPU
		{EE1EC7F8-2D85-49A4-9477-EED30D2B4FB8}.Debug|x64.ActiveCfg = Debug|Any CPU
		{EE1EC7F8-2D85-49A4-9477-EED30D2B4FB8}.Debug|x64.Build.0 = Debug|Any CPU
		{EE1EC7F8-2D85-49A4-9477-EED30D2B4FB8}.Debug|x86.ActiveCfg = Debug|Any CPU
		{EE1EC7F8-2D85-49A4-9477-EED30D2B4FB8}.Debug|x86.Build.0 = Debug|Any CPU
		{EE1EC7F8-2D85-49A4-9477-EED30D2B4FB8}.Release|Any CPU.ActiveCfg = Release|Any CPU
		{EE1EC7F8-2D85-49A4-9477-EED30D2B4FB8}.Release|Any CPU.Build.0 = Release|Any CPU
		{EE1EC7F8-2D85-49A4-9477-EED30D2B4FB8}.Release|x64.ActiveCfg = Release|Any CPU
		{EE1EC7F8-2D85-49A4-9477-EED30D2B4FB8}.Release|x64.Build.0 = Release|Any CPU
		{EE1EC7F8-2D85-49A4-9477-EED30D2B4FB8}.Release|x86.ActiveCfg = Release|Any CPU
		{EE1EC7F8-2D85-49A4-9477-EED30D2B4FB8}.Release|x86.Build.0 = Release|Any CPU
		{DF30EA7F-00EB-4E3B-A93B-A75A89C83492}.Debug|Any CPU.ActiveCfg = Debug|Any CPU
		{DF30EA7F-00EB-4E3B-A93B-A75A89C83492}.Debug|Any CPU.Build.0 = Debug|Any CPU
		{DF30EA7F-00EB-4E3B-A93B-A75A89C83492}.Debug|x64.ActiveCfg = Debug|Any CPU
		{DF30EA7F-00EB-4E3B-A93B-A75A89C83492}.Debug|x64.Build.0 = Debug|Any CPU
		{DF30EA7F-00EB-4E3B-A93B-A75A89C83492}.Debug|x86.ActiveCfg = Debug|Any CPU
		{DF30EA7F-00EB-4E3B-A93B-A75A89C83492}.Debug|x86.Build.0 = Debug|Any CPU
		{DF30EA7F-00EB-4E3B-A93B-A75A89C83492}.Release|Any CPU.ActiveCfg = Release|Any CPU
		{DF30EA7F-00EB-4E3B-A93B-A75A89C83492}.Release|Any CPU.Build.0 = Release|Any CPU
		{DF30EA7F-00EB-4E3B-A93B-A75A89C83492}.Release|x64.ActiveCfg = Release|Any CPU
		{DF30EA7F-00EB-4E3B-A93B-A75A89C83492}.Release|x64.Build.0 = Release|Any CPU
		{DF30EA7F-00EB-4E3B-A93B-A75A89C83492}.Release|x86.ActiveCfg = Release|Any CPU
		{DF30EA7F-00EB-4E3B-A93B-A75A89C83492}.Release|x86.Build.0 = Release|Any CPU
	EndGlobalSection
	GlobalSection(SolutionProperties) = preSolution
		HideSolutionNode = FALSE
	EndGlobalSection
	GlobalSection(NestedProjects) = preSolution
		{8611136B-B88E-498C-9F5B-5CF22EE48D32} = {149A8BC2-91D1-4249-9E1D-7B0054347832}
		{F1CAE7BE-2B7F-461B-94DC-2D216345EBB9} = {149A8BC2-91D1-4249-9E1D-7B0054347832}
		{229A9BFA-B737-40B3-87FA-BACE20587C46} = {DB6A1F1D-5617-4750-A609-506067B01336}
		{0E8DF225-AFF9-41E1-BE3F-CDDDCF0CE32E} = {DB6A1F1D-5617-4750-A609-506067B01336}
		{433026E0-3C04-490D-85C6-BCBFF4ABA75A} = {DB6A1F1D-5617-4750-A609-506067B01336}
		{E3615811-FD58-43C0-98F6-925C19595880} = {DB6A1F1D-5617-4750-A609-506067B01336}
		{C1AA221E-83B2-42DB-9BD3-D221DF7D85DB} = {DB6A1F1D-5617-4750-A609-506067B01336}
		{CBDF8BE3-7BBE-4931-96D7-74F192FA8B43} = {DB6A1F1D-5617-4750-A609-506067B01336}
		{FDCD4C59-2D82-43EF-B148-064AAEBA02D9} = {DB6A1F1D-5617-4750-A609-506067B01336}
		{8F54D7C3-67CF-4058-BFB5-8FBCF327B355} = {DB6A1F1D-5617-4750-A609-506067B01336}
		{8E4A3651-9264-4FD6-AA1C-E48AEF26EFCA} = {DB6A1F1D-5617-4750-A609-506067B01336}
		{0AF795B6-F1AE-4251-8950-572E50FCB011} = {EC61DB68-353D-4825-B221-FADABA7ADFF3}
		{367CFE38-7000-4F5C-8482-0DCBC0A6CA20} = {EC61DB68-353D-4825-B221-FADABA7ADFF3}
		{16F2B869-D4E3-49FC-B77A-672E2BDDDB18} = {EC61DB68-353D-4825-B221-FADABA7ADFF3}
		{242B9A94-B95E-43BC-A5A1-B2EEF8EF1F7F} = {EC61DB68-353D-4825-B221-FADABA7ADFF3}
		{EE1EC7F8-2D85-49A4-9477-EED30D2B4FB8} = {149A8BC2-91D1-4249-9E1D-7B0054347832}
		{DF30EA7F-00EB-4E3B-A93B-A75A89C83492} = {EC61DB68-353D-4825-B221-FADABA7ADFF3}
	EndGlobalSection
	GlobalSection(ExtensibilityGlobals) = postSolution
		SolutionGuid = {2759A62D-227A-4D68-B6B5-966B9141AA74}
	EndGlobalSection
EndGlobal
